
Microsoft Visual Studio Solution File, Format Version 12.00
# Visual Studio 15
VisualStudioVersion = 15.0.26730.3
MinimumVisualStudioVersion = 10.0.40219.1
Project("{8BC9CEB8-8B4A-11D0-8D11-00A0C91BC942}") = "dawg_map_build", "dawg_map_build\dawg_map_build.vcxproj", "{AD399BA4-3EB9-4AEA-A4C6-6513BACA0830}"
EndProject
Project("{8BC9CEB8-8B4A-11D0-8D11-00A0C91BC942}") = "dawg_map_to_text", "dawg_map_to_text\dawg_map_to_text.vcxproj", "{D285C2C2-10DA-4585-B237-8FBD791669E4}"
EndProject
Project("{8BC9CEB8-8B4A-11D0-8D11-00A0C91BC942}") = "dawg_mmap_build", "dawg_mmap_build\dawg_mmap_build.vcxproj", "{F3B3135F-490F-47BC-80AC-FF18DE855192}"
EndProject
Project("{8BC9CEB8-8B4A-11D0-8D11-00A0C91BC942}") = "dawg_mmap_to_text", "dawg_mmap_to_text\dawg_mmap_to_text.vcxproj", "{D835836E-5936-496C-9057-ABB73E6E739E}"
EndProject
Project("{8BC9CEB8-8B4A-11D0-8D11-00A0C91BC942}") = "for_each_suffix", "for_each_suffix\for_each_suffix.vcxproj", "{F9B4C016-EF42-4DE0-B6D0-D68BB16F081F}"
EndProject
Project("{8BC9CEB8-8B4A-11D0-8D11-00A0C91BC942}") = "idx2word", "idx2word\idx2word.vcxproj", "{78202887-77D3-4D7C-8510-2F233D77DC42}"
EndProject
Project("{8BC9CEB8-8B4A-11D0-8D11-00A0C91BC942}") = "log_search", "log_search\log_search.vcxproj", "{8DCC8778-1D9E-4801-B3D5-A4F844A6701E}"
EndProject
Project("{8BC9CEB8-8B4A-11D0-8D11-00A0C91BC942}") = "match_dawg", "match_dawg\match_dawg.vcxproj", "{4A6BF89A-1467-44B5-836A-5F5C55AA5959}"
EndProject
Project("{8BC9CEB8-8B4A-11D0-8D11-00A0C91BC942}") = "match_pinyin", "match_pinyin\match_pinyin.vcxproj", "{8B2B1151-B425-4FC4-93AF-98722FF190FB}"
EndProject
Project("{8BC9CEB8-8B4A-11D0-8D11-00A0C91BC942}") = "word2idx", "word2idx\word2idx.vcxproj", "{7F98259D-B238-48E1-A502-BBCFAC653EB5}"
EndProject
Project("{8BC9CEB8-8B4A-11D0-8D11-00A0C91BC942}") = "step_key", "step_key\step_key.vcxproj", "{127557AC-80B4-49E0-9CA8-2A143E00CFCD}"
EndProject
Project("{8BC9CEB8-8B4A-11D0-8D11-00A0C91BC942}") = "regex_submatch", "regex_submatch\regex_submatch.vcxproj", "{78232887-77D3-4D7C-8510-2F233D77DC42}"
EndProject
Project("{8BC9CEB8-8B4A-11D0-8D11-00A0C91BC942}") = "regex_maxmatch", "regex_maxmatch\regex_maxmatch.vcxproj", "{E443A104-1642-4333-A78E-4A763BE2A1D1}"
EndProject
Project("{8BC9CEB8-8B4A-11D0-8D11-00A0C91BC942}") = "regex_allmatch", "regex_allmatch\regex_allmatch.vcxproj", "{78202887-77D3-4D7C-8510-2F433D77DC42}"
EndProject
Project("{8BC9CEB8-8B4A-11D0-8D11-00A0C91BC942}") = "match_key", "match_key\match_key.vcxproj", "{E1D84142-EB3F-44EE-8CAE-5D4BB5EB7CD2}"
EndProject
Project("{8BC9CEB8-8B4A-11D0-8D11-00A0C91BC942}") = "terark-core", "..\terark-fsa\terark-core\terark-core.vcxproj", "{C5ECD2A9-C18E-4C04-B2F1-C5D6F236F5AE}"
EndProject
Project("{8BC9CEB8-8B4A-11D0-8D11-00A0C91BC942}") = "terark-fsa", "..\terark-fsa\terark-fsa\terark-fsa.vcxproj", "{C5ECD2A1-C18E-4C04-B2FA-C5C6F206F5AE}"
EndProject
Project("{8BC9CEB8-8B4A-11D0-8D11-00A0C91BC942}") = "ac_scan", "ac_scan\ac_scan.vcxproj", "{FD4E4E2B-AE5B-4917-BE2F-CF065BF2A48F}"
EndProject
Project("{8BC9CEB8-8B4A-11D0-8D11-00A0C91BC942}") = "aho_corasick", "aho_corasick\aho_corasick.vcxproj", "{871FC256-E095-4D53-B0F0-9836B8993E02}"
EndProject
Project("{8BC9CEB8-8B4A-11D0-8D11-00A0C91BC942}") = "simple_unzip", "simple_unzip\simple_unzip.vcxproj", "{853E76F2-D5A9-4A64-BD82-CC10D37A0CD6}"
EndProject
Project("{8BC9CEB8-8B4A-11D0-8D11-00A0C91BC942}") = "test_adfa_iter", "test_adfa_iter\test_adfa_iter.vcxproj", "{452BFB6A-F908-48BC-8F31-FBE0A7A32DB8}"
EndProject
Project("{8BC9CEB8-8B4A-11D0-8D11-00A0C91BC942}") = "test_linebuf", "test_linebuf\test_linebuf.vcxproj", "{FF96F087-9F5D-4907-B96A-9C8C7FE2A9DD}"
EndProject
Project("{8BC9CEB8-8B4A-11D0-8D11-00A0C91BC942}") = "louds_dawg_test", "louds_dawg_test\louds_dawg_test.vcxproj", "{22A06F9D-EA5C-4ADE-B9F0-A664407CBA82}"
EndProject
Project("{8BC9CEB8-8B4A-11D0-8D11-00A0C91BC942}") = "nest_louds_trie_test", "nest_louds_trie_test\nest_louds_trie_test.vcxproj", "{45405EE9-642C-413C-B9D4-D55196440CFB}"
EndProject
Project("{8BC9CEB8-8B4A-11D0-8D11-00A0C91BC942}") = "radix_sort_test", "radix_sort_test\radix_sort_test.vcxproj", "{47A266CC-29D2-48D2-A2CD-2B8EFC243E2E}"
EndProject
Project("{8BC9CEB8-8B4A-11D0-8D11-00A0C91BC942}") = "rank_select_test", "rank_select_test\rank_select_test.vcxproj", "{EB372FD8-7D0D-43DF-B1E4-FD7A5F12E7E1}"
EndProject
Project("{8BC9CEB8-8B4A-11D0-8D11-00A0C91BC942}") = "rank_select_benchmark", "rank_select_benchmark\rank_select_benchmark.vcxproj", "{EB373ED8-7D0D-43DF-B1A4-FD7A5092E7E1}"
EndProject
Project("{8BC9CEB8-8B4A-11D0-8D11-00A0C91BC942}") = "fsa_extract_by_iter", "fsa_extract_by_iter\fsa_extract_by_iter.vcxproj", "{78202387-97A5-4D7C-8510-2F231D77DC42}"
EndProject
Project("{8BC9CEB8-8B4A-11D0-8D11-00A0C91BC942}") = "sorted_uint_vec_test", "sorted_uint_vec_test\sorted_uint_vec_test.vcxproj", "{71FAE5E7-3211-4272-A6EE-59DD67E3E8D7}"
EndProject
Project("{8BC9CEB8-8B4A-11D0-8D11-00A0C91BC942}") = "test_replace_select_sort", "test_replace_select_sort\test_replace_select_sort.vcxproj", "{65BE1813-B811-498A-82A6-874EBE6AD618}"
EndProject
Project("{8BC9CEB8-8B4A-11D0-8D11-00A0C91BC942}") = "lru_page_cache_test", "lru_page_cache_test\lru_page_cache_test.vcxproj", "{78204287-77D3-4D7C-8530-2F233D77DC42}"
EndProject
Project("{8BC9CEB8-8B4A-11D0-8D11-00A0C91BC942}") = "terark-zbs", "..\terark-fsa\terark-zbs\terark-zbs.vcxproj", "{C5ECD2A1-C35E-4CE4-BEFA-C5C6F206F5AE}"
EndProject
Project("{8BC9CEB8-8B4A-11D0-8D11-00A0C91BC942}") = "sorted_uint_vec_bench", "sorted_uint_vec_bench\sorted_uint_vec_bench.vcxproj", "{78202387-71D3-4D7C-8510-2F263D79DC41}"
EndProject
Global
	GlobalSection(SolutionConfigurationPlatforms) = preSolution
		Debug|x64 = Debug|x64
		Debug|x86 = Debug|x86
		MinSizeRel|x64 = MinSizeRel|x64
		MinSizeRel|x86 = MinSizeRel|x86
		Release|x64 = Release|x64
		Release|x86 = Release|x86
		RelWithDebInfo|x64 = RelWithDebInfo|x64
		RelWithDebInfo|x86 = RelWithDebInfo|x86
	EndGlobalSection
	GlobalSection(ProjectConfigurationPlatforms) = postSolution
		{AD399BA4-3EB9-4AEA-A4C6-6513BACA0830}.Debug|x64.ActiveCfg = Debug|x64
		{AD399BA4-3EB9-4AEA-A4C6-6513BACA0830}.Debug|x64.Build.0 = Debug|x64
		{AD399BA4-3EB9-4AEA-A4C6-6513BACA0830}.Debug|x86.ActiveCfg = Debug|Win32
		{AD399BA4-3EB9-4AEA-A4C6-6513BACA0830}.Debug|x86.Build.0 = Debug|Win32
		{AD399BA4-3EB9-4AEA-A4C6-6513BACA0830}.MinSizeRel|x64.ActiveCfg = Release|x64
		{AD399BA4-3EB9-4AEA-A4C6-6513BACA0830}.MinSizeRel|x64.Build.0 = Release|x64
		{AD399BA4-3EB9-4AEA-A4C6-6513BACA0830}.MinSizeRel|x86.ActiveCfg = Release|Win32
		{AD399BA4-3EB9-4AEA-A4C6-6513BACA0830}.MinSizeRel|x86.Build.0 = Release|Win32
		{AD399BA4-3EB9-4AEA-A4C6-6513BACA0830}.Release|x64.ActiveCfg = Release|x64
		{AD399BA4-3EB9-4AEA-A4C6-6513BACA0830}.Release|x64.Build.0 = Release|x64
		{AD399BA4-3EB9-4AEA-A4C6-6513BACA0830}.Release|x86.ActiveCfg = Release|Win32
		{AD399BA4-3EB9-4AEA-A4C6-6513BACA0830}.Release|x86.Build.0 = Release|Win32
		{AD399BA4-3EB9-4AEA-A4C6-6513BACA0830}.RelWithDebInfo|x64.ActiveCfg = Release|x64
		{AD399BA4-3EB9-4AEA-A4C6-6513BACA0830}.RelWithDebInfo|x64.Build.0 = Release|x64
		{AD399BA4-3EB9-4AEA-A4C6-6513BACA0830}.RelWithDebInfo|x86.ActiveCfg = Release|Win32
		{AD399BA4-3EB9-4AEA-A4C6-6513BACA0830}.RelWithDebInfo|x86.Build.0 = Release|Win32
		{D285C2C2-10DA-4585-B237-8FBD791669E4}.Debug|x64.ActiveCfg = Debug|x64
		{D285C2C2-10DA-4585-B237-8FBD791669E4}.Debug|x64.Build.0 = Debug|x64
		{D285C2C2-10DA-4585-B237-8FBD791669E4}.Debug|x86.ActiveCfg = Debug|Win32
		{D285C2C2-10DA-4585-B237-8FBD791669E4}.Debug|x86.Build.0 = Debug|Win32
		{D285C2C2-10DA-4585-B237-8FBD791669E4}.MinSizeRel|x64.ActiveCfg = Release|x64
		{D285C2C2-10DA-4585-B237-8FBD791669E4}.MinSizeRel|x64.Build.0 = Release|x64
		{D285C2C2-10DA-4585-B237-8FBD791669E4}.MinSizeRel|x86.ActiveCfg = Release|Win32
		{D285C2C2-10DA-4585-B237-8FBD791669E4}.MinSizeRel|x86.Build.0 = Release|Win32
		{D285C2C2-10DA-4585-B237-8FBD791669E4}.Release|x64.ActiveCfg = Release|x64
		{D285C2C2-10DA-4585-B237-8FBD791669E4}.Release|x64.Build.0 = Release|x64
		{D285C2C2-10DA-4585-B237-8FBD791669E4}.Release|x86.ActiveCfg = Release|Win32
		{D285C2C2-10DA-4585-B237-8FBD791669E4}.Release|x86.Build.0 = Release|Win32
		{D285C2C2-10DA-4585-B237-8FBD791669E4}.RelWithDebInfo|x64.ActiveCfg = Release|x64
		{D285C2C2-10DA-4585-B237-8FBD791669E4}.RelWithDebInfo|x64.Build.0 = Release|x64
		{D285C2C2-10DA-4585-B237-8FBD791669E4}.RelWithDebInfo|x86.ActiveCfg = Release|Win32
		{D285C2C2-10DA-4585-B237-8FBD791669E4}.RelWithDebInfo|x86.Build.0 = Release|Win32
		{F3B3135F-490F-47BC-80AC-FF18DE855192}.Debug|x64.ActiveCfg = Debug|x64
		{F3B3135F-490F-47BC-80AC-FF18DE855192}.Debug|x64.Build.0 = Debug|x64
		{F3B3135F-490F-47BC-80AC-FF18DE855192}.Debug|x86.ActiveCfg = Debug|Win32
		{F3B3135F-490F-47BC-80AC-FF18DE855192}.Debug|x86.Build.0 = Debug|Win32
		{F3B3135F-490F-47BC-80AC-FF18DE855192}.MinSizeRel|x64.ActiveCfg = Release|x64
		{F3B3135F-490F-47BC-80AC-FF18DE855192}.MinSizeRel|x64.Build.0 = Release|x64
		{F3B3135F-490F-47BC-80AC-FF18DE855192}.MinSizeRel|x86.ActiveCfg = Release|Win32
		{F3B3135F-490F-47BC-80AC-FF18DE855192}.MinSizeRel|x86.Build.0 = Release|Win32
		{F3B3135F-490F-47BC-80AC-FF18DE855192}.Release|x64.ActiveCfg = Release|x64
		{F3B3135F-490F-47BC-80AC-FF18DE855192}.Release|x64.Build.0 = Release|x64
		{F3B3135F-490F-47BC-80AC-FF18DE855192}.Release|x86.ActiveCfg = Release|Win32
		{F3B3135F-490F-47BC-80AC-FF18DE855192}.Release|x86.Build.0 = Release|Win32
		{F3B3135F-490F-47BC-80AC-FF18DE855192}.RelWithDebInfo|x64.ActiveCfg = Release|x64
		{F3B3135F-490F-47BC-80AC-FF18DE855192}.RelWithDebInfo|x64.Build.0 = Release|x64
		{F3B3135F-490F-47BC-80AC-FF18DE855192}.RelWithDebInfo|x86.ActiveCfg = Release|Win32
		{F3B3135F-490F-47BC-80AC-FF18DE855192}.RelWithDebInfo|x86.Build.0 = Release|Win32
		{D835836E-5936-496C-9057-ABB73E6E739E}.Debug|x64.ActiveCfg = Debug|x64
		{D835836E-5936-496C-9057-ABB73E6E739E}.Debug|x64.Build.0 = Debug|x64
		{D835836E-5936-496C-9057-ABB73E6E739E}.Debug|x86.ActiveCfg = Debug|Win32
		{D835836E-5936-496C-9057-ABB73E6E739E}.Debug|x86.Build.0 = Debug|Win32
		{D835836E-5936-496C-9057-ABB73E6E739E}.MinSizeRel|x64.ActiveCfg = Release|x64
		{D835836E-5936-496C-9057-ABB73E6E739E}.MinSizeRel|x64.Build.0 = Release|x64
		{D835836E-5936-496C-9057-ABB73E6E739E}.MinSizeRel|x86.ActiveCfg = Release|Win32
		{D835836E-5936-496C-9057-ABB73E6E739E}.MinSizeRel|x86.Build.0 = Release|Win32
		{D835836E-5936-496C-9057-ABB73E6E739E}.Release|x64.ActiveCfg = Release|x64
		{D835836E-5936-496C-9057-ABB73E6E739E}.Release|x64.Build.0 = Release|x64
		{D835836E-5936-496C-9057-ABB73E6E739E}.Release|x86.ActiveCfg = Release|Win32
		{D835836E-5936-496C-9057-ABB73E6E739E}.Release|x86.Build.0 = Release|Win32
		{D835836E-5936-496C-9057-ABB73E6E739E}.RelWithDebInfo|x64.ActiveCfg = Release|x64
		{D835836E-5936-496C-9057-ABB73E6E739E}.RelWithDebInfo|x64.Build.0 = Release|x64
		{D835836E-5936-496C-9057-ABB73E6E739E}.RelWithDebInfo|x86.ActiveCfg = Release|Win32
		{D835836E-5936-496C-9057-ABB73E6E739E}.RelWithDebInfo|x86.Build.0 = Release|Win32
		{F9B4C016-EF42-4DE0-B6D0-D68BB16F081F}.Debug|x64.ActiveCfg = Debug|x64
		{F9B4C016-EF42-4DE0-B6D0-D68BB16F081F}.Debug|x64.Build.0 = Debug|x64
		{F9B4C016-EF42-4DE0-B6D0-D68BB16F081F}.Debug|x86.ActiveCfg = Debug|Win32
		{F9B4C016-EF42-4DE0-B6D0-D68BB16F081F}.Debug|x86.Build.0 = Debug|Win32
		{F9B4C016-EF42-4DE0-B6D0-D68BB16F081F}.MinSizeRel|x64.ActiveCfg = Release|x64
		{F9B4C016-EF42-4DE0-B6D0-D68BB16F081F}.MinSizeRel|x64.Build.0 = Release|x64
		{F9B4C016-EF42-4DE0-B6D0-D68BB16F081F}.MinSizeRel|x86.ActiveCfg = Release|Win32
		{F9B4C016-EF42-4DE0-B6D0-D68BB16F081F}.MinSizeRel|x86.Build.0 = Release|Win32
		{F9B4C016-EF42-4DE0-B6D0-D68BB16F081F}.Release|x64.ActiveCfg = Release|x64
		{F9B4C016-EF42-4DE0-B6D0-D68BB16F081F}.Release|x64.Build.0 = Release|x64
		{F9B4C016-EF42-4DE0-B6D0-D68BB16F081F}.Release|x86.ActiveCfg = Release|Win32
		{F9B4C016-EF42-4DE0-B6D0-D68BB16F081F}.Release|x86.Build.0 = Release|Win32
		{F9B4C016-EF42-4DE0-B6D0-D68BB16F081F}.RelWithDebInfo|x64.ActiveCfg = Release|x64
		{F9B4C016-EF42-4DE0-B6D0-D68BB16F081F}.RelWithDebInfo|x64.Build.0 = Release|x64
		{F9B4C016-EF42-4DE0-B6D0-D68BB16F081F}.RelWithDebInfo|x86.ActiveCfg = Release|Win32
		{F9B4C016-EF42-4DE0-B6D0-D68BB16F081F}.RelWithDebInfo|x86.Build.0 = Release|Win32
		{78202887-77D3-4D7C-8510-2F233D77DC42}.Debug|x64.ActiveCfg = Debug|x64
		{78202887-77D3-4D7C-8510-2F233D77DC42}.Debug|x64.Build.0 = Debug|x64
		{78202887-77D3-4D7C-8510-2F233D77DC42}.Debug|x86.ActiveCfg = Debug|Win32
		{78202887-77D3-4D7C-8510-2F233D77DC42}.Debug|x86.Build.0 = Debug|Win32
		{78202887-77D3-4D7C-8510-2F233D77DC42}.MinSizeRel|x64.ActiveCfg = Release|x64
		{78202887-77D3-4D7C-8510-2F233D77DC42}.MinSizeRel|x64.Build.0 = Release|x64
		{78202887-77D3-4D7C-8510-2F233D77DC42}.MinSizeRel|x86.ActiveCfg = Release|Win32
		{78202887-77D3-4D7C-8510-2F233D77DC42}.MinSizeRel|x86.Build.0 = Release|Win32
		{78202887-77D3-4D7C-8510-2F233D77DC42}.Release|x64.ActiveCfg = Release|x64
		{78202887-77D3-4D7C-8510-2F233D77DC42}.Release|x64.Build.0 = Release|x64
		{78202887-77D3-4D7C-8510-2F233D77DC42}.Release|x86.ActiveCfg = Release|Win32
		{78202887-77D3-4D7C-8510-2F233D77DC42}.Release|x86.Build.0 = Release|Win32
		{78202887-77D3-4D7C-8510-2F233D77DC42}.RelWithDebInfo|x64.ActiveCfg = Release|x64
		{78202887-77D3-4D7C-8510-2F233D77DC42}.RelWithDebInfo|x64.Build.0 = Release|x64
		{78202887-77D3-4D7C-8510-2F233D77DC42}.RelWithDebInfo|x86.ActiveCfg = Release|Win32
		{78202887-77D3-4D7C-8510-2F233D77DC42}.RelWithDebInfo|x86.Build.0 = Release|Win32
		{8DCC8778-1D9E-4801-B3D5-A4F844A6701E}.Debug|x64.ActiveCfg = Debug|x64
		{8DCC8778-1D9E-4801-B3D5-A4F844A6701E}.Debug|x64.Build.0 = Debug|x64
		{8DCC8778-1D9E-4801-B3D5-A4F844A6701E}.Debug|x86.ActiveCfg = Debug|Win32
		{8DCC8778-1D9E-4801-B3D5-A4F844A6701E}.Debug|x86.Build.0 = Debug|Win32
		{8DCC8778-1D9E-4801-B3D5-A4F844A6701E}.MinSizeRel|x64.ActiveCfg = Release|x64
		{8DCC8778-1D9E-4801-B3D5-A4F844A6701E}.MinSizeRel|x64.Build.0 = Release|x64
		{8DCC8778-1D9E-4801-B3D5-A4F844A6701E}.MinSizeRel|x86.ActiveCfg = Release|Win32
		{8DCC8778-1D9E-4801-B3D5-A4F844A6701E}.MinSizeRel|x86.Build.0 = Release|Win32
		{8DCC8778-1D9E-4801-B3D5-A4F844A6701E}.Release|x64.ActiveCfg = Release|x64
		{8DCC8778-1D9E-4801-B3D5-A4F844A6701E}.Release|x64.Build.0 = Release|x64
		{8DCC8778-1D9E-4801-B3D5-A4F844A6701E}.Release|x86.ActiveCfg = Release|Win32
		{8DCC8778-1D9E-4801-B3D5-A4F844A6701E}.Release|x86.Build.0 = Release|Win32
		{8DCC8778-1D9E-4801-B3D5-A4F844A6701E}.RelWithDebInfo|x64.ActiveCfg = Release|x64
		{8DCC8778-1D9E-4801-B3D5-A4F844A6701E}.RelWithDebInfo|x64.Build.0 = Release|x64
		{8DCC8778-1D9E-4801-B3D5-A4F844A6701E}.RelWithDebInfo|x86.ActiveCfg = Release|Win32
		{8DCC8778-1D9E-4801-B3D5-A4F844A6701E}.RelWithDebInfo|x86.Build.0 = Release|Win32
		{4A6BF89A-1467-44B5-836A-5F5C55AA5959}.Debug|x64.ActiveCfg = Debug|x64
		{4A6BF89A-1467-44B5-836A-5F5C55AA5959}.Debug|x64.Build.0 = Debug|x64
		{4A6BF89A-1467-44B5-836A-5F5C55AA5959}.Debug|x86.ActiveCfg = Debug|Win32
		{4A6BF89A-1467-44B5-836A-5F5C55AA5959}.Debug|x86.Build.0 = Debug|Win32
		{4A6BF89A-1467-44B5-836A-5F5C55AA5959}.MinSizeRel|x64.ActiveCfg = Release|x64
		{4A6BF89A-1467-44B5-836A-5F5C55AA5959}.MinSizeRel|x64.Build.0 = Release|x64
		{4A6BF89A-1467-44B5-836A-5F5C55AA5959}.MinSizeRel|x86.ActiveCfg = Release|Win32
		{4A6BF89A-1467-44B5-836A-5F5C55AA5959}.MinSizeRel|x86.Build.0 = Release|Win32
		{4A6BF89A-1467-44B5-836A-5F5C55AA5959}.Release|x64.ActiveCfg = Release|x64
		{4A6BF89A-1467-44B5-836A-5F5C55AA5959}.Release|x64.Build.0 = Release|x64
		{4A6BF89A-1467-44B5-836A-5F5C55AA5959}.Release|x86.ActiveCfg = Release|Win32
		{4A6BF89A-1467-44B5-836A-5F5C55AA5959}.Release|x86.Build.0 = Release|Win32
		{4A6BF89A-1467-44B5-836A-5F5C55AA5959}.RelWithDebInfo|x64.ActiveCfg = Release|x64
		{4A6BF89A-1467-44B5-836A-5F5C55AA5959}.RelWithDebInfo|x64.Build.0 = Release|x64
		{4A6BF89A-1467-44B5-836A-5F5C55AA5959}.RelWithDebInfo|x86.ActiveCfg = Release|Win32
		{4A6BF89A-1467-44B5-836A-5F5C55AA5959}.RelWithDebInfo|x86.Build.0 = Release|Win32
		{8B2B1151-B425-4FC4-93AF-98722FF190FB}.Debug|x64.ActiveCfg = Debug|x64
		{8B2B1151-B425-4FC4-93AF-98722FF190FB}.Debug|x64.Build.0 = Debug|x64
		{8B2B1151-B425-4FC4-93AF-98722FF190FB}.Debug|x86.ActiveCfg = Debug|Win32
		{8B2B1151-B425-4FC4-93AF-98722FF190FB}.Debug|x86.Build.0 = Debug|Win32
		{8B2B1151-B425-4FC4-93AF-98722FF190FB}.MinSizeRel|x64.ActiveCfg = Release|x64
		{8B2B1151-B425-4FC4-93AF-98722FF190FB}.MinSizeRel|x64.Build.0 = Release|x64
		{8B2B1151-B425-4FC4-93AF-98722FF190FB}.MinSizeRel|x86.ActiveCfg = Release|Win32
		{8B2B1151-B425-4FC4-93AF-98722FF190FB}.MinSizeRel|x86.Build.0 = Release|Win32
		{8B2B1151-B425-4FC4-93AF-98722FF190FB}.Release|x64.ActiveCfg = Release|x64
		{8B2B1151-B425-4FC4-93AF-98722FF190FB}.Release|x64.Build.0 = Release|x64
		{8B2B1151-B425-4FC4-93AF-98722FF190FB}.Release|x86.ActiveCfg = Release|Win32
		{8B2B1151-B425-4FC4-93AF-98722FF190FB}.Release|x86.Build.0 = Release|Win32
		{8B2B1151-B425-4FC4-93AF-98722FF190FB}.RelWithDebInfo|x64.ActiveCfg = Release|x64
		{8B2B1151-B425-4FC4-93AF-98722FF190FB}.RelWithDebInfo|x64.Build.0 = Release|x64
		{8B2B1151-B425-4FC4-93AF-98722FF190FB}.RelWithDebInfo|x86.ActiveCfg = Release|Win32
		{8B2B1151-B425-4FC4-93AF-98722FF190FB}.RelWithDebInfo|x86.Build.0 = Release|Win32
		{7F98259D-B238-48E1-A502-BBCFAC653EB5}.Debug|x64.ActiveCfg = Debug|x64
		{7F98259D-B238-48E1-A502-BBCFAC653EB5}.Debug|x64.Build.0 = Debug|x64
		{7F98259D-B238-48E1-A502-BBCFAC653EB5}.Debug|x86.ActiveCfg = Debug|Win32
		{7F98259D-B238-48E1-A502-BBCFAC653EB5}.Debug|x86.Build.0 = Debug|Win32
		{7F98259D-B238-48E1-A502-BBCFAC653EB5}.MinSizeRel|x64.ActiveCfg = Release|x64
		{7F98259D-B238-48E1-A502-BBCFAC653EB5}.MinSizeRel|x64.Build.0 = Release|x64
		{7F98259D-B238-48E1-A502-BBCFAC653EB5}.MinSizeRel|x86.ActiveCfg = Release|Win32
		{7F98259D-B238-48E1-A502-BBCFAC653EB5}.MinSizeRel|x86.Build.0 = Release|Win32
		{7F98259D-B238-48E1-A502-BBCFAC653EB5}.Release|x64.ActiveCfg = Release|x64
		{7F98259D-B238-48E1-A502-BBCFAC653EB5}.Release|x64.Build.0 = Release|x64
		{7F98259D-B238-48E1-A502-BBCFAC653EB5}.Release|x86.ActiveCfg = Release|Win32
		{7F98259D-B238-48E1-A502-BBCFAC653EB5}.Release|x86.Build.0 = Release|Win32
		{7F98259D-B238-48E1-A502-BBCFAC653EB5}.RelWithDebInfo|x64.ActiveCfg = Release|x64
		{7F98259D-B238-48E1-A502-BBCFAC653EB5}.RelWithDebInfo|x64.Build.0 = Release|x64
		{7F98259D-B238-48E1-A502-BBCFAC653EB5}.RelWithDebInfo|x86.ActiveCfg = Release|Win32
		{7F98259D-B238-48E1-A502-BBCFAC653EB5}.RelWithDebInfo|x86.Build.0 = Release|Win32
		{127557AC-80B4-49E0-9CA8-2A143E00CFCD}.Debug|x64.ActiveCfg = Debug|x64
		{127557AC-80B4-49E0-9CA8-2A143E00CFCD}.Debug|x64.Build.0 = Debug|x64
		{127557AC-80B4-49E0-9CA8-2A143E00CFCD}.Debug|x86.ActiveCfg = Debug|Win32
		{127557AC-80B4-49E0-9CA8-2A143E00CFCD}.Debug|x86.Build.0 = Debug|Win32
		{127557AC-80B4-49E0-9CA8-2A143E00CFCD}.MinSizeRel|x64.ActiveCfg = Release|x64
		{127557AC-80B4-49E0-9CA8-2A143E00CFCD}.MinSizeRel|x64.Build.0 = Release|x64
		{127557AC-80B4-49E0-9CA8-2A143E00CFCD}.MinSizeRel|x86.ActiveCfg = Release|Win32
		{127557AC-80B4-49E0-9CA8-2A143E00CFCD}.MinSizeRel|x86.Build.0 = Release|Win32
		{127557AC-80B4-49E0-9CA8-2A143E00CFCD}.Release|x64.ActiveCfg = Release|x64
		{127557AC-80B4-49E0-9CA8-2A143E00CFCD}.Release|x64.Build.0 = Release|x64
		{127557AC-80B4-49E0-9CA8-2A143E00CFCD}.Release|x86.ActiveCfg = Release|Win32
		{127557AC-80B4-49E0-9CA8-2A143E00CFCD}.Release|x86.Build.0 = Release|Win32
		{127557AC-80B4-49E0-9CA8-2A143E00CFCD}.RelWithDebInfo|x64.ActiveCfg = Release|x64
		{127557AC-80B4-49E0-9CA8-2A143E00CFCD}.RelWithDebInfo|x64.Build.0 = Release|x64
		{127557AC-80B4-49E0-9CA8-2A143E00CFCD}.RelWithDebInfo|x86.ActiveCfg = Release|Win32
		{127557AC-80B4-49E0-9CA8-2A143E00CFCD}.RelWithDebInfo|x86.Build.0 = Release|Win32
		{78232887-77D3-4D7C-8510-2F233D77DC42}.Debug|x64.ActiveCfg = Debug|x64
		{78232887-77D3-4D7C-8510-2F233D77DC42}.Debug|x64.Build.0 = Debug|x64
		{78232887-77D3-4D7C-8510-2F233D77DC42}.Debug|x86.ActiveCfg = Debug|Win32
		{78232887-77D3-4D7C-8510-2F233D77DC42}.Debug|x86.Build.0 = Debug|Win32
		{78232887-77D3-4D7C-8510-2F233D77DC42}.MinSizeRel|x64.ActiveCfg = Release|x64
		{78232887-77D3-4D7C-8510-2F233D77DC42}.MinSizeRel|x64.Build.0 = Release|x64
		{78232887-77D3-4D7C-8510-2F233D77DC42}.MinSizeRel|x86.ActiveCfg = Release|Win32
		{78232887-77D3-4D7C-8510-2F233D77DC42}.MinSizeRel|x86.Build.0 = Release|Win32
		{78232887-77D3-4D7C-8510-2F233D77DC42}.Release|x64.ActiveCfg = Release|x64
		{78232887-77D3-4D7C-8510-2F233D77DC42}.Release|x64.Build.0 = Release|x64
		{78232887-77D3-4D7C-8510-2F233D77DC42}.Release|x86.ActiveCfg = Release|Win32
		{78232887-77D3-4D7C-8510-2F233D77DC42}.Release|x86.Build.0 = Release|Win32
		{78232887-77D3-4D7C-8510-2F233D77DC42}.RelWithDebInfo|x64.ActiveCfg = Release|x64
		{78232887-77D3-4D7C-8510-2F233D77DC42}.RelWithDebInfo|x64.Build.0 = Release|x64
		{78232887-77D3-4D7C-8510-2F233D77DC42}.RelWithDebInfo|x86.ActiveCfg = Release|Win32
		{78232887-77D3-4D7C-8510-2F233D77DC42}.RelWithDebInfo|x86.Build.0 = Release|Win32
		{E443A104-1642-4333-A78E-4A763BE2A1D1}.Debug|x64.ActiveCfg = Debug|x64
		{E443A104-1642-4333-A78E-4A763BE2A1D1}.Debug|x64.Build.0 = Debug|x64
		{E443A104-1642-4333-A78E-4A763BE2A1D1}.Debug|x86.ActiveCfg = Debug|Win32
		{E443A104-1642-4333-A78E-4A763BE2A1D1}.Debug|x86.Build.0 = Debug|Win32
		{E443A104-1642-4333-A78E-4A763BE2A1D1}.MinSizeRel|x64.ActiveCfg = Release|x64
		{E443A104-1642-4333-A78E-4A763BE2A1D1}.MinSizeRel|x64.Build.0 = Release|x64
		{E443A104-1642-4333-A78E-4A763BE2A1D1}.MinSizeRel|x86.ActiveCfg = Release|Win32
		{E443A104-1642-4333-A78E-4A763BE2A1D1}.MinSizeRel|x86.Build.0 = Release|Win32
		{E443A104-1642-4333-A78E-4A763BE2A1D1}.Release|x64.ActiveCfg = Release|x64
		{E443A104-1642-4333-A78E-4A763BE2A1D1}.Release|x64.Build.0 = Release|x64
		{E443A104-1642-4333-A78E-4A763BE2A1D1}.Release|x86.ActiveCfg = Release|Win32
		{E443A104-1642-4333-A78E-4A763BE2A1D1}.Release|x86.Build.0 = Release|Win32
		{E443A104-1642-4333-A78E-4A763BE2A1D1}.RelWithDebInfo|x64.ActiveCfg = Release|x64
		{E443A104-1642-4333-A78E-4A763BE2A1D1}.RelWithDebInfo|x64.Build.0 = Release|x64
		{E443A104-1642-4333-A78E-4A763BE2A1D1}.RelWithDebInfo|x86.ActiveCfg = Release|Win32
		{E443A104-1642-4333-A78E-4A763BE2A1D1}.RelWithDebInfo|x86.Build.0 = Release|Win32
		{78202887-77D3-4D7C-8510-2F433D77DC42}.Debug|x64.ActiveCfg = Debug|x64
		{78202887-77D3-4D7C-8510-2F433D77DC42}.Debug|x64.Build.0 = Debug|x64
		{78202887-77D3-4D7C-8510-2F433D77DC42}.Debug|x86.ActiveCfg = Debug|Win32
		{78202887-77D3-4D7C-8510-2F433D77DC42}.Debug|x86.Build.0 = Debug|Win32
		{78202887-77D3-4D7C-8510-2F433D77DC42}.MinSizeRel|x64.ActiveCfg = Release|x64
		{78202887-77D3-4D7C-8510-2F433D77DC42}.MinSizeRel|x64.Build.0 = Release|x64
		{78202887-77D3-4D7C-8510-2F433D77DC42}.MinSizeRel|x86.ActiveCfg = Release|Win32
		{78202887-77D3-4D7C-8510-2F433D77DC42}.MinSizeRel|x86.Build.0 = Release|Win32
		{78202887-77D3-4D7C-8510-2F433D77DC42}.Release|x64.ActiveCfg = Release|x64
		{78202887-77D3-4D7C-8510-2F433D77DC42}.Release|x64.Build.0 = Release|x64
		{78202887-77D3-4D7C-8510-2F433D77DC42}.Release|x86.ActiveCfg = Release|Win32
		{78202887-77D3-4D7C-8510-2F433D77DC42}.Release|x86.Build.0 = Release|Win32
		{78202887-77D3-4D7C-8510-2F433D77DC42}.RelWithDebInfo|x64.ActiveCfg = Release|x64
		{78202887-77D3-4D7C-8510-2F433D77DC42}.RelWithDebInfo|x64.Build.0 = Release|x64
		{78202887-77D3-4D7C-8510-2F433D77DC42}.RelWithDebInfo|x86.ActiveCfg = Release|Win32
		{78202887-77D3-4D7C-8510-2F433D77DC42}.RelWithDebInfo|x86.Build.0 = Release|Win32
		{E1D84142-EB3F-44EE-8CAE-5D4BB5EB7CD2}.Debug|x64.ActiveCfg = Debug|x64
		{E1D84142-EB3F-44EE-8CAE-5D4BB5EB7CD2}.Debug|x64.Build.0 = Debug|x64
		{E1D84142-EB3F-44EE-8CAE-5D4BB5EB7CD2}.Debug|x86.ActiveCfg = Debug|Win32
		{E1D84142-EB3F-44EE-8CAE-5D4BB5EB7CD2}.Debug|x86.Build.0 = Debug|Win32
		{E1D84142-EB3F-44EE-8CAE-5D4BB5EB7CD2}.MinSizeRel|x64.ActiveCfg = Release|x64
		{E1D84142-EB3F-44EE-8CAE-5D4BB5EB7CD2}.MinSizeRel|x64.Build.0 = Release|x64
		{E1D84142-EB3F-44EE-8CAE-5D4BB5EB7CD2}.MinSizeRel|x86.ActiveCfg = Release|Win32
		{E1D84142-EB3F-44EE-8CAE-5D4BB5EB7CD2}.MinSizeRel|x86.Build.0 = Release|Win32
		{E1D84142-EB3F-44EE-8CAE-5D4BB5EB7CD2}.Release|x64.ActiveCfg = Release|x64
		{E1D84142-EB3F-44EE-8CAE-5D4BB5EB7CD2}.Release|x64.Build.0 = Release|x64
		{E1D84142-EB3F-44EE-8CAE-5D4BB5EB7CD2}.Release|x86.ActiveCfg = Release|Win32
		{E1D84142-EB3F-44EE-8CAE-5D4BB5EB7CD2}.Release|x86.Build.0 = Release|Win32
		{E1D84142-EB3F-44EE-8CAE-5D4BB5EB7CD2}.RelWithDebInfo|x64.ActiveCfg = Release|x64
		{E1D84142-EB3F-44EE-8CAE-5D4BB5EB7CD2}.RelWithDebInfo|x64.Build.0 = Release|x64
		{E1D84142-EB3F-44EE-8CAE-5D4BB5EB7CD2}.RelWithDebInfo|x86.ActiveCfg = Release|Win32
		{E1D84142-EB3F-44EE-8CAE-5D4BB5EB7CD2}.RelWithDebInfo|x86.Build.0 = Release|Win32
		{C5ECD2A9-C18E-4C04-B2F1-C5D6F236F5AE}.Debug|x64.ActiveCfg = Debug|x64
		{C5ECD2A9-C18E-4C04-B2F1-C5D6F236F5AE}.Debug|x64.Build.0 = Debug|x64
		{C5ECD2A9-C18E-4C04-B2F1-C5D6F236F5AE}.Debug|x86.ActiveCfg = Debug|Win32
		{C5ECD2A9-C18E-4C04-B2F1-C5D6F236F5AE}.Debug|x86.Build.0 = Debug|Win32
		{C5ECD2A9-C18E-4C04-B2F1-C5D6F236F5AE}.MinSizeRel|x64.ActiveCfg = Release|x64
		{C5ECD2A9-C18E-4C04-B2F1-C5D6F236F5AE}.MinSizeRel|x64.Build.0 = Release|x64
		{C5ECD2A9-C18E-4C04-B2F1-C5D6F236F5AE}.MinSizeRel|x86.ActiveCfg = Release|Win32
		{C5ECD2A9-C18E-4C04-B2F1-C5D6F236F5AE}.MinSizeRel|x86.Build.0 = Release|Win32
		{C5ECD2A9-C18E-4C04-B2F1-C5D6F236F5AE}.Release|x64.ActiveCfg = Release|x64
		{C5ECD2A9-C18E-4C04-B2F1-C5D6F236F5AE}.Release|x64.Build.0 = Release|x64
		{C5ECD2A9-C18E-4C04-B2F1-C5D6F236F5AE}.Release|x86.ActiveCfg = Release|Win32
		{C5ECD2A9-C18E-4C04-B2F1-C5D6F236F5AE}.Release|x86.Build.0 = Release|Win32
		{C5ECD2A9-C18E-4C04-B2F1-C5D6F236F5AE}.RelWithDebInfo|x64.ActiveCfg = Release|x64
		{C5ECD2A9-C18E-4C04-B2F1-C5D6F236F5AE}.RelWithDebInfo|x64.Build.0 = Release|x64
		{C5ECD2A9-C18E-4C04-B2F1-C5D6F236F5AE}.RelWithDebInfo|x86.ActiveCfg = Release|Win32
		{C5ECD2A9-C18E-4C04-B2F1-C5D6F236F5AE}.RelWithDebInfo|x86.Build.0 = Release|Win32
		{C5ECD2A1-C18E-4C04-B2FA-C5C6F206F5AE}.Debug|x64.ActiveCfg = Debug|x64
		{C5ECD2A1-C18E-4C04-B2FA-C5C6F206F5AE}.Debug|x64.Build.0 = Debug|x64
		{C5ECD2A1-C18E-4C04-B2FA-C5C6F206F5AE}.Debug|x86.ActiveCfg = Debug|Win32
		{C5ECD2A1-C18E-4C04-B2FA-C5C6F206F5AE}.Debug|x86.Build.0 = Debug|Win32
		{C5ECD2A1-C18E-4C04-B2FA-C5C6F206F5AE}.MinSizeRel|x64.ActiveCfg = Release|x64
		{C5ECD2A1-C18E-4C04-B2FA-C5C6F206F5AE}.MinSizeRel|x64.Build.0 = Release|x64
		{C5ECD2A1-C18E-4C04-B2FA-C5C6F206F5AE}.MinSizeRel|x86.ActiveCfg = Release|Win32
		{C5ECD2A1-C18E-4C04-B2FA-C5C6F206F5AE}.MinSizeRel|x86.Build.0 = Release|Win32
		{C5ECD2A1-C18E-4C04-B2FA-C5C6F206F5AE}.Release|x64.ActiveCfg = Release|x64
		{C5ECD2A1-C18E-4C04-B2FA-C5C6F206F5AE}.Release|x64.Build.0 = Release|x64
		{C5ECD2A1-C18E-4C04-B2FA-C5C6F206F5AE}.Release|x86.ActiveCfg = Release|Win32
		{C5ECD2A1-C18E-4C04-B2FA-C5C6F206F5AE}.Release|x86.Build.0 = Release|Win32
		{C5ECD2A1-C18E-4C04-B2FA-C5C6F206F5AE}.RelWithDebInfo|x64.ActiveCfg = Release|x64
		{C5ECD2A1-C18E-4C04-B2FA-C5C6F206F5AE}.RelWithDebInfo|x64.Build.0 = Release|x64
		{C5ECD2A1-C18E-4C04-B2FA-C5C6F206F5AE}.RelWithDebInfo|x86.ActiveCfg = Release|Win32
		{C5ECD2A1-C18E-4C04-B2FA-C5C6F206F5AE}.RelWithDebInfo|x86.Build.0 = Release|Win32
		{FD4E4E2B-AE5B-4917-BE2F-CF065BF2A48F}.Debug|x64.ActiveCfg = Debug|x64
		{FD4E4E2B-AE5B-4917-BE2F-CF065BF2A48F}.Debug|x64.Build.0 = Debug|x64
		{FD4E4E2B-AE5B-4917-BE2F-CF065BF2A48F}.Debug|x86.ActiveCfg = Debug|Win32
		{FD4E4E2B-AE5B-4917-BE2F-CF065BF2A48F}.Debug|x86.Build.0 = Debug|Win32
		{FD4E4E2B-AE5B-4917-BE2F-CF065BF2A48F}.MinSizeRel|x64.ActiveCfg = Release|x64
		{FD4E4E2B-AE5B-4917-BE2F-CF065BF2A48F}.MinSizeRel|x64.Build.0 = Release|x64
		{FD4E4E2B-AE5B-4917-BE2F-CF065BF2A48F}.MinSizeRel|x86.ActiveCfg = Release|Win32
		{FD4E4E2B-AE5B-4917-BE2F-CF065BF2A48F}.MinSizeRel|x86.Build.0 = Release|Win32
		{FD4E4E2B-AE5B-4917-BE2F-CF065BF2A48F}.Release|x64.ActiveCfg = Release|x64
		{FD4E4E2B-AE5B-4917-BE2F-CF065BF2A48F}.Release|x64.Build.0 = Release|x64
		{FD4E4E2B-AE5B-4917-BE2F-CF065BF2A48F}.Release|x86.ActiveCfg = Release|Win32
		{FD4E4E2B-AE5B-4917-BE2F-CF065BF2A48F}.Release|x86.Build.0 = Release|Win32
		{FD4E4E2B-AE5B-4917-BE2F-CF065BF2A48F}.RelWithDebInfo|x64.ActiveCfg = Release|x64
		{FD4E4E2B-AE5B-4917-BE2F-CF065BF2A48F}.RelWithDebInfo|x64.Build.0 = Release|x64
		{FD4E4E2B-AE5B-4917-BE2F-CF065BF2A48F}.RelWithDebInfo|x86.ActiveCfg = Release|Win32
		{FD4E4E2B-AE5B-4917-BE2F-CF065BF2A48F}.RelWithDebInfo|x86.Build.0 = Release|Win32
		{871FC256-E095-4D53-B0F0-9836B8993E02}.Debug|x64.ActiveCfg = Debug|x64
		{871FC256-E095-4D53-B0F0-9836B8993E02}.Debug|x64.Build.0 = Debug|x64
		{871FC256-E095-4D53-B0F0-9836B8993E02}.Debug|x86.ActiveCfg = Debug|Win32
		{871FC256-E095-4D53-B0F0-9836B8993E02}.Debug|x86.Build.0 = Debug|Win32
		{871FC256-E095-4D53-B0F0-9836B8993E02}.MinSizeRel|x64.ActiveCfg = Release|x64
		{871FC256-E095-4D53-B0F0-9836B8993E02}.MinSizeRel|x64.Build.0 = Release|x64
		{871FC256-E095-4D53-B0F0-9836B8993E02}.MinSizeRel|x86.ActiveCfg = Release|Win32
		{871FC256-E095-4D53-B0F0-9836B8993E02}.MinSizeRel|x86.Build.0 = Release|Win32
		{871FC256-E095-4D53-B0F0-9836B8993E02}.Release|x64.ActiveCfg = Release|x64
		{871FC256-E095-4D53-B0F0-9836B8993E02}.Release|x64.Build.0 = Release|x64
		{871FC256-E095-4D53-B0F0-9836B8993E02}.Release|x86.ActiveCfg = Release|Win32
		{871FC256-E095-4D53-B0F0-9836B8993E02}.Release|x86.Build.0 = Release|Win32
		{871FC256-E095-4D53-B0F0-9836B8993E02}.RelWithDebInfo|x64.ActiveCfg = Release|x64
		{871FC256-E095-4D53-B0F0-9836B8993E02}.RelWithDebInfo|x64.Build.0 = Release|x64
		{871FC256-E095-4D53-B0F0-9836B8993E02}.RelWithDebInfo|x86.ActiveCfg = Release|Win32
		{871FC256-E095-4D53-B0F0-9836B8993E02}.RelWithDebInfo|x86.Build.0 = Release|Win32
		{853E76F2-D5A9-4A64-BD82-CC10D37A0CD6}.Debug|x64.ActiveCfg = Debug|x64
		{853E76F2-D5A9-4A64-BD82-CC10D37A0CD6}.Debug|x64.Build.0 = Debug|x64
		{853E76F2-D5A9-4A64-BD82-CC10D37A0CD6}.Debug|x86.ActiveCfg = Debug|Win32
		{853E76F2-D5A9-4A64-BD82-CC10D37A0CD6}.Debug|x86.Build.0 = Debug|Win32
		{853E76F2-D5A9-4A64-BD82-CC10D37A0CD6}.MinSizeRel|x64.ActiveCfg = Release|x64
		{853E76F2-D5A9-4A64-BD82-CC10D37A0CD6}.MinSizeRel|x64.Build.0 = Release|x64
		{853E76F2-D5A9-4A64-BD82-CC10D37A0CD6}.MinSizeRel|x86.ActiveCfg = Release|Win32
		{853E76F2-D5A9-4A64-BD82-CC10D37A0CD6}.MinSizeRel|x86.Build.0 = Release|Win32
		{853E76F2-D5A9-4A64-BD82-CC10D37A0CD6}.Release|x64.ActiveCfg = Release|x64
		{853E76F2-D5A9-4A64-BD82-CC10D37A0CD6}.Release|x64.Build.0 = Release|x64
		{853E76F2-D5A9-4A64-BD82-CC10D37A0CD6}.Release|x86.ActiveCfg = Release|Win32
		{853E76F2-D5A9-4A64-BD82-CC10D37A0CD6}.Release|x86.Build.0 = Release|Win32
		{853E76F2-D5A9-4A64-BD82-CC10D37A0CD6}.RelWithDebInfo|x64.ActiveCfg = Release|x64
		{853E76F2-D5A9-4A64-BD82-CC10D37A0CD6}.RelWithDebInfo|x64.Build.0 = Release|x64
		{853E76F2-D5A9-4A64-BD82-CC10D37A0CD6}.RelWithDebInfo|x86.ActiveCfg = Release|Win32
		{853E76F2-D5A9-4A64-BD82-CC10D37A0CD6}.RelWithDebInfo|x86.Build.0 = Release|Win32
		{452BFB6A-F908-48BC-8F31-FBE0A7A32DB8}.Debug|x64.ActiveCfg = Debug|x64
		{452BFB6A-F908-48BC-8F31-FBE0A7A32DB8}.Debug|x64.Build.0 = Debug|x64
		{452BFB6A-F908-48BC-8F31-FBE0A7A32DB8}.Debug|x86.ActiveCfg = Debug|Win32
		{452BFB6A-F908-48BC-8F31-FBE0A7A32DB8}.Debug|x86.Build.0 = Debug|Win32
		{452BFB6A-F908-48BC-8F31-FBE0A7A32DB8}.MinSizeRel|x64.ActiveCfg = Release|x64
		{452BFB6A-F908-48BC-8F31-FBE0A7A32DB8}.MinSizeRel|x64.Build.0 = Release|x64
		{452BFB6A-F908-48BC-8F31-FBE0A7A32DB8}.MinSizeRel|x86.ActiveCfg = Release|Win32
		{452BFB6A-F908-48BC-8F31-FBE0A7A32DB8}.MinSizeRel|x86.Build.0 = Release|Win32
		{452BFB6A-F908-48BC-8F31-FBE0A7A32DB8}.Release|x64.ActiveCfg = Release|x64
		{452BFB6A-F908-48BC-8F31-FBE0A7A32DB8}.Release|x64.Build.0 = Release|x64
		{452BFB6A-F908-48BC-8F31-FBE0A7A32DB8}.Release|x86.ActiveCfg = Release|Win32
		{452BFB6A-F908-48BC-8F31-FBE0A7A32DB8}.Release|x86.Build.0 = Release|Win32
		{452BFB6A-F908-48BC-8F31-FBE0A7A32DB8}.RelWithDebInfo|x64.ActiveCfg = Release|x64
		{452BFB6A-F908-48BC-8F31-FBE0A7A32DB8}.RelWithDebInfo|x64.Build.0 = Release|x64
		{452BFB6A-F908-48BC-8F31-FBE0A7A32DB8}.RelWithDebInfo|x86.ActiveCfg = Release|Win32
		{452BFB6A-F908-48BC-8F31-FBE0A7A32DB8}.RelWithDebInfo|x86.Build.0 = Release|Win32
		{FF96F087-9F5D-4907-B96A-9C8C7FE2A9DD}.Debug|x64.ActiveCfg = Debug|x64
		{FF96F087-9F5D-4907-B96A-9C8C7FE2A9DD}.Debug|x64.Build.0 = Debug|x64
		{FF96F087-9F5D-4907-B96A-9C8C7FE2A9DD}.Debug|x86.ActiveCfg = Debug|Win32
		{FF96F087-9F5D-4907-B96A-9C8C7FE2A9DD}.Debug|x86.Build.0 = Debug|Win32
		{FF96F087-9F5D-4907-B96A-9C8C7FE2A9DD}.MinSizeRel|x64.ActiveCfg = Release|x64
		{FF96F087-9F5D-4907-B96A-9C8C7FE2A9DD}.MinSizeRel|x64.Build.0 = Release|x64
		{FF96F087-9F5D-4907-B96A-9C8C7FE2A9DD}.MinSizeRel|x86.ActiveCfg = Release|Win32
		{FF96F087-9F5D-4907-B96A-9C8C7FE2A9DD}.MinSizeRel|x86.Build.0 = Release|Win32
		{FF96F087-9F5D-4907-B96A-9C8C7FE2A9DD}.Release|x64.ActiveCfg = Release|x64
		{FF96F087-9F5D-4907-B96A-9C8C7FE2A9DD}.Release|x64.Build.0 = Release|x64
		{FF96F087-9F5D-4907-B96A-9C8C7FE2A9DD}.Release|x86.ActiveCfg = Release|Win32
		{FF96F087-9F5D-4907-B96A-9C8C7FE2A9DD}.Release|x86.Build.0 = Release|Win32
		{FF96F087-9F5D-4907-B96A-9C8C7FE2A9DD}.RelWithDebInfo|x64.ActiveCfg = Release|x64
		{FF96F087-9F5D-4907-B96A-9C8C7FE2A9DD}.RelWithDebInfo|x64.Build.0 = Release|x64
		{FF96F087-9F5D-4907-B96A-9C8C7FE2A9DD}.RelWithDebInfo|x86.ActiveCfg = Release|Win32
		{FF96F087-9F5D-4907-B96A-9C8C7FE2A9DD}.RelWithDebInfo|x86.Build.0 = Release|Win32
		{22A06F9D-EA5C-4ADE-B9F0-A664407CBA82}.Debug|x64.ActiveCfg = Debug|x64
		{22A06F9D-EA5C-4ADE-B9F0-A664407CBA82}.Debug|x64.Build.0 = Debug|x64
		{22A06F9D-EA5C-4ADE-B9F0-A664407CBA82}.Debug|x86.ActiveCfg = Debug|Win32
		{22A06F9D-EA5C-4ADE-B9F0-A664407CBA82}.Debug|x86.Build.0 = Debug|Win32
		{22A06F9D-EA5C-4ADE-B9F0-A664407CBA82}.MinSizeRel|x64.ActiveCfg = Release|x64
		{22A06F9D-EA5C-4ADE-B9F0-A664407CBA82}.MinSizeRel|x64.Build.0 = Release|x64
		{22A06F9D-EA5C-4ADE-B9F0-A664407CBA82}.MinSizeRel|x86.ActiveCfg = Release|Win32
		{22A06F9D-EA5C-4ADE-B9F0-A664407CBA82}.MinSizeRel|x86.Build.0 = Release|Win32
		{22A06F9D-EA5C-4ADE-B9F0-A664407CBA82}.Release|x64.ActiveCfg = Release|x64
		{22A06F9D-EA5C-4ADE-B9F0-A664407CBA82}.Release|x64.Build.0 = Release|x64
		{22A06F9D-EA5C-4ADE-B9F0-A664407CBA82}.Release|x86.ActiveCfg = Release|Win32
		{22A06F9D-EA5C-4ADE-B9F0-A664407CBA82}.Release|x86.Build.0 = Release|Win32
		{22A06F9D-EA5C-4ADE-B9F0-A664407CBA82}.RelWithDebInfo|x64.ActiveCfg = Release|x64
		{22A06F9D-EA5C-4ADE-B9F0-A664407CBA82}.RelWithDebInfo|x64.Build.0 = Release|x64
		{22A06F9D-EA5C-4ADE-B9F0-A664407CBA82}.RelWithDebInfo|x86.ActiveCfg = Release|Win32
		{22A06F9D-EA5C-4ADE-B9F0-A664407CBA82}.RelWithDebInfo|x86.Build.0 = Release|Win32
		{45405EE9-642C-413C-B9D4-D55196440CFB}.Debug|x64.ActiveCfg = Debug|x64
		{45405EE9-642C-413C-B9D4-D55196440CFB}.Debug|x64.Build.0 = Debug|x64
		{45405EE9-642C-413C-B9D4-D55196440CFB}.Debug|x86.ActiveCfg = Debug|Win32
		{45405EE9-642C-413C-B9D4-D55196440CFB}.Debug|x86.Build.0 = Debug|Win32
		{45405EE9-642C-413C-B9D4-D55196440CFB}.MinSizeRel|x64.ActiveCfg = Release|x64
		{45405EE9-642C-413C-B9D4-D55196440CFB}.MinSizeRel|x64.Build.0 = Release|x64
		{45405EE9-642C-413C-B9D4-D55196440CFB}.MinSizeRel|x86.ActiveCfg = Release|Win32
		{45405EE9-642C-413C-B9D4-D55196440CFB}.MinSizeRel|x86.Build.0 = Release|Win32
		{45405EE9-642C-413C-B9D4-D55196440CFB}.Release|x64.ActiveCfg = Release|x64
		{45405EE9-642C-413C-B9D4-D55196440CFB}.Release|x64.Build.0 = Release|x64
		{45405EE9-642C-413C-B9D4-D55196440CFB}.Release|x86.ActiveCfg = Release|Win32
		{45405EE9-642C-413C-B9D4-D55196440CFB}.Release|x86.Build.0 = Release|Win32
		{45405EE9-642C-413C-B9D4-D55196440CFB}.RelWithDebInfo|x64.ActiveCfg = Release|x64
		{45405EE9-642C-413C-B9D4-D55196440CFB}.RelWithDebInfo|x64.Build.0 = Release|x64
		{45405EE9-642C-413C-B9D4-D55196440CFB}.RelWithDebInfo|x86.ActiveCfg = Release|Win32
		{45405EE9-642C-413C-B9D4-D55196440CFB}.RelWithDebInfo|x86.Build.0 = Release|Win32
		{47A266CC-29D2-48D2-A2CD-2B8EFC243E2E}.Debug|x64.ActiveCfg = Debug|x64
		{47A266CC-29D2-48D2-A2CD-2B8EFC243E2E}.Debug|x64.Build.0 = Debug|x64
		{47A266CC-29D2-48D2-A2CD-2B8EFC243E2E}.Debug|x86.ActiveCfg = Debug|Win32
		{47A266CC-29D2-48D2-A2CD-2B8EFC243E2E}.Debug|x86.Build.0 = Debug|Win32
		{47A266CC-29D2-48D2-A2CD-2B8EFC243E2E}.MinSizeRel|x64.ActiveCfg = Release|x64
		{47A266CC-29D2-48D2-A2CD-2B8EFC243E2E}.MinSizeRel|x64.Build.0 = Release|x64
		{47A266CC-29D2-48D2-A2CD-2B8EFC243E2E}.MinSizeRel|x86.ActiveCfg = Release|Win32
		{47A266CC-29D2-48D2-A2CD-2B8EFC243E2E}.MinSizeRel|x86.Build.0 = Release|Win32
		{47A266CC-29D2-48D2-A2CD-2B8EFC243E2E}.Release|x64.ActiveCfg = Release|x64
		{47A266CC-29D2-48D2-A2CD-2B8EFC243E2E}.Release|x64.Build.0 = Release|x64
		{47A266CC-29D2-48D2-A2CD-2B8EFC243E2E}.Release|x86.ActiveCfg = Release|Win32
		{47A266CC-29D2-48D2-A2CD-2B8EFC243E2E}.Release|x86.Build.0 = Release|Win32
		{47A266CC-29D2-48D2-A2CD-2B8EFC243E2E}.RelWithDebInfo|x64.ActiveCfg = Release|x64
		{47A266CC-29D2-48D2-A2CD-2B8EFC243E2E}.RelWithDebInfo|x64.Build.0 = Release|x64
		{47A266CC-29D2-48D2-A2CD-2B8EFC243E2E}.RelWithDebInfo|x86.ActiveCfg = Release|Win32
		{47A266CC-29D2-48D2-A2CD-2B8EFC243E2E}.RelWithDebInfo|x86.Build.0 = Release|Win32
		{EB372FD8-7D0D-43DF-B1E4-FD7A5F12E7E1}.Debug|x64.ActiveCfg = Debug|x64
		{EB372FD8-7D0D-43DF-B1E4-FD7A5F12E7E1}.Debug|x64.Build.0 = Debug|x64
		{EB372FD8-7D0D-43DF-B1E4-FD7A5F12E7E1}.Debug|x86.ActiveCfg = Debug|Win32
		{EB372FD8-7D0D-43DF-B1E4-FD7A5F12E7E1}.Debug|x86.Build.0 = Debug|Win32
		{EB372FD8-7D0D-43DF-B1E4-FD7A5F12E7E1}.MinSizeRel|x64.ActiveCfg = Release|x64
		{EB372FD8-7D0D-43DF-B1E4-FD7A5F12E7E1}.MinSizeRel|x64.Build.0 = Release|x64
		{EB372FD8-7D0D-43DF-B1E4-FD7A5F12E7E1}.MinSizeRel|x86.ActiveCfg = Release|Win32
		{EB372FD8-7D0D-43DF-B1E4-FD7A5F12E7E1}.MinSizeRel|x86.Build.0 = Release|Win32
		{EB372FD8-7D0D-43DF-B1E4-FD7A5F12E7E1}.Release|x64.ActiveCfg = Release|x64
		{EB372FD8-7D0D-43DF-B1E4-FD7A5F12E7E1}.Release|x64.Build.0 = Release|x64
		{EB372FD8-7D0D-43DF-B1E4-FD7A5F12E7E1}.Release|x86.ActiveCfg = Release|Win32
		{EB372FD8-7D0D-43DF-B1E4-FD7A5F12E7E1}.Release|x86.Build.0 = Release|Win32
		{EB372FD8-7D0D-43DF-B1E4-FD7A5F12E7E1}.RelWithDebInfo|x64.ActiveCfg = Release|x64
		{EB372FD8-7D0D-43DF-B1E4-FD7A5F12E7E1}.RelWithDebInfo|x64.Build.0 = Release|x64
		{EB372FD8-7D0D-43DF-B1E4-FD7A5F12E7E1}.RelWithDebInfo|x86.ActiveCfg = Release|Win32
		{EB372FD8-7D0D-43DF-B1E4-FD7A5F12E7E1}.RelWithDebInfo|x86.Build.0 = Release|Win32
		{EB373ED8-7D0D-43DF-B1A4-FD7A5092E7E1}.Debug|x64.ActiveCfg = Debug|x64
		{EB373ED8-7D0D-43DF-B1A4-FD7A5092E7E1}.Debug|x64.Build.0 = Debug|x64
		{EB373ED8-7D0D-43DF-B1A4-FD7A5092E7E1}.Debug|x86.ActiveCfg = Debug|Win32
		{EB373ED8-7D0D-43DF-B1A4-FD7A5092E7E1}.Debug|x86.Build.0 = Debug|Win32
		{EB373ED8-7D0D-43DF-B1A4-FD7A5092E7E1}.MinSizeRel|x64.ActiveCfg = Release|x64
		{EB373ED8-7D0D-43DF-B1A4-FD7A5092E7E1}.MinSizeRel|x64.Build.0 = Release|x64
		{EB373ED8-7D0D-43DF-B1A4-FD7A5092E7E1}.MinSizeRel|x86.ActiveCfg = Release|Win32
		{EB373ED8-7D0D-43DF-B1A4-FD7A5092E7E1}.MinSizeRel|x86.Build.0 = Release|Win32
		{EB373ED8-7D0D-43DF-B1A4-FD7A5092E7E1}.Release|x64.ActiveCfg = Release|x64
		{EB373ED8-7D0D-43DF-B1A4-FD7A5092E7E1}.Release|x64.Build.0 = Release|x64
		{EB373ED8-7D0D-43DF-B1A4-FD7A5092E7E1}.Release|x86.ActiveCfg = Release|Win32
		{EB373ED8-7D0D-43DF-B1A4-FD7A5092E7E1}.Release|x86.Build.0 = Release|Win32
		{EB373ED8-7D0D-43DF-B1A4-FD7A5092E7E1}.RelWithDebInfo|x64.ActiveCfg = Release|x64
		{EB373ED8-7D0D-43DF-B1A4-FD7A5092E7E1}.RelWithDebInfo|x64.Build.0 = Release|x64
		{EB373ED8-7D0D-43DF-B1A4-FD7A5092E7E1}.RelWithDebInfo|x86.ActiveCfg = Release|Win32
		{EB373ED8-7D0D-43DF-B1A4-FD7A5092E7E1}.RelWithDebInfo|x86.Build.0 = Release|Win32
		{78202387-97A5-4D7C-8510-2F231D77DC42}.Debug|x64.ActiveCfg = Debug|x64
		{78202387-97A5-4D7C-8510-2F231D77DC42}.Debug|x64.Build.0 = Debug|x64
		{78202387-97A5-4D7C-8510-2F231D77DC42}.Debug|x86.ActiveCfg = Debug|Win32
		{78202387-97A5-4D7C-8510-2F231D77DC42}.Debug|x86.Build.0 = Debug|Win32
		{78202387-97A5-4D7C-8510-2F231D77DC42}.MinSizeRel|x64.ActiveCfg = Release|x64
		{78202387-97A5-4D7C-8510-2F231D77DC42}.MinSizeRel|x64.Build.0 = Release|x64
		{78202387-97A5-4D7C-8510-2F231D77DC42}.MinSizeRel|x86.ActiveCfg = Release|Win32
		{78202387-97A5-4D7C-8510-2F231D77DC42}.MinSizeRel|x86.Build.0 = Release|Win32
		{78202387-97A5-4D7C-8510-2F231D77DC42}.Release|x64.ActiveCfg = Release|x64
		{78202387-97A5-4D7C-8510-2F231D77DC42}.Release|x64.Build.0 = Release|x64
		{78202387-97A5-4D7C-8510-2F231D77DC42}.Release|x86.ActiveCfg = Release|Win32
		{78202387-97A5-4D7C-8510-2F231D77DC42}.Release|x86.Build.0 = Release|Win32
		{78202387-97A5-4D7C-8510-2F231D77DC42}.RelWithDebInfo|x64.ActiveCfg = Release|x64
		{78202387-97A5-4D7C-8510-2F231D77DC42}.RelWithDebInfo|x64.Build.0 = Release|x64
		{78202387-97A5-4D7C-8510-2F231D77DC42}.RelWithDebInfo|x86.ActiveCfg = Release|Win32
		{78202387-97A5-4D7C-8510-2F231D77DC42}.RelWithDebInfo|x86.Build.0 = Release|Win32
		{71FAE5E7-3211-4272-A6EE-59DD67E3E8D7}.Debug|x64.ActiveCfg = Debug|x64
		{71FAE5E7-3211-4272-A6EE-59DD67E3E8D7}.Debug|x64.Build.0 = Debug|x64
		{71FAE5E7-3211-4272-A6EE-59DD67E3E8D7}.Debug|x86.ActiveCfg = Debug|Win32
		{71FAE5E7-3211-4272-A6EE-59DD67E3E8D7}.Debug|x86.Build.0 = Debug|Win32
		{71FAE5E7-3211-4272-A6EE-59DD67E3E8D7}.MinSizeRel|x64.ActiveCfg = Release|x64
		{71FAE5E7-3211-4272-A6EE-59DD67E3E8D7}.MinSizeRel|x64.Build.0 = Release|x64
		{71FAE5E7-3211-4272-A6EE-59DD67E3E8D7}.MinSizeRel|x86.ActiveCfg = Release|Win32
		{71FAE5E7-3211-4272-A6EE-59DD67E3E8D7}.MinSizeRel|x86.Build.0 = Release|Win32
		{71FAE5E7-3211-4272-A6EE-59DD67E3E8D7}.Release|x64.ActiveCfg = Release|x64
		{71FAE5E7-3211-4272-A6EE-59DD67E3E8D7}.Release|x64.Build.0 = Release|x64
		{71FAE5E7-3211-4272-A6EE-59DD67E3E8D7}.Release|x86.ActiveCfg = Release|Win32
		{71FAE5E7-3211-4272-A6EE-59DD67E3E8D7}.Release|x86.Build.0 = Release|Win32
		{71FAE5E7-3211-4272-A6EE-59DD67E3E8D7}.RelWithDebInfo|x64.ActiveCfg = Release|x64
		{71FAE5E7-3211-4272-A6EE-59DD67E3E8D7}.RelWithDebInfo|x64.Build.0 = Release|x64
		{71FAE5E7-3211-4272-A6EE-59DD67E3E8D7}.RelWithDebInfo|x86.ActiveCfg = Release|Win32
		{71FAE5E7-3211-4272-A6EE-59DD67E3E8D7}.RelWithDebInfo|x86.Build.0 = Release|Win32
		{65BE1813-B811-498A-82A6-874EBE6AD618}.Debug|x64.ActiveCfg = Debug|x64
		{65BE1813-B811-498A-82A6-874EBE6AD618}.Debug|x64.Build.0 = Debug|x64
		{65BE1813-B811-498A-82A6-874EBE6AD618}.Debug|x86.ActiveCfg = Debug|Win32
		{65BE1813-B811-498A-82A6-874EBE6AD618}.Debug|x86.Build.0 = Debug|Win32
		{65BE1813-B811-498A-82A6-874EBE6AD618}.MinSizeRel|x64.ActiveCfg = Release|x64
		{65BE1813-B811-498A-82A6-874EBE6AD618}.MinSizeRel|x64.Build.0 = Release|x64
		{65BE1813-B811-498A-82A6-874EBE6AD618}.MinSizeRel|x86.ActiveCfg = Release|Win32
		{65BE1813-B811-498A-82A6-874EBE6AD618}.MinSizeRel|x86.Build.0 = Release|Win32
		{65BE1813-B811-498A-82A6-874EBE6AD618}.Release|x64.ActiveCfg = Release|x64
		{65BE1813-B811-498A-82A6-874EBE6AD618}.Release|x64.Build.0 = Release|x64
		{65BE1813-B811-498A-82A6-874EBE6AD618}.Release|x86.ActiveCfg = Release|Win32
		{65BE1813-B811-498A-82A6-874EBE6AD618}.Release|x86.Build.0 = Release|Win32
		{65BE1813-B811-498A-82A6-874EBE6AD618}.RelWithDebInfo|x64.ActiveCfg = Release|x64
		{65BE1813-B811-498A-82A6-874EBE6AD618}.RelWithDebInfo|x64.Build.0 = Release|x64
		{65BE1813-B811-498A-82A6-874EBE6AD618}.RelWithDebInfo|x86.ActiveCfg = Release|Win32
		{65BE1813-B811-498A-82A6-874EBE6AD618}.RelWithDebInfo|x86.Build.0 = Release|Win32
		{78204287-77D3-4D7C-8530-2F233D77DC42}.Debug|x64.ActiveCfg = Debug|x64
		{78204287-77D3-4D7C-8530-2F233D77DC42}.Debug|x64.Build.0 = Debug|x64
		{78204287-77D3-4D7C-8530-2F233D77DC42}.Debug|x86.ActiveCfg = Debug|Win32
		{78204287-77D3-4D7C-8530-2F233D77DC42}.Debug|x86.Build.0 = Debug|Win32
		{78204287-77D3-4D7C-8530-2F233D77DC42}.MinSizeRel|x64.ActiveCfg = Release|x64
		{78204287-77D3-4D7C-8530-2F233D77DC42}.MinSizeRel|x64.Build.0 = Release|x64
		{78204287-77D3-4D7C-8530-2F233D77DC42}.MinSizeRel|x86.ActiveCfg = Release|Win32
		{78204287-77D3-4D7C-8530-2F233D77DC42}.MinSizeRel|x86.Build.0 = Release|Win32
		{78204287-77D3-4D7C-8530-2F233D77DC42}.Release|x64.ActiveCfg = Release|x64
		{78204287-77D3-4D7C-8530-2F233D77DC42}.Release|x64.Build.0 = Release|x64
		{78204287-77D3-4D7C-8530-2F233D77DC42}.Release|x86.ActiveCfg = Release|Win32
		{78204287-77D3-4D7C-8530-2F233D77DC42}.Release|x86.Build.0 = Release|Win32
		{78204287-77D3-4D7C-8530-2F233D77DC42}.RelWithDebInfo|x64.ActiveCfg = Release|x64
		{78204287-77D3-4D7C-8530-2F233D77DC42}.RelWithDebInfo|x64.Build.0 = Release|x64
		{78204287-77D3-4D7C-8530-2F233D77DC42}.RelWithDebInfo|x86.ActiveCfg = Release|Win32
		{78204287-77D3-4D7C-8530-2F233D77DC42}.RelWithDebInfo|x86.Build.0 = Release|Win32
		{C5ECD2A1-C35E-4CE4-BEFA-C5C6F206F5AE}.Debug|x64.ActiveCfg = Debug|x64
		{C5ECD2A1-C35E-4CE4-BEFA-C5C6F206F5AE}.Debug|x64.Build.0 = Debug|x64
		{C5ECD2A1-C35E-4CE4-BEFA-C5C6F206F5AE}.Debug|x86.ActiveCfg = Debug|Win32
		{C5ECD2A1-C35E-4CE4-BEFA-C5C6F206F5AE}.Debug|x86.Build.0 = Debug|Win32
		{C5ECD2A1-C35E-4CE4-BEFA-C5C6F206F5AE}.MinSizeRel|x64.ActiveCfg = Release|x64
		{C5ECD2A1-C35E-4CE4-BEFA-C5C6F206F5AE}.MinSizeRel|x64.Build.0 = Release|x64
		{C5ECD2A1-C35E-4CE4-BEFA-C5C6F206F5AE}.MinSizeRel|x86.ActiveCfg = Release|Win32
		{C5ECD2A1-C35E-4CE4-BEFA-C5C6F206F5AE}.MinSizeRel|x86.Build.0 = Release|Win32
		{C5ECD2A1-C35E-4CE4-BEFA-C5C6F206F5AE}.Release|x64.ActiveCfg = Release|x64
		{C5ECD2A1-C35E-4CE4-BEFA-C5C6F206F5AE}.Release|x64.Build.0 = Release|x64
		{C5ECD2A1-C35E-4CE4-BEFA-C5C6F206F5AE}.Release|x86.ActiveCfg = Release|Win32
		{C5ECD2A1-C35E-4CE4-BEFA-C5C6F206F5AE}.Release|x86.Build.0 = Release|Win32
		{C5ECD2A1-C35E-4CE4-BEFA-C5C6F206F5AE}.RelWithDebInfo|x64.ActiveCfg = Release|x64
		{C5ECD2A1-C35E-4CE4-BEFA-C5C6F206F5AE}.RelWithDebInfo|x64.Build.0 = Release|x64
		{C5ECD2A1-C35E-4CE4-BEFA-C5C6F206F5AE}.RelWithDebInfo|x86.ActiveCfg = Release|Win32
		{C5ECD2A1-C35E-4CE4-BEFA-C5C6F206F5AE}.RelWithDebInfo|x86.Build.0 = Release|Win32
		{78202387-71D3-4D7C-8510-2F263D79DC41}.Debug|x64.ActiveCfg = Debug|x64
		{78202387-71D3-4D7C-8510-2F263D79DC41}.Debug|x64.Build.0 = Debug|x64
		{78202387-71D3-4D7C-8510-2F263D79DC41}.Debug|x86.ActiveCfg = Debug|Win32
		{78202387-71D3-4D7C-8510-2F263D79DC41}.Debug|x86.Build.0 = Debug|Win32
		{78202387-71D3-4D7C-8510-2F263D79DC41}.MinSizeRel|x64.ActiveCfg = Release|x64
		{78202387-71D3-4D7C-8510-2F263D79DC41}.MinSizeRel|x64.Build.0 = Release|x64
		{78202387-71D3-4D7C-8510-2F263D79DC41}.MinSizeRel|x86.ActiveCfg = Release|Win32
		{78202387-71D3-4D7C-8510-2F263D79DC41}.MinSizeRel|x86.Build.0 = Release|Win32
		{78202387-71D3-4D7C-8510-2F263D79DC41}.Release|x64.ActiveCfg = Release|x64
		{78202387-71D3-4D7C-8510-2F263D79DC41}.Release|x64.Build.0 = Release|x64
		{78202387-71D3-4D7C-8510-2F263D79DC41}.Release|x86.ActiveCfg = Release|Win32
		{78202387-71D3-4D7C-8510-2F263D79DC41}.Release|x86.Build.0 = Release|Win32
		{78202387-71D3-4D7C-8510-2F263D79DC41}.RelWithDebInfo|x64.ActiveCfg = Release|x64
		{78202387-71D3-4D7C-8510-2F263D79DC41}.RelWithDebInfo|x64.Build.0 = Release|x64
		{78202387-71D3-4D7C-8510-2F263D79DC41}.RelWithDebInfo|x86.ActiveCfg = Release|Win32
		{78202387-71D3-4D7C-8510-2F263D79DC41}.RelWithDebInfo|x86.Build.0 = Release|Win32
	EndGlobalSection
	GlobalSection(SolutionProperties) = preSolution
		HideSolutionNode = FALSE
	EndGlobalSection
	GlobalSection(ExtensibilityGlobals) = postSolution
		SolutionGuid = {191AAF42-E98E-4375-9C51-46B8A810A06A}
	EndGlobalSection
EndGlobal
