
Microsoft Visual Studio Solution File, Format Version 11.00
# Visual Studio 2010
Project("{8BC9CEB8-8B4A-11D0-8D11-00A0C91BC942}") = "terark_dll", "terark_dll\terark_dll.vcxproj", "{27051216-6A62-4B39-9205-F3BC6C23A43E}"
EndProject
Project("{8BC9CEB8-8B4A-11D0-8D11-00A0C91BC942}") = "rpc_code_gen", "rpc_code_gen\rpc_code_gen.vcxproj", "{144B0B9E-E313-435D-BF26-CADC59114F81}"
EndProject
Project("{8BC9CEB8-8B4A-11D0-8D11-00A0C91BC942}") = "terark_ptr", "terark_ptr\terark_ptr.vcxproj", "{5B4D8FA4-D90A-4A7B-A64A-D97002D598CC}"
EndProject
Project("{8BC9CEB8-8B4A-11D0-8D11-00A0C91BC942}") = "TemplateMatch", "TemplateMatch\TemplateMatch.vcxproj", "{515440C0-6CA3-4C48-A217-CD96E458B8A1}"
EndProject
Project("{8BC9CEB8-8B4A-11D0-8D11-00A0C91BC942}") = "IntTypes", "IntTypes\IntTypes.vcxproj", "{DD7D455A-7BE1-4570-A643-7AF551341025}"
EndProject
Project("{8BC9CEB8-8B4A-11D0-8D11-00A0C91BC942}") = "test_c_sort", "test_c_sort\test_c_sort.vcxproj", "{6916330F-0BD9-4682-9238-03E7531AEDA3}"
EndProject
Project("{8BC9CEB8-8B4A-11D0-8D11-00A0C91BC942}") = "gen_c_algo_code", "gen_c_algo_code\gen_c_algo_code.vcxproj", "{0E284D2D-A970-4C50-8145-09791638F64D}"
EndProject
Project("{8BC9CEB8-8B4A-11D0-8D11-00A0C91BC942}") = "virtual_func_ptr", "virtual_func_ptr\virtual_func_ptr.vcxproj", "{93B9ED57-9769-4B5F-90F5-1E7D640F58CA}"
EndProject
Project("{8BC9CEB8-8B4A-11D0-8D11-00A0C91BC942}") = "bdb_util", "bdb_util\bdb_util.vcxproj", "{50889429-73BB-4B94-893C-146CFA04CBCD}"
EndProject
Project("{8BC9CEB8-8B4A-11D0-8D11-00A0C91BC942}") = "test_mpool", "test_mpool\test_mpool.vcxproj", "{1AF79991-F234-4065-B702-505D6B04B48A}"
EndProject
Project("{8BC9CEB8-8B4A-11D0-8D11-00A0C91BC942}") = "RadixSort", "RadixSort\RadixSort.vcxproj", "{90FDBB78-B8F5-4CE4-84F7-1A1DEECB2A28}"
EndProject
Project("{8BC9CEB8-8B4A-11D0-8D11-00A0C91BC942}") = "SuffixArrayBench", "SuffixArrayBench\SuffixArrayBench.vcxproj", "{A8DB76E9-CB61-463E-A131-0F11B7F39A46}"
EndProject
Project("{8BC9CEB8-8B4A-11D0-8D11-00A0C91BC942}") = "TestCorrection", "DataIO\TestCorrection\TestCorrection.vcxproj", "{ACF6CFC4-AD29-4789-95A0-90F1E4355AC4}"
EndProject
Project("{8BC9CEB8-8B4A-11D0-8D11-00A0C91BC942}") = "GenCompileBench", "DataIO\GenCompileBench\GenCompileBench.vcxproj", "{42589077-5CD8-4448-BE74-A2B84C31CF60}"
EndProject
Project("{8BC9CEB8-8B4A-11D0-8D11-00A0C91BC942}") = "IsDump", "DataIO\IsDump\IsDump.vcxproj", "{D00A447A-91D3-4DF1-B5D2-87639C7D64DE}"
EndProject
Project("{8BC9CEB8-8B4A-11D0-8D11-00A0C91BC942}") = "Bench", "DataIO\Bench\Bench.vcxproj", "{764D9A7E-D61D-4ABC-AB61-BA16974E9A56}"
EndProject
Project("{8BC9CEB8-8B4A-11D0-8D11-00A0C91BC942}") = "trb_sum", "trb_sum\trb_sum.vcxproj", "{DB5F94A0-30CA-45F0-B27F-C9B636AC2897}"
EndProject
Project("{8BC9CEB8-8B4A-11D0-8D11-00A0C91BC942}") = "PipelineExample", "PipelineExample\PipelineExample.vcxproj", "{B99DF6AA-F30C-4258-B4B5-755BAB82F200}"
EndProject
Project("{8BC9CEB8-8B4A-11D0-8D11-00A0C91BC942}") = "c_sort_lib", "c_sort_lib\c_sort_lib.vcxproj", "{75DF165A-3D77-49B6-AEA0-CC9765368B53}"
EndProject
Project("{8BC9CEB8-8B4A-11D0-8D11-00A0C91BC942}") = "hash_strmap_bench", "hash_strmap_bench\hash_strmap_bench.vcxproj", "{5E29C1A7-7F8A-4D4D-AE3D-0B91EF419432}"
EndProject
Project("{8BC9CEB8-8B4A-11D0-8D11-00A0C91BC942}") = "test_trb", "test_trb\test_trb.vcxproj", "{AEE0A0C5-3248-4FBA-92BA-8C33128A44E2}"
EndProject
Global
	GlobalSection(SolutionConfigurationPlatforms) = preSolution
		Align8|Win32 = Align8|Win32
		Align8|x64 = Align8|x64
		Debug|Win32 = Debug|Win32
		Debug|x64 = Debug|x64
		Debug-Align8|Win32 = Debug-Align8|Win32
		Debug-Align8|x64 = Debug-Align8|x64
		Debug-Align8-x64|Win32 = Debug-Align8-x64|Win32
		Debug-Align8-x64|x64 = Debug-Align8-x64|x64
		OptimizeDump|Win32 = OptimizeDump|Win32
		OptimizeDump|x64 = OptimizeDump|x64
		Release|Win32 = Release|Win32
		Release|x64 = Release|x64
		Release-Align8|Win32 = Release-Align8|Win32
		Release-Align8|x64 = Release-Align8|x64
	EndGlobalSection
	GlobalSection(ProjectConfigurationPlatforms) = postSolution
		{27051216-6A62-4B39-9205-F3BC6C23A43E}.Align8|Win32.ActiveCfg = OptimizeDump|x64
		{27051216-6A62-4B39-9205-F3BC6C23A43E}.Align8|x64.ActiveCfg = OptimizeDump|x64
		{27051216-6A62-4B39-9205-F3BC6C23A43E}.Align8|x64.Build.0 = OptimizeDump|x64
		{27051216-6A62-4B39-9205-F3BC6C23A43E}.Debug|Win32.ActiveCfg = Debug|Win32
		{27051216-6A62-4B39-9205-F3BC6C23A43E}.Debug|Win32.Build.0 = Debug|Win32
		{27051216-6A62-4B39-9205-F3BC6C23A43E}.Debug|x64.ActiveCfg = Debug|x64
		{27051216-6A62-4B39-9205-F3BC6C23A43E}.Debug|x64.Build.0 = Debug|x64
		{27051216-6A62-4B39-9205-F3BC6C23A43E}.Debug-Align8|Win32.ActiveCfg = Debug|x64
		{27051216-6A62-4B39-9205-F3BC6C23A43E}.Debug-Align8|x64.ActiveCfg = Debug|x64
		{27051216-6A62-4B39-9205-F3BC6C23A43E}.Debug-Align8|x64.Build.0 = Debug|x64
		{27051216-6A62-4B39-9205-F3BC6C23A43E}.Debug-Align8-x64|Win32.ActiveCfg = Debug|x64
		{27051216-6A62-4B39-9205-F3BC6C23A43E}.Debug-Align8-x64|x64.ActiveCfg = Debug|x64
		{27051216-6A62-4B39-9205-F3BC6C23A43E}.Debug-Align8-x64|x64.Build.0 = Debug|x64
		{27051216-6A62-4B39-9205-F3BC6C23A43E}.OptimizeDump|Win32.ActiveCfg = OptimizeDump|Win32
		{27051216-6A62-4B39-9205-F3BC6C23A43E}.OptimizeDump|Win32.Build.0 = OptimizeDump|Win32
		{27051216-6A62-4B39-9205-F3BC6C23A43E}.OptimizeDump|x64.ActiveCfg = OptimizeDump|x64
		{27051216-6A62-4B39-9205-F3BC6C23A43E}.OptimizeDump|x64.Build.0 = OptimizeDump|x64
		{27051216-6A62-4B39-9205-F3BC6C23A43E}.Release|Win32.ActiveCfg = Release|x64
		{27051216-6A62-4B39-9205-F3BC6C23A43E}.Release|Win32.Build.0 = Release|x64
		{27051216-6A62-4B39-9205-F3BC6C23A43E}.Release|x64.ActiveCfg = Release|x64
		{27051216-6A62-4B39-9205-F3BC6C23A43E}.Release|x64.Build.0 = Release|x64
		{27051216-6A62-4B39-9205-F3BC6C23A43E}.Release-Align8|Win32.ActiveCfg = Release|x64
		{27051216-6A62-4B39-9205-F3BC6C23A43E}.Release-Align8|x64.ActiveCfg = Release|x64
		{27051216-6A62-4B39-9205-F3BC6C23A43E}.Release-Align8|x64.Build.0 = Release|x64
		{144B0B9E-E313-435D-BF26-CADC59114F81}.Align8|Win32.ActiveCfg = OptimizeDump|Win32
		{144B0B9E-E313-435D-BF26-CADC59114F81}.Align8|Win32.Build.0 = OptimizeDump|Win32
		{144B0B9E-E313-435D-BF26-CADC59114F81}.Align8|x64.ActiveCfg = OptimizeDump|Win32
		{144B0B9E-E313-435D-BF26-CADC59114F81}.Debug|Win32.ActiveCfg = Debug|Win32
		{144B0B9E-E313-435D-BF26-CADC59114F81}.Debug|Win32.Build.0 = Debug|Win32
		{144B0B9E-E313-435D-BF26-CADC59114F81}.Debug|x64.ActiveCfg = Debug|Win32
		{144B0B9E-E313-435D-BF26-CADC59114F81}.Debug-Align8|Win32.ActiveCfg = Debug|Win32
		{144B0B9E-E313-435D-BF26-CADC59114F81}.Debug-Align8|Win32.Build.0 = Debug|Win32
		{144B0B9E-E313-435D-BF26-CADC59114F81}.Debug-Align8|x64.ActiveCfg = Debug|Win32
		{144B0B9E-E313-435D-BF26-CADC59114F81}.Debug-Align8-x64|Win32.ActiveCfg = Debug|Win32
		{144B0B9E-E313-435D-BF26-CADC59114F81}.Debug-Align8-x64|Win32.Build.0 = Debug|Win32
		{144B0B9E-E313-435D-BF26-CADC59114F81}.Debug-Align8-x64|x64.ActiveCfg = Debug|Win32
		{144B0B9E-E313-435D-BF26-CADC59114F81}.OptimizeDump|Win32.ActiveCfg = OptimizeDump|Win32
		{144B0B9E-E313-435D-BF26-CADC59114F81}.OptimizeDump|Win32.Build.0 = OptimizeDump|Win32
		{144B0B9E-E313-435D-BF26-CADC59114F81}.OptimizeDump|x64.ActiveCfg = OptimizeDump|Win32
		{144B0B9E-E313-435D-BF26-CADC59114F81}.Release|Win32.ActiveCfg = Release|Win32
		{144B0B9E-E313-435D-BF26-CADC59114F81}.Release|Win32.Build.0 = Release|Win32
		{144B0B9E-E313-435D-BF26-CADC59114F81}.Release|x64.ActiveCfg = Release|Win32
		{144B0B9E-E313-435D-BF26-CADC59114F81}.Release-Align8|Win32.ActiveCfg = Release|Win32
		{144B0B9E-E313-435D-BF26-CADC59114F81}.Release-Align8|Win32.Build.0 = Release|Win32
		{144B0B9E-E313-435D-BF26-CADC59114F81}.Release-Align8|x64.ActiveCfg = Release|Win32
		{5B4D8FA4-D90A-4A7B-A64A-D97002D598CC}.Align8|Win32.ActiveCfg = OptimizeDump|Win32
		{5B4D8FA4-D90A-4A7B-A64A-D97002D598CC}.Align8|Win32.Build.0 = OptimizeDump|Win32
		{5B4D8FA4-D90A-4A7B-A64A-D97002D598CC}.Align8|x64.ActiveCfg = OptimizeDump|Win32
		{5B4D8FA4-D90A-4A7B-A64A-D97002D598CC}.Debug|Win32.ActiveCfg = Debug|Win32
		{5B4D8FA4-D90A-4A7B-A64A-D97002D598CC}.Debug|Win32.Build.0 = Debug|Win32
		{5B4D8FA4-D90A-4A7B-A64A-D97002D598CC}.Debug|x64.ActiveCfg = Debug|Win32
		{5B4D8FA4-D90A-4A7B-A64A-D97002D598CC}.Debug-Align8|Win32.ActiveCfg = Debug|Win32
		{5B4D8FA4-D90A-4A7B-A64A-D97002D598CC}.Debug-Align8|Win32.Build.0 = Debug|Win32
		{5B4D8FA4-D90A-4A7B-A64A-D97002D598CC}.Debug-Align8|x64.ActiveCfg = Debug|Win32
		{5B4D8FA4-D90A-4A7B-A64A-D97002D598CC}.Debug-Align8-x64|Win32.ActiveCfg = Debug|Win32
		{5B4D8FA4-D90A-4A7B-A64A-D97002D598CC}.Debug-Align8-x64|Win32.Build.0 = Debug|Win32
		{5B4D8FA4-D90A-4A7B-A64A-D97002D598CC}.Debug-Align8-x64|x64.ActiveCfg = Debug|Win32
		{5B4D8FA4-D90A-4A7B-A64A-D97002D598CC}.OptimizeDump|Win32.ActiveCfg = OptimizeDump|Win32
		{5B4D8FA4-D90A-4A7B-A64A-D97002D598CC}.OptimizeDump|Win32.Build.0 = OptimizeDump|Win32
		{5B4D8FA4-D90A-4A7B-A64A-D97002D598CC}.OptimizeDump|x64.ActiveCfg = OptimizeDump|Win32
		{5B4D8FA4-D90A-4A7B-A64A-D97002D598CC}.Release|Win32.ActiveCfg = Release|Win32
		{5B4D8FA4-D90A-4A7B-A64A-D97002D598CC}.Release|Win32.Build.0 = Release|Win32
		{5B4D8FA4-D90A-4A7B-A64A-D97002D598CC}.Release|x64.ActiveCfg = Release|Win32
		{5B4D8FA4-D90A-4A7B-A64A-D97002D598CC}.Release-Align8|Win32.ActiveCfg = Release|Win32
		{5B4D8FA4-D90A-4A7B-A64A-D97002D598CC}.Release-Align8|Win32.Build.0 = Release|Win32
		{5B4D8FA4-D90A-4A7B-A64A-D97002D598CC}.Release-Align8|x64.ActiveCfg = Release|Win32
		{515440C0-6CA3-4C48-A217-CD96E458B8A1}.Align8|Win32.ActiveCfg = OptimizeDump|Win32
		{515440C0-6CA3-4C48-A217-CD96E458B8A1}.Align8|Win32.Build.0 = OptimizeDump|Win32
		{515440C0-6CA3-4C48-A217-CD96E458B8A1}.Align8|x64.ActiveCfg = OptimizeDump|Win32
		{515440C0-6CA3-4C48-A217-CD96E458B8A1}.Debug|Win32.ActiveCfg = Debug|Win32
		{515440C0-6CA3-4C48-A217-CD96E458B8A1}.Debug|Win32.Build.0 = Debug|Win32
		{515440C0-6CA3-4C48-A217-CD96E458B8A1}.Debug|x64.ActiveCfg = Debug|Win32
		{515440C0-6CA3-4C48-A217-CD96E458B8A1}.Debug-Align8|Win32.ActiveCfg = Debug|Win32
		{515440C0-6CA3-4C48-A217-CD96E458B8A1}.Debug-Align8|Win32.Build.0 = Debug|Win32
		{515440C0-6CA3-4C48-A217-CD96E458B8A1}.Debug-Align8|x64.ActiveCfg = Debug|Win32
		{515440C0-6CA3-4C48-A217-CD96E458B8A1}.Debug-Align8-x64|Win32.ActiveCfg = Debug|Win32
		{515440C0-6CA3-4C48-A217-CD96E458B8A1}.Debug-Align8-x64|Win32.Build.0 = Debug|Win32
		{515440C0-6CA3-4C48-A217-CD96E458B8A1}.Debug-Align8-x64|x64.ActiveCfg = Debug|Win32
		{515440C0-6CA3-4C48-A217-CD96E458B8A1}.OptimizeDump|Win32.ActiveCfg = OptimizeDump|Win32
		{515440C0-6CA3-4C48-A217-CD96E458B8A1}.OptimizeDump|Win32.Build.0 = OptimizeDump|Win32
		{515440C0-6CA3-4C48-A217-CD96E458B8A1}.OptimizeDump|x64.ActiveCfg = OptimizeDump|Win32
		{515440C0-6CA3-4C48-A217-CD96E458B8A1}.Release|Win32.ActiveCfg = Release|Win32
		{515440C0-6CA3-4C48-A217-CD96E458B8A1}.Release|Win32.Build.0 = Release|Win32
		{515440C0-6CA3-4C48-A217-CD96E458B8A1}.Release|x64.ActiveCfg = Release|Win32
		{515440C0-6CA3-4C48-A217-CD96E458B8A1}.Release-Align8|Win32.ActiveCfg = Release|Win32
		{515440C0-6CA3-4C48-A217-CD96E458B8A1}.Release-Align8|Win32.Build.0 = Release|Win32
		{515440C0-6CA3-4C48-A217-CD96E458B8A1}.Release-Align8|x64.ActiveCfg = Release|Win32
		{DD7D455A-7BE1-4570-A643-7AF551341025}.Align8|Win32.ActiveCfg = OptimizeDump|Win32
		{DD7D455A-7BE1-4570-A643-7AF551341025}.Align8|Win32.Build.0 = OptimizeDump|Win32
		{DD7D455A-7BE1-4570-A643-7AF551341025}.Align8|x64.ActiveCfg = OptimizeDump|Win32
		{DD7D455A-7BE1-4570-A643-7AF551341025}.Debug|Win32.ActiveCfg = Debug|Win32
		{DD7D455A-7BE1-4570-A643-7AF551341025}.Debug|Win32.Build.0 = Debug|Win32
		{DD7D455A-7BE1-4570-A643-7AF551341025}.Debug|x64.ActiveCfg = Debug|Win32
		{DD7D455A-7BE1-4570-A643-7AF551341025}.Debug-Align8|Win32.ActiveCfg = Debug|Win32
		{DD7D455A-7BE1-4570-A643-7AF551341025}.Debug-Align8|Win32.Build.0 = Debug|Win32
		{DD7D455A-7BE1-4570-A643-7AF551341025}.Debug-Align8|x64.ActiveCfg = Debug|Win32
		{DD7D455A-7BE1-4570-A643-7AF551341025}.Debug-Align8-x64|Win32.ActiveCfg = Debug|Win32
		{DD7D455A-7BE1-4570-A643-7AF551341025}.Debug-Align8-x64|Win32.Build.0 = Debug|Win32
		{DD7D455A-7BE1-4570-A643-7AF551341025}.Debug-Align8-x64|x64.ActiveCfg = Debug|Win32
		{DD7D455A-7BE1-4570-A643-7AF551341025}.OptimizeDump|Win32.ActiveCfg = OptimizeDump|Win32
		{DD7D455A-7BE1-4570-A643-7AF551341025}.OptimizeDump|Win32.Build.0 = OptimizeDump|Win32
		{DD7D455A-7BE1-4570-A643-7AF551341025}.OptimizeDump|x64.ActiveCfg = OptimizeDump|Win32
		{DD7D455A-7BE1-4570-A643-7AF551341025}.Release|Win32.ActiveCfg = Release|Win32
		{DD7D455A-7BE1-4570-A643-7AF551341025}.Release|Win32.Build.0 = Release|Win32
		{DD7D455A-7BE1-4570-A643-7AF551341025}.Release|x64.ActiveCfg = Release|Win32
		{DD7D455A-7BE1-4570-A643-7AF551341025}.Release-Align8|Win32.ActiveCfg = Release|Win32
		{DD7D455A-7BE1-4570-A643-7AF551341025}.Release-Align8|Win32.Build.0 = Release|Win32
		{DD7D455A-7BE1-4570-A643-7AF551341025}.Release-Align8|x64.ActiveCfg = Release|Win32
		{6916330F-0BD9-4682-9238-03E7531AEDA3}.Align8|Win32.ActiveCfg = OptimizeDump|Win32
		{6916330F-0BD9-4682-9238-03E7531AEDA3}.Align8|Win32.Build.0 = OptimizeDump|Win32
		{6916330F-0BD9-4682-9238-03E7531AEDA3}.Align8|x64.ActiveCfg = OptimizeDump|Win32
		{6916330F-0BD9-4682-9238-03E7531AEDA3}.Debug|Win32.ActiveCfg = Debug|Win32
		{6916330F-0BD9-4682-9238-03E7531AEDA3}.Debug|Win32.Build.0 = Debug|Win32
		{6916330F-0BD9-4682-9238-03E7531AEDA3}.Debug|x64.ActiveCfg = Debug|Win32
		{6916330F-0BD9-4682-9238-03E7531AEDA3}.Debug-Align8|Win32.ActiveCfg = Debug|Win32
		{6916330F-0BD9-4682-9238-03E7531AEDA3}.Debug-Align8|Win32.Build.0 = Debug|Win32
		{6916330F-0BD9-4682-9238-03E7531AEDA3}.Debug-Align8|x64.ActiveCfg = Debug|Win32
		{6916330F-0BD9-4682-9238-03E7531AEDA3}.Debug-Align8-x64|Win32.ActiveCfg = Debug|Win32
		{6916330F-0BD9-4682-9238-03E7531AEDA3}.Debug-Align8-x64|Win32.Build.0 = Debug|Win32
		{6916330F-0BD9-4682-9238-03E7531AEDA3}.Debug-Align8-x64|x64.ActiveCfg = Debug|Win32
		{6916330F-0BD9-4682-9238-03E7531AEDA3}.OptimizeDump|Win32.ActiveCfg = OptimizeDump|Win32
		{6916330F-0BD9-4682-9238-03E7531AEDA3}.OptimizeDump|Win32.Build.0 = OptimizeDump|Win32
		{6916330F-0BD9-4682-9238-03E7531AEDA3}.OptimizeDump|x64.ActiveCfg = OptimizeDump|Win32
		{6916330F-0BD9-4682-9238-03E7531AEDA3}.Release|Win32.ActiveCfg = Release|Win32
		{6916330F-0BD9-4682-9238-03E7531AEDA3}.Release|Win32.Build.0 = Release|Win32
		{6916330F-0BD9-4682-9238-03E7531AEDA3}.Release|x64.ActiveCfg = Release|Win32
		{6916330F-0BD9-4682-9238-03E7531AEDA3}.Release-Align8|Win32.ActiveCfg = Release|Win32
		{6916330F-0BD9-4682-9238-03E7531AEDA3}.Release-Align8|Win32.Build.0 = Release|Win32
		{6916330F-0BD9-4682-9238-03E7531AEDA3}.Release-Align8|x64.ActiveCfg = Release|Win32
		{0E284D2D-A970-4C50-8145-09791638F64D}.Align8|Win32.ActiveCfg = OptimizeDump|Win32
		{0E284D2D-A970-4C50-8145-09791638F64D}.Align8|Win32.Build.0 = OptimizeDump|Win32
		{0E284D2D-A970-4C50-8145-09791638F64D}.Align8|x64.ActiveCfg = OptimizeDump|Win32
		{0E284D2D-A970-4C50-8145-09791638F64D}.Debug|Win32.ActiveCfg = Debug|Win32
		{0E284D2D-A970-4C50-8145-09791638F64D}.Debug|Win32.Build.0 = Debug|Win32
		{0E284D2D-A970-4C50-8145-09791638F64D}.Debug|x64.ActiveCfg = Debug|Win32
		{0E284D2D-A970-4C50-8145-09791638F64D}.Debug-Align8|Win32.ActiveCfg = Debug|Win32
		{0E284D2D-A970-4C50-8145-09791638F64D}.Debug-Align8|Win32.Build.0 = Debug|Win32
		{0E284D2D-A970-4C50-8145-09791638F64D}.Debug-Align8|x64.ActiveCfg = Debug|Win32
		{0E284D2D-A970-4C50-8145-09791638F64D}.Debug-Align8-x64|Win32.ActiveCfg = Debug|Win32
		{0E284D2D-A970-4C50-8145-09791638F64D}.Debug-Align8-x64|Win32.Build.0 = Debug|Win32
		{0E284D2D-A970-4C50-8145-09791638F64D}.Debug-Align8-x64|x64.ActiveCfg = Debug|Win32
		{0E284D2D-A970-4C50-8145-09791638F64D}.OptimizeDump|Win32.ActiveCfg = OptimizeDump|Win32
		{0E284D2D-A970-4C50-8145-09791638F64D}.OptimizeDump|Win32.Build.0 = OptimizeDump|Win32
		{0E284D2D-A970-4C50-8145-09791638F64D}.OptimizeDump|x64.ActiveCfg = OptimizeDump|Win32
		{0E284D2D-A970-4C50-8145-09791638F64D}.Release|Win32.ActiveCfg = Release|Win32
		{0E284D2D-A970-4C50-8145-09791638F64D}.Release|Win32.Build.0 = Release|Win32
		{0E284D2D-A970-4C50-8145-09791638F64D}.Release|x64.ActiveCfg = Release|Win32
		{0E284D2D-A970-4C50-8145-09791638F64D}.Release-Align8|Win32.ActiveCfg = Release|Win32
		{0E284D2D-A970-4C50-8145-09791638F64D}.Release-Align8|Win32.Build.0 = Release|Win32
		{0E284D2D-A970-4C50-8145-09791638F64D}.Release-Align8|x64.ActiveCfg = Release|Win32
		{93B9ED57-9769-4B5F-90F5-1E7D640F58CA}.Align8|Win32.ActiveCfg = OptimizeDump|Win32
		{93B9ED57-9769-4B5F-90F5-1E7D640F58CA}.Align8|Win32.Build.0 = OptimizeDump|Win32
		{93B9ED57-9769-4B5F-90F5-1E7D640F58CA}.Align8|x64.ActiveCfg = OptimizeDump|Win32
		{93B9ED57-9769-4B5F-90F5-1E7D640F58CA}.Debug|Win32.ActiveCfg = Debug|Win32
		{93B9ED57-9769-4B5F-90F5-1E7D640F58CA}.Debug|Win32.Build.0 = Debug|Win32
		{93B9ED57-9769-4B5F-90F5-1E7D640F58CA}.Debug|x64.ActiveCfg = Debug|Win32
		{93B9ED57-9769-4B5F-90F5-1E7D640F58CA}.Debug-Align8|Win32.ActiveCfg = Debug|Win32
		{93B9ED57-9769-4B5F-90F5-1E7D640F58CA}.Debug-Align8|Win32.Build.0 = Debug|Win32
		{93B9ED57-9769-4B5F-90F5-1E7D640F58CA}.Debug-Align8|x64.ActiveCfg = Debug|Win32
		{93B9ED57-9769-4B5F-90F5-1E7D640F58CA}.Debug-Align8-x64|Win32.ActiveCfg = Debug|Win32
		{93B9ED57-9769-4B5F-90F5-1E7D640F58CA}.Debug-Align8-x64|Win32.Build.0 = Debug|Win32
		{93B9ED57-9769-4B5F-90F5-1E7D640F58CA}.Debug-Align8-x64|x64.ActiveCfg = Debug|Win32
		{93B9ED57-9769-4B5F-90F5-1E7D640F58CA}.OptimizeDump|Win32.ActiveCfg = OptimizeDump|Win32
		{93B9ED57-9769-4B5F-90F5-1E7D640F58CA}.OptimizeDump|Win32.Build.0 = OptimizeDump|Win32
		{93B9ED57-9769-4B5F-90F5-1E7D640F58CA}.OptimizeDump|x64.ActiveCfg = OptimizeDump|Win32
		{93B9ED57-9769-4B5F-90F5-1E7D640F58CA}.Release|Win32.ActiveCfg = Release|Win32
		{93B9ED57-9769-4B5F-90F5-1E7D640F58CA}.Release|Win32.Build.0 = Release|Win32
		{93B9ED57-9769-4B5F-90F5-1E7D640F58CA}.Release|x64.ActiveCfg = Release|Win32
		{93B9ED57-9769-4B5F-90F5-1E7D640F58CA}.Release-Align8|Win32.ActiveCfg = Release|Win32
		{93B9ED57-9769-4B5F-90F5-1E7D640F58CA}.Release-Align8|Win32.Build.0 = Release|Win32
		{93B9ED57-9769-4B5F-90F5-1E7D640F58CA}.Release-Align8|x64.ActiveCfg = Release|Win32
		{50889429-73BB-4B94-893C-146CFA04CBCD}.Align8|Win32.ActiveCfg = Release|Win32
		{50889429-73BB-4B94-893C-146CFA04CBCD}.Align8|Win32.Build.0 = Release|Win32
		{50889429-73BB-4B94-893C-146CFA04CBCD}.Align8|x64.ActiveCfg = Release|Win32
		{50889429-73BB-4B94-893C-146CFA04CBCD}.Debug|Win32.ActiveCfg = Debug|Win32
		{50889429-73BB-4B94-893C-146CFA04CBCD}.Debug|Win32.Build.0 = Debug|Win32
		{50889429-73BB-4B94-893C-146CFA04CBCD}.Debug|x64.ActiveCfg = Debug|Win32
		{50889429-73BB-4B94-893C-146CFA04CBCD}.Debug-Align8|Win32.ActiveCfg = Debug|Win32
		{50889429-73BB-4B94-893C-146CFA04CBCD}.Debug-Align8|Win32.Build.0 = Debug|Win32
		{50889429-73BB-4B94-893C-146CFA04CBCD}.Debug-Align8|x64.ActiveCfg = Debug|Win32
		{50889429-73BB-4B94-893C-146CFA04CBCD}.Debug-Align8-x64|Win32.ActiveCfg = Debug|Win32
		{50889429-73BB-4B94-893C-146CFA04CBCD}.Debug-Align8-x64|Win32.Build.0 = Debug|Win32
		{50889429-73BB-4B94-893C-146CFA04CBCD}.Debug-Align8-x64|x64.ActiveCfg = Debug|Win32
		{50889429-73BB-4B94-893C-146CFA04CBCD}.OptimizeDump|Win32.ActiveCfg = Release|Win32
		{50889429-73BB-4B94-893C-146CFA04CBCD}.OptimizeDump|Win32.Build.0 = Release|Win32
		{50889429-73BB-4B94-893C-146CFA04CBCD}.OptimizeDump|x64.ActiveCfg = Release|Win32
		{50889429-73BB-4B94-893C-146CFA04CBCD}.Release|Win32.ActiveCfg = Release|Win32
		{50889429-73BB-4B94-893C-146CFA04CBCD}.Release|Win32.Build.0 = Release|Win32
		{50889429-73BB-4B94-893C-146CFA04CBCD}.Release|x64.ActiveCfg = Release|Win32
		{50889429-73BB-4B94-893C-146CFA04CBCD}.Release-Align8|Win32.ActiveCfg = Release|Win32
		{50889429-73BB-4B94-893C-146CFA04CBCD}.Release-Align8|Win32.Build.0 = Release|Win32
		{50889429-73BB-4B94-893C-146CFA04CBCD}.Release-Align8|x64.ActiveCfg = Release|Win32
		{1AF79991-F234-4065-B702-505D6B04B48A}.Align8|Win32.ActiveCfg = Release|Win32
		{1AF79991-F234-4065-B702-505D6B04B48A}.Align8|Win32.Build.0 = Release|Win32
		{1AF79991-F234-4065-B702-505D6B04B48A}.Align8|x64.ActiveCfg = Release|Win32
		{1AF79991-F234-4065-B702-505D6B04B48A}.Debug|Win32.ActiveCfg = Debug|Win32
		{1AF79991-F234-4065-B702-505D6B04B48A}.Debug|Win32.Build.0 = Debug|Win32
		{1AF79991-F234-4065-B702-505D6B04B48A}.Debug|x64.ActiveCfg = Debug|Win32
		{1AF79991-F234-4065-B702-505D6B04B48A}.Debug-Align8|Win32.ActiveCfg = Debug|Win32
		{1AF79991-F234-4065-B702-505D6B04B48A}.Debug-Align8|Win32.Build.0 = Debug|Win32
		{1AF79991-F234-4065-B702-505D6B04B48A}.Debug-Align8|x64.ActiveCfg = Debug|Win32
		{1AF79991-F234-4065-B702-505D6B04B48A}.Debug-Align8-x64|Win32.ActiveCfg = Debug|Win32
		{1AF79991-F234-4065-B702-505D6B04B48A}.Debug-Align8-x64|Win32.Build.0 = Debug|Win32
		{1AF79991-F234-4065-B702-505D6B04B48A}.Debug-Align8-x64|x64.ActiveCfg = Debug|Win32
		{1AF79991-F234-4065-B702-505D6B04B48A}.OptimizeDump|Win32.ActiveCfg = Release|Win32
		{1AF79991-F234-4065-B702-505D6B04B48A}.OptimizeDump|Win32.Build.0 = Release|Win32
		{1AF79991-F234-4065-B702-505D6B04B48A}.OptimizeDump|x64.ActiveCfg = Release|Win32
		{1AF79991-F234-4065-B702-505D6B04B48A}.Release|Win32.ActiveCfg = Release|Win32
		{1AF79991-F234-4065-B702-505D6B04B48A}.Release|Win32.Build.0 = Release|Win32
		{1AF79991-F234-4065-B702-505D6B04B48A}.Release|x64.ActiveCfg = Release|Win32
		{1AF79991-F234-4065-B702-505D6B04B48A}.Release-Align8|Win32.ActiveCfg = Release|Win32
		{1AF79991-F234-4065-B702-505D6B04B48A}.Release-Align8|Win32.Build.0 = Release|Win32
		{1AF79991-F234-4065-B702-505D6B04B48A}.Release-Align8|x64.ActiveCfg = Release|Win32
		{90FDBB78-B8F5-4CE4-84F7-1A1DEECB2A28}.Align8|Win32.ActiveCfg = Release|Win32
		{90FDBB78-B8F5-4CE4-84F7-1A1DEECB2A28}.Align8|Win32.Build.0 = Release|Win32
		{90FDBB78-B8F5-4CE4-84F7-1A1DEECB2A28}.Align8|x64.ActiveCfg = Release|Win32
		{90FDBB78-B8F5-4CE4-84F7-1A1DEECB2A28}.Debug|Win32.ActiveCfg = Debug|Win32
		{90FDBB78-B8F5-4CE4-84F7-1A1DEECB2A28}.Debug|Win32.Build.0 = Debug|Win32
		{90FDBB78-B8F5-4CE4-84F7-1A1DEECB2A28}.Debug|x64.ActiveCfg = Debug|Win32
		{90FDBB78-B8F5-4CE4-84F7-1A1DEECB2A28}.Debug-Align8|Win32.ActiveCfg = Debug|Win32
		{90FDBB78-B8F5-4CE4-84F7-1A1DEECB2A28}.Debug-Align8|Win32.Build.0 = Debug|Win32
		{90FDBB78-B8F5-4CE4-84F7-1A1DEECB2A28}.Debug-Align8|x64.ActiveCfg = Debug|Win32
		{90FDBB78-B8F5-4CE4-84F7-1A1DEECB2A28}.Debug-Align8-x64|Win32.ActiveCfg = Debug|Win32
		{90FDBB78-B8F5-4CE4-84F7-1A1DEECB2A28}.Debug-Align8-x64|Win32.Build.0 = Debug|Win32
		{90FDBB78-B8F5-4CE4-84F7-1A1DEECB2A28}.Debug-Align8-x64|x64.ActiveCfg = Debug|Win32
		{90FDBB78-B8F5-4CE4-84F7-1A1DEECB2A28}.OptimizeDump|Win32.ActiveCfg = Release|Win32
		{90FDBB78-B8F5-4CE4-84F7-1A1DEECB2A28}.OptimizeDump|Win32.Build.0 = Release|Win32
		{90FDBB78-B8F5-4CE4-84F7-1A1DEECB2A28}.OptimizeDump|x64.ActiveCfg = Release|Win32
		{90FDBB78-B8F5-4CE4-84F7-1A1DEECB2A28}.Release|Win32.ActiveCfg = Release|Win32
		{90FDBB78-B8F5-4CE4-84F7-1A1DEECB2A28}.Release|Win32.Build.0 = Release|Win32
		{90FDBB78-B8F5-4CE4-84F7-1A1DEECB2A28}.Release|x64.ActiveCfg = Release|Win32
		{90FDBB78-B8F5-4CE4-84F7-1A1DEECB2A28}.Release-Align8|Win32.ActiveCfg = Release|Win32
		{90FDBB78-B8F5-4CE4-84F7-1A1DEECB2A28}.Release-Align8|Win32.Build.0 = Release|Win32
		{90FDBB78-B8F5-4CE4-84F7-1A1DEECB2A28}.Release-Align8|x64.ActiveCfg = Release|Win32
		{A8DB76E9-CB61-463E-A131-0F11B7F39A46}.Align8|Win32.ActiveCfg = Release|Win32
		{A8DB76E9-CB61-463E-A131-0F11B7F39A46}.Align8|Win32.Build.0 = Release|Win32
		{A8DB76E9-CB61-463E-A131-0F11B7F39A46}.Align8|x64.ActiveCfg = Release|Win32
		{A8DB76E9-CB61-463E-A131-0F11B7F39A46}.Debug|Win32.ActiveCfg = Debug|Win32
		{A8DB76E9-CB61-463E-A131-0F11B7F39A46}.Debug|Win32.Build.0 = Debug|Win32
		{A8DB76E9-CB61-463E-A131-0F11B7F39A46}.Debug|x64.ActiveCfg = Debug|Win32
		{A8DB76E9-CB61-463E-A131-0F11B7F39A46}.Debug-Align8|Win32.ActiveCfg = Debug|Win32
		{A8DB76E9-CB61-463E-A131-0F11B7F39A46}.Debug-Align8|Win32.Build.0 = Debug|Win32
		{A8DB76E9-CB61-463E-A131-0F11B7F39A46}.Debug-Align8|x64.ActiveCfg = Debug|Win32
		{A8DB76E9-CB61-463E-A131-0F11B7F39A46}.Debug-Align8-x64|Win32.ActiveCfg = Debug|Win32
		{A8DB76E9-CB61-463E-A131-0F11B7F39A46}.Debug-Align8-x64|Win32.Build.0 = Debug|Win32
		{A8DB76E9-CB61-463E-A131-0F11B7F39A46}.Debug-Align8-x64|x64.ActiveCfg = Debug|Win32
		{A8DB76E9-CB61-463E-A131-0F11B7F39A46}.OptimizeDump|Win32.ActiveCfg = Release|Win32
		{A8DB76E9-CB61-463E-A131-0F11B7F39A46}.OptimizeDump|Win32.Build.0 = Release|Win32
		{A8DB76E9-CB61-463E-A131-0F11B7F39A46}.OptimizeDump|x64.ActiveCfg = Release|Win32
		{A8DB76E9-CB61-463E-A131-0F11B7F39A46}.Release|Win32.ActiveCfg = Release|Win32
		{A8DB76E9-CB61-463E-A131-0F11B7F39A46}.Release|Win32.Build.0 = Release|Win32
		{A8DB76E9-CB61-463E-A131-0F11B7F39A46}.Release|x64.ActiveCfg = Release|Win32
		{A8DB76E9-CB61-463E-A131-0F11B7F39A46}.Release-Align8|Win32.ActiveCfg = Release|Win32
		{A8DB76E9-CB61-463E-A131-0F11B7F39A46}.Release-Align8|Win32.Build.0 = Release|Win32
		{A8DB76E9-CB61-463E-A131-0F11B7F39A46}.Release-Align8|x64.ActiveCfg = Release|Win32
		{ACF6CFC4-AD29-4789-95A0-90F1E4355AC4}.Align8|Win32.ActiveCfg = Release|x64
		{ACF6CFC4-AD29-4789-95A0-90F1E4355AC4}.Align8|x64.ActiveCfg = Release|x64
		{ACF6CFC4-AD29-4789-95A0-90F1E4355AC4}.Align8|x64.Build.0 = Release|x64
		{ACF6CFC4-AD29-4789-95A0-90F1E4355AC4}.Debug|Win32.ActiveCfg = Debug|Win32
		{ACF6CFC4-AD29-4789-95A0-90F1E4355AC4}.Debug|Win32.Build.0 = Debug|Win32
		{ACF6CFC4-AD29-4789-95A0-90F1E4355AC4}.Debug|x64.ActiveCfg = Debug|Win32
		{ACF6CFC4-AD29-4789-95A0-90F1E4355AC4}.Debug-Align8|Win32.ActiveCfg = Debug|x64
		{ACF6CFC4-AD29-4789-95A0-90F1E4355AC4}.Debug-Align8|x64.ActiveCfg = Debug|x64
		{ACF6CFC4-AD29-4789-95A0-90F1E4355AC4}.Debug-Align8|x64.Build.0 = Debug|x64
		{ACF6CFC4-AD29-4789-95A0-90F1E4355AC4}.Debug-Align8-x64|Win32.ActiveCfg = Debug|x64
		{ACF6CFC4-AD29-4789-95A0-90F1E4355AC4}.Debug-Align8-x64|x64.ActiveCfg = Debug|x64
		{ACF6CFC4-AD29-4789-95A0-90F1E4355AC4}.Debug-Align8-x64|x64.Build.0 = Debug|x64
		{ACF6CFC4-AD29-4789-95A0-90F1E4355AC4}.OptimizeDump|Win32.ActiveCfg = Release|Win32
		{ACF6CFC4-AD29-4789-95A0-90F1E4355AC4}.OptimizeDump|Win32.Build.0 = Release|Win32
		{ACF6CFC4-AD29-4789-95A0-90F1E4355AC4}.OptimizeDump|x64.ActiveCfg = Release|Win32
		{ACF6CFC4-AD29-4789-95A0-90F1E4355AC4}.Release|Win32.ActiveCfg = Release|Win32
		{ACF6CFC4-AD29-4789-95A0-90F1E4355AC4}.Release|Win32.Build.0 = Release|Win32
		{ACF6CFC4-AD29-4789-95A0-90F1E4355AC4}.Release|x64.ActiveCfg = Release|Win32
		{ACF6CFC4-AD29-4789-95A0-90F1E4355AC4}.Release-Align8|Win32.ActiveCfg = Release|x64
		{ACF6CFC4-AD29-4789-95A0-90F1E4355AC4}.Release-Align8|x64.ActiveCfg = Release|x64
		{ACF6CFC4-AD29-4789-95A0-90F1E4355AC4}.Release-Align8|x64.Build.0 = Release|x64
		{42589077-5CD8-4448-BE74-A2B84C31CF60}.Align8|Win32.ActiveCfg = Release|x64
		{42589077-5CD8-4448-BE74-A2B84C31CF60}.Align8|x64.ActiveCfg = Release|x64
		{42589077-5CD8-4448-BE74-A2B84C31CF60}.Align8|x64.Build.0 = Release|x64
		{42589077-5CD8-4448-BE74-A2B84C31CF60}.Debug|Win32.ActiveCfg = Debug|Win32
		{42589077-5CD8-4448-BE74-A2B84C31CF60}.Debug|Win32.Build.0 = Debug|Win32
		{42589077-5CD8-4448-BE74-A2B84C31CF60}.Debug|x64.ActiveCfg = Debug|Win32
		{42589077-5CD8-4448-BE74-A2B84C31CF60}.Debug-Align8|Win32.ActiveCfg = Debug|x64
		{42589077-5CD8-4448-BE74-A2B84C31CF60}.Debug-Align8|x64.ActiveCfg = Debug|x64
		{42589077-5CD8-4448-BE74-A2B84C31CF60}.Debug-Align8|x64.Build.0 = Debug|x64
		{42589077-5CD8-4448-BE74-A2B84C31CF60}.Debug-Align8-x64|Win32.ActiveCfg = Debug|x64
		{42589077-5CD8-4448-BE74-A2B84C31CF60}.Debug-Align8-x64|x64.ActiveCfg = Debug|x64
		{42589077-5CD8-4448-BE74-A2B84C31CF60}.Debug-Align8-x64|x64.Build.0 = Debug|x64
		{42589077-5CD8-4448-BE74-A2B84C31CF60}.OptimizeDump|Win32.ActiveCfg = Release|Win32
		{42589077-5CD8-4448-BE74-A2B84C31CF60}.OptimizeDump|Win32.Build.0 = Release|Win32
		{42589077-5CD8-4448-BE74-A2B84C31CF60}.OptimizeDump|x64.ActiveCfg = Release|Win32
		{42589077-5CD8-4448-BE74-A2B84C31CF60}.Release|Win32.ActiveCfg = Release|Win32
		{42589077-5CD8-4448-BE74-A2B84C31CF60}.Release|Win32.Build.0 = Release|Win32
		{42589077-5CD8-4448-BE74-A2B84C31CF60}.Release|x64.ActiveCfg = Release|Win32
		{42589077-5CD8-4448-BE74-A2B84C31CF60}.Release-Align8|Win32.ActiveCfg = Release|x64
		{42589077-5CD8-4448-BE74-A2B84C31CF60}.Release-Align8|x64.ActiveCfg = Release|x64
		{42589077-5CD8-4448-BE74-A2B84C31CF60}.Release-Align8|x64.Build.0 = Release|x64
		{D00A447A-91D3-4DF1-B5D2-87639C7D64DE}.Align8|Win32.ActiveCfg = OptimizeDump|x64
		{D00A447A-91D3-4DF1-B5D2-87639C7D64DE}.Align8|x64.ActiveCfg = OptimizeDump|x64
		{D00A447A-91D3-4DF1-B5D2-87639C7D64DE}.Align8|x64.Build.0 = OptimizeDump|x64
		{D00A447A-91D3-4DF1-B5D2-87639C7D64DE}.Debug|Win32.ActiveCfg = Debug|Win32
		{D00A447A-91D3-4DF1-B5D2-87639C7D64DE}.Debug|Win32.Build.0 = Debug|Win32
		{D00A447A-91D3-4DF1-B5D2-87639C7D64DE}.Debug|x64.ActiveCfg = Debug|Win32
		{D00A447A-91D3-4DF1-B5D2-87639C7D64DE}.Debug-Align8|Win32.ActiveCfg = Debug|x64
		{D00A447A-91D3-4DF1-B5D2-87639C7D64DE}.Debug-Align8|x64.ActiveCfg = Debug|x64
		{D00A447A-91D3-4DF1-B5D2-87639C7D64DE}.Debug-Align8|x64.Build.0 = Debug|x64
		{D00A447A-91D3-4DF1-B5D2-87639C7D64DE}.Debug-Align8-x64|Win32.ActiveCfg = Debug|x64
		{D00A447A-91D3-4DF1-B5D2-87639C7D64DE}.Debug-Align8-x64|x64.ActiveCfg = Debug|x64
		{D00A447A-91D3-4DF1-B5D2-87639C7D64DE}.Debug-Align8-x64|x64.Build.0 = Debug|x64
		{D00A447A-91D3-4DF1-B5D2-87639C7D64DE}.OptimizeDump|Win32.ActiveCfg = OptimizeDump|Win32
		{D00A447A-91D3-4DF1-B5D2-87639C7D64DE}.OptimizeDump|Win32.Build.0 = OptimizeDump|Win32
		{D00A447A-91D3-4DF1-B5D2-87639C7D64DE}.OptimizeDump|x64.ActiveCfg = OptimizeDump|Win32
		{D00A447A-91D3-4DF1-B5D2-87639C7D64DE}.Release|Win32.ActiveCfg = Release|Win32
		{D00A447A-91D3-4DF1-B5D2-87639C7D64DE}.Release|Win32.Build.0 = Release|Win32
		{D00A447A-91D3-4DF1-B5D2-87639C7D64DE}.Release|x64.ActiveCfg = Release|Win32
		{D00A447A-91D3-4DF1-B5D2-87639C7D64DE}.Release-Align8|Win32.ActiveCfg = Release|x64
		{D00A447A-91D3-4DF1-B5D2-87639C7D64DE}.Release-Align8|x64.ActiveCfg = Release|x64
		{D00A447A-91D3-4DF1-B5D2-87639C7D64DE}.Release-Align8|x64.Build.0 = Release|x64
		{764D9A7E-D61D-4ABC-AB61-BA16974E9A56}.Align8|Win32.ActiveCfg = OptimizeDump|x64
		{764D9A7E-D61D-4ABC-AB61-BA16974E9A56}.Align8|x64.ActiveCfg = OptimizeDump|x64
		{764D9A7E-D61D-4ABC-AB61-BA16974E9A56}.Align8|x64.Build.0 = OptimizeDump|x64
		{764D9A7E-D61D-4ABC-AB61-BA16974E9A56}.Debug|Win32.ActiveCfg = Debug|Win32
		{764D9A7E-D61D-4ABC-AB61-BA16974E9A56}.Debug|Win32.Build.0 = Debug|Win32
		{764D9A7E-D61D-4ABC-AB61-BA16974E9A56}.Debug|x64.ActiveCfg = Debug|Win32
		{764D9A7E-D61D-4ABC-AB61-BA16974E9A56}.Debug-Align8|Win32.ActiveCfg = Debug|x64
		{764D9A7E-D61D-4ABC-AB61-BA16974E9A56}.Debug-Align8|x64.ActiveCfg = Debug|x64
		{764D9A7E-D61D-4ABC-AB61-BA16974E9A56}.Debug-Align8|x64.Build.0 = Debug|x64
		{764D9A7E-D61D-4ABC-AB61-BA16974E9A56}.Debug-Align8-x64|Win32.ActiveCfg = Debug|x64
		{764D9A7E-D61D-4ABC-AB61-BA16974E9A56}.Debug-Align8-x64|x64.ActiveCfg = Debug|x64
		{764D9A7E-D61D-4ABC-AB61-BA16974E9A56}.Debug-Align8-x64|x64.Build.0 = Debug|x64
		{764D9A7E-D61D-4ABC-AB61-BA16974E9A56}.OptimizeDump|Win32.ActiveCfg = OptimizeDump|Win32
		{764D9A7E-D61D-4ABC-AB61-BA16974E9A56}.OptimizeDump|Win32.Build.0 = OptimizeDump|Win32
		{764D9A7E-D61D-4ABC-AB61-BA16974E9A56}.OptimizeDump|x64.ActiveCfg = OptimizeDump|Win32
		{764D9A7E-D61D-4ABC-AB61-BA16974E9A56}.Release|Win32.ActiveCfg = Release|Win32
		{764D9A7E-D61D-4ABC-AB61-BA16974E9A56}.Release|Win32.Build.0 = Release|Win32
		{764D9A7E-D61D-4ABC-AB61-BA16974E9A56}.Release|x64.ActiveCfg = Release|Win32
		{764D9A7E-D61D-4ABC-AB61-BA16974E9A56}.Release-Align8|Win32.ActiveCfg = Release|x64
		{764D9A7E-D61D-4ABC-AB61-BA16974E9A56}.Release-Align8|x64.ActiveCfg = Release|x64
		{764D9A7E-D61D-4ABC-AB61-BA16974E9A56}.Release-Align8|x64.Build.0 = Release|x64
		{DB5F94A0-30CA-45F0-B27F-C9B636AC2897}.Align8|Win32.ActiveCfg = Release|Win32
		{DB5F94A0-30CA-45F0-B27F-C9B636AC2897}.Align8|Win32.Build.0 = Release|Win32
		{DB5F94A0-30CA-45F0-B27F-C9B636AC2897}.Align8|x64.ActiveCfg = Release|Win32
		{DB5F94A0-30CA-45F0-B27F-C9B636AC2897}.Debug|Win32.ActiveCfg = Debug|Win32
		{DB5F94A0-30CA-45F0-B27F-C9B636AC2897}.Debug|Win32.Build.0 = Debug|Win32
		{DB5F94A0-30CA-45F0-B27F-C9B636AC2897}.Debug|x64.ActiveCfg = Debug|Win32
		{DB5F94A0-30CA-45F0-B27F-C9B636AC2897}.Debug-Align8|Win32.ActiveCfg = Debug|Win32
		{DB5F94A0-30CA-45F0-B27F-C9B636AC2897}.Debug-Align8|Win32.Build.0 = Debug|Win32
		{DB5F94A0-30CA-45F0-B27F-C9B636AC2897}.Debug-Align8|x64.ActiveCfg = Debug|Win32
		{DB5F94A0-30CA-45F0-B27F-C9B636AC2897}.Debug-Align8-x64|Win32.ActiveCfg = Debug|Win32
		{DB5F94A0-30CA-45F0-B27F-C9B636AC2897}.Debug-Align8-x64|Win32.Build.0 = Debug|Win32
		{DB5F94A0-30CA-45F0-B27F-C9B636AC2897}.Debug-Align8-x64|x64.ActiveCfg = Debug|Win32
		{DB5F94A0-30CA-45F0-B27F-C9B636AC2897}.OptimizeDump|Win32.ActiveCfg = Release|Win32
		{DB5F94A0-30CA-45F0-B27F-C9B636AC2897}.OptimizeDump|Win32.Build.0 = Release|Win32
		{DB5F94A0-30CA-45F0-B27F-C9B636AC2897}.OptimizeDump|x64.ActiveCfg = Release|Win32
		{DB5F94A0-30CA-45F0-B27F-C9B636AC2897}.Release|Win32.ActiveCfg = Release|Win32
		{DB5F94A0-30CA-45F0-B27F-C9B636AC2897}.Release|Win32.Build.0 = Release|Win32
		{DB5F94A0-30CA-45F0-B27F-C9B636AC2897}.Release|x64.ActiveCfg = Release|Win32
		{DB5F94A0-30CA-45F0-B27F-C9B636AC2897}.Release-Align8|Win32.ActiveCfg = Release|Win32
		{DB5F94A0-30CA-45F0-B27F-C9B636AC2897}.Release-Align8|Win32.Build.0 = Release|Win32
		{DB5F94A0-30CA-45F0-B27F-C9B636AC2897}.Release-Align8|x64.ActiveCfg = Release|Win32
		{B99DF6AA-F30C-4258-B4B5-755BAB82F200}.Align8|Win32.ActiveCfg = Release|x64
		{B99DF6AA-F30C-4258-B4B5-755BAB82F200}.Align8|x64.ActiveCfg = Release|x64
		{B99DF6AA-F30C-4258-B4B5-755BAB82F200}.Align8|x64.Build.0 = Release|x64
		{B99DF6AA-F30C-4258-B4B5-755BAB82F200}.Debug|Win32.ActiveCfg = Debug|Win32
		{B99DF6AA-F30C-4258-B4B5-755BAB82F200}.Debug|Win32.Build.0 = Debug|Win32
		{B99DF6AA-F30C-4258-B4B5-755BAB82F200}.Debug|x64.ActiveCfg = Debug|Win32
		{B99DF6AA-F30C-4258-B4B5-755BAB82F200}.Debug-Align8|Win32.ActiveCfg = Debug|x64
		{B99DF6AA-F30C-4258-B4B5-755BAB82F200}.Debug-Align8|x64.ActiveCfg = Debug|x64
		{B99DF6AA-F30C-4258-B4B5-755BAB82F200}.Debug-Align8|x64.Build.0 = Debug|x64
		{B99DF6AA-F30C-4258-B4B5-755BAB82F200}.Debug-Align8-x64|Win32.ActiveCfg = Debug|x64
		{B99DF6AA-F30C-4258-B4B5-755BAB82F200}.Debug-Align8-x64|x64.ActiveCfg = Debug|x64
		{B99DF6AA-F30C-4258-B4B5-755BAB82F200}.Debug-Align8-x64|x64.Build.0 = Debug|x64
		{B99DF6AA-F30C-4258-B4B5-755BAB82F200}.OptimizeDump|Win32.ActiveCfg = Release|Win32
		{B99DF6AA-F30C-4258-B4B5-755BAB82F200}.OptimizeDump|Win32.Build.0 = Release|Win32
		{B99DF6AA-F30C-4258-B4B5-755BAB82F200}.OptimizeDump|x64.ActiveCfg = Release|Win32
		{B99DF6AA-F30C-4258-B4B5-755BAB82F200}.Release|Win32.ActiveCfg = Release|x64
		{B99DF6AA-F30C-4258-B4B5-755BAB82F200}.Release|Win32.Build.0 = Release|x64
		{B99DF6AA-F30C-4258-B4B5-755BAB82F200}.Release|x64.ActiveCfg = Release|Win32
		{B99DF6AA-F30C-4258-B4B5-755BAB82F200}.Release-Align8|Win32.ActiveCfg = Release|x64
		{B99DF6AA-F30C-4258-B4B5-755BAB82F200}.Release-Align8|x64.ActiveCfg = Release|x64
		{B99DF6AA-F30C-4258-B4B5-755BAB82F200}.Release-Align8|x64.Build.0 = Release|x64
		{75DF165A-3D77-49B6-AEA0-CC9765368B53}.Align8|Win32.ActiveCfg = Release|Win32
		{75DF165A-3D77-49B6-AEA0-CC9765368B53}.Align8|Win32.Build.0 = Release|Win32
		{75DF165A-3D77-49B6-AEA0-CC9765368B53}.Align8|x64.ActiveCfg = Release|Win32
		{75DF165A-3D77-49B6-AEA0-CC9765368B53}.Debug|Win32.ActiveCfg = Debug|Win32
		{75DF165A-3D77-49B6-AEA0-CC9765368B53}.Debug|Win32.Build.0 = Debug|Win32
		{75DF165A-3D77-49B6-AEA0-CC9765368B53}.Debug|x64.ActiveCfg = Debug|Win32
		{75DF165A-3D77-49B6-AEA0-CC9765368B53}.Debug-Align8|Win32.ActiveCfg = Debug|Win32
		{75DF165A-3D77-49B6-AEA0-CC9765368B53}.Debug-Align8|Win32.Build.0 = Debug|Win32
		{75DF165A-3D77-49B6-AEA0-CC9765368B53}.Debug-Align8|x64.ActiveCfg = Debug|Win32
		{75DF165A-3D77-49B6-AEA0-CC9765368B53}.Debug-Align8-x64|Win32.ActiveCfg = Debug|Win32
		{75DF165A-3D77-49B6-AEA0-CC9765368B53}.Debug-Align8-x64|Win32.Build.0 = Debug|Win32
		{75DF165A-3D77-49B6-AEA0-CC9765368B53}.Debug-Align8-x64|x64.ActiveCfg = Debug|Win32
		{75DF165A-3D77-49B6-AEA0-CC9765368B53}.OptimizeDump|Win32.ActiveCfg = Release|Win32
		{75DF165A-3D77-49B6-AEA0-CC9765368B53}.OptimizeDump|Win32.Build.0 = Release|Win32
		{75DF165A-3D77-49B6-AEA0-CC9765368B53}.OptimizeDump|x64.ActiveCfg = Release|Win32
		{75DF165A-3D77-49B6-AEA0-CC9765368B53}.Release|Win32.ActiveCfg = Release|Win32
		{75DF165A-3D77-49B6-AEA0-CC9765368B53}.Release|Win32.Build.0 = Release|Win32
		{75DF165A-3D77-49B6-AEA0-CC9765368B53}.Release|x64.ActiveCfg = Release|Win32
		{75DF165A-3D77-49B6-AEA0-CC9765368B53}.Release-Align8|Win32.ActiveCfg = Release|Win32
		{75DF165A-3D77-49B6-AEA0-CC9765368B53}.Release-Align8|Win32.Build.0 = Release|Win32
		{75DF165A-3D77-49B6-AEA0-CC9765368B53}.Release-Align8|x64.ActiveCfg = Release|Win32
		{5E29C1A7-7F8A-4D4D-AE3D-0B91EF419432}.Align8|Win32.ActiveCfg = Align8|Win32
		{5E29C1A7-7F8A-4D4D-AE3D-0B91EF419432}.Align8|Win32.Build.0 = Align8|Win32
		{5E29C1A7-7F8A-4D4D-AE3D-0B91EF419432}.Align8|x64.ActiveCfg = Align8|x64
		{5E29C1A7-7F8A-4D4D-AE3D-0B91EF419432}.Align8|x64.Build.0 = Align8|x64
		{5E29C1A7-7F8A-4D4D-AE3D-0B91EF419432}.Debug|Win32.ActiveCfg = Debug|Win32
		{5E29C1A7-7F8A-4D4D-AE3D-0B91EF419432}.Debug|Win32.Build.0 = Debug|Win32
		{5E29C1A7-7F8A-4D4D-AE3D-0B91EF419432}.Debug|x64.ActiveCfg = Debug|x64
		{5E29C1A7-7F8A-4D4D-AE3D-0B91EF419432}.Debug|x64.Build.0 = Debug|x64
		{5E29C1A7-7F8A-4D4D-AE3D-0B91EF419432}.Debug-Align8|Win32.ActiveCfg = Debug-Align8|Win32
		{5E29C1A7-7F8A-4D4D-AE3D-0B91EF419432}.Debug-Align8|Win32.Build.0 = Debug-Align8|Win32
		{5E29C1A7-7F8A-4D4D-AE3D-0B91EF419432}.Debug-Align8|x64.ActiveCfg = Debug-Align8|x64
		{5E29C1A7-7F8A-4D4D-AE3D-0B91EF419432}.Debug-Align8-x64|Win32.ActiveCfg = Debug-Align8|x64
		{5E29C1A7-7F8A-4D4D-AE3D-0B91EF419432}.Debug-Align8-x64|x64.ActiveCfg = Debug-Align8|Win32
		{5E29C1A7-7F8A-4D4D-AE3D-0B91EF419432}.OptimizeDump|Win32.ActiveCfg = Release|Win32
		{5E29C1A7-7F8A-4D4D-AE3D-0B91EF419432}.OptimizeDump|Win32.Build.0 = Release|Win32
		{5E29C1A7-7F8A-4D4D-AE3D-0B91EF419432}.OptimizeDump|x64.ActiveCfg = Release|Win32
		{5E29C1A7-7F8A-4D4D-AE3D-0B91EF419432}.Release|Win32.ActiveCfg = Release|Win32
		{5E29C1A7-7F8A-4D4D-AE3D-0B91EF419432}.Release|Win32.Build.0 = Release|Win32
		{5E29C1A7-7F8A-4D4D-AE3D-0B91EF419432}.Release|x64.ActiveCfg = Release|Win32
		{5E29C1A7-7F8A-4D4D-AE3D-0B91EF419432}.Release-Align8|Win32.ActiveCfg = Release-Align8|Win32
		{5E29C1A7-7F8A-4D4D-AE3D-0B91EF419432}.Release-Align8|Win32.Build.0 = Release-Align8|Win32
		{5E29C1A7-7F8A-4D4D-AE3D-0B91EF419432}.Release-Align8|x64.ActiveCfg = Release-Align8|x64
		{5E29C1A7-7F8A-4D4D-AE3D-0B91EF419432}.Release-Align8|x64.Build.0 = Release-Align8|x64
		{AEE0A0C5-3248-4FBA-92BA-8C33128A44E2}.Align8|Win32.ActiveCfg = Release|Win32
		{AEE0A0C5-3248-4FBA-92BA-8C33128A44E2}.Align8|Win32.Build.0 = Release|Win32
		{AEE0A0C5-3248-4FBA-92BA-8C33128A44E2}.Align8|x64.ActiveCfg = Release|Win32
		{AEE0A0C5-3248-4FBA-92BA-8C33128A44E2}.Debug|Win32.ActiveCfg = Debug|Win32
		{AEE0A0C5-3248-4FBA-92BA-8C33128A44E2}.Debug|Win32.Build.0 = Debug|Win32
		{AEE0A0C5-3248-4FBA-92BA-8C33128A44E2}.Debug|x64.ActiveCfg = Debug|Win32
		{AEE0A0C5-3248-4FBA-92BA-8C33128A44E2}.Debug-Align8|Win32.ActiveCfg = Debug|Win32
		{AEE0A0C5-3248-4FBA-92BA-8C33128A44E2}.Debug-Align8|Win32.Build.0 = Debug|Win32
		{AEE0A0C5-3248-4FBA-92BA-8C33128A44E2}.Debug-Align8|x64.ActiveCfg = Debug|Win32
		{AEE0A0C5-3248-4FBA-92BA-8C33128A44E2}.Debug-Align8-x64|Win32.ActiveCfg = Debug|Win32
		{AEE0A0C5-3248-4FBA-92BA-8C33128A44E2}.Debug-Align8-x64|Win32.Build.0 = Debug|Win32
		{AEE0A0C5-3248-4FBA-92BA-8C33128A44E2}.Debug-Align8-x64|x64.ActiveCfg = Debug|Win32
		{AEE0A0C5-3248-4FBA-92BA-8C33128A44E2}.OptimizeDump|Win32.ActiveCfg = Release|Win32
		{AEE0A0C5-3248-4FBA-92BA-8C33128A44E2}.OptimizeDump|Win32.Build.0 = Release|Win32
		{AEE0A0C5-3248-4FBA-92BA-8C33128A44E2}.OptimizeDump|x64.ActiveCfg = Release|Win32
		{AEE0A0C5-3248-4FBA-92BA-8C33128A44E2}.Release|Win32.ActiveCfg = Release|Win32
		{AEE0A0C5-3248-4FBA-92BA-8C33128A44E2}.Release|Win32.Build.0 = Release|Win32
		{AEE0A0C5-3248-4FBA-92BA-8C33128A44E2}.Release|x64.ActiveCfg = Release|Win32
		{AEE0A0C5-3248-4FBA-92BA-8C33128A44E2}.Release-Align8|Win32.ActiveCfg = Release|Win32
		{AEE0A0C5-3248-4FBA-92BA-8C33128A44E2}.Release-Align8|Win32.Build.0 = Release|Win32
		{AEE0A0C5-3248-4FBA-92BA-8C33128A44E2}.Release-Align8|x64.ActiveCfg = Release|Win32
	EndGlobalSection
	GlobalSection(SolutionProperties) = preSolution
		HideSolutionNode = FALSE
	EndGlobalSection
EndGlobal
