
Microsoft Visual Studio Solution File, Format Version 12.00
# Visual Studio 2013
VisualStudioVersion = 12.0.30723.0
MinimumVisualStudioVersion = 10.0.40219.1
Project("{8BC9CEB8-8B4A-11D0-8D11-00A0C91BC942}") = "terark-fsa", "terark-fsa\terark-fsa.vcxproj", "{C5ECD2A1-C18E-4C04-B2FA-C5C6F206F5AE}"
EndProject
Project("{8BC9CEB8-8B4A-11D0-8D11-00A0C91BC942}") = "PragmaPackBitField", "PragmaPackBitField\PragmaPackBitField.vcxproj", "{169FBCB8-27B6-425C-AF1B-AA5CE8901136}"
EndProject
Project("{8BC9CEB8-8B4A-11D0-8D11-00A0C91BC942}") = "ac_build", "ac_build\ac_build.vcxproj", "{5B86F1E0-6277-4D1B-898B-B9FDEE8D478B}"
EndProject
Project("{8BC9CEB8-8B4A-11D0-8D11-00A0C91BC942}") = "adfa_build", "adfa_build\adfa_build.vcxproj", "{C3632536-AA34-4BD6-BEA7-D2B434FC3384}"
EndProject
Project("{8BC9CEB8-8B4A-11D0-8D11-00A0C91BC942}") = "adfa_unzip", "adfa_unzip\adfa_unzip.vcxproj", "{494B5754-B25C-45CD-BD86-4BF151D3E2A8}"
EndProject
Project("{8BC9CEB8-8B4A-11D0-8D11-00A0C91BC942}") = "dawg_build", "dawg_build\dawg_build.vcxproj", "{A4F28023-FEBE-4EE7-81A6-434A26E4F6B7}"
EndProject
Project("{8BC9CEB8-8B4A-11D0-8D11-00A0C91BC942}") = "dfa_union", "dfa_union\dfa_union.vcxproj", "{AEE9F24A-0ED8-4158-B756-96F7284961E7}"
EndProject
Project("{8BC9CEB8-8B4A-11D0-8D11-00A0C91BC942}") = "kvbin_build", "kvbin_build\kvbin_build.vcxproj", "{771A21BA-41F6-4074-9FAF-F98EEE2BE430}"
EndProject
Project("{8BC9CEB8-8B4A-11D0-8D11-00A0C91BC942}") = "multi_col_db_build", "multi_col_db_build\multi_col_db_build.vcxproj", "{61DB49B9-8FBA-4593-91DB-11893EF2C52E}"
EndProject
Project("{8BC9CEB8-8B4A-11D0-8D11-00A0C91BC942}") = "pinyin_build", "pinyin_build\pinyin_build.vcxproj", "{FA8459FD-7D5F-4BCB-A2F7-710153B85F6F}"
EndProject
Project("{8BC9CEB8-8B4A-11D0-8D11-00A0C91BC942}") = "text_key_val_to_kvbin", "text_key_val_to_kvbin\text_key_val_to_kvbin.vcxproj", "{120FB60F-815D-4AFD-88CC-BF34D8D9EAA3}"
EndProject
Project("{8BC9CEB8-8B4A-11D0-8D11-00A0C91BC942}") = "lazy_union_dfa", "lazy_union_dfa\lazy_union_dfa.vcxproj", "{14064D57-3C34-4F4F-805C-C5ED839F6B49}"
EndProject
Project("{8BC9CEB8-8B4A-11D0-8D11-00A0C91BC942}") = "valvec_sfinae", "valvec_sfinae\valvec_sfinae.vcxproj", "{6587344E-A800-452B-B07F-C27E940FA19D}"
EndProject
Project("{8BC9CEB8-8B4A-11D0-8D11-00A0C91BC942}") = "ac_scan", "ac_scan\ac_scan.vcxproj", "{FD4E4E2B-AE5B-4917-BE2F-CF065BF2A48F}"
EndProject
Project("{8BC9CEB8-8B4A-11D0-8D11-00A0C91BC942}") = "dawg_map_build", "dawg_map_build\dawg_map_build.vcxproj", "{AD399BA4-3EB9-4AEA-A4C6-6513BACA0830}"
EndProject
Project("{8BC9CEB8-8B4A-11D0-8D11-00A0C91BC942}") = "dawg_map_to_text", "dawg_map_to_text\dawg_map_to_text.vcxproj", "{D285C2C2-10DA-4585-B237-8FBD791669E4}"
EndProject
Project("{8BC9CEB8-8B4A-11D0-8D11-00A0C91BC942}") = "for_each_suffix", "for_each_suffix\for_each_suffix.vcxproj", "{F9B4C016-EF42-4DE0-B6D0-D68BB16F081F}"
EndProject
Project("{8BC9CEB8-8B4A-11D0-8D11-00A0C91BC942}") = "idx2word", "idx2word\idx2word.vcxproj", "{78202887-77D3-4D7C-8510-2F233D77DC42}"
EndProject
Project("{8BC9CEB8-8B4A-11D0-8D11-00A0C91BC942}") = "match_dawg", "match_dawg\match_dawg.vcxproj", "{4A6BF89A-1467-44B5-836A-5F5C55AA5959}"
EndProject
Project("{8BC9CEB8-8B4A-11D0-8D11-00A0C91BC942}") = "step_key", "step_key\step_key.vcxproj", "{127557AC-80B4-49E0-9CA8-2A143E00CFCD}"
EndProject
Project("{8BC9CEB8-8B4A-11D0-8D11-00A0C91BC942}") = "word2idx", "word2idx\word2idx.vcxproj", "{7F98259D-B238-48E1-A502-BBCFAC653EB5}"
EndProject
Project("{8BC9CEB8-8B4A-11D0-8D11-00A0C91BC942}") = "match_key", "match_key\match_key.vcxproj", "{E1D84142-EB3F-44EE-8CAE-5D4BB5EB7CD2}"
EndProject
Project("{8BC9CEB8-8B4A-11D0-8D11-00A0C91BC942}") = "dawg_mmap_build", "dawg_mmap_build\dawg_mmap_build.vcxproj", "{F3B3135F-490F-47BC-80AC-FF18DE855192}"
EndProject
Project("{8BC9CEB8-8B4A-11D0-8D11-00A0C91BC942}") = "dawg_mmap_to_text", "dawg_mmap_to_text\dawg_mmap_to_text.vcxproj", "{D835836E-5936-496C-9057-ABB73E6E739E}"
EndProject
Project("{8BC9CEB8-8B4A-11D0-8D11-00A0C91BC942}") = "regex_maxmatch", "regex_maxmatch\regex_maxmatch.vcxproj", "{E443A104-1642-4333-A78E-4A763BE2A1D1}"
EndProject
Project("{8BC9CEB8-8B4A-11D0-8D11-00A0C91BC942}") = "test_linebuf", "test_linebuf\test_linebuf.vcxproj", "{FF96F087-9F5D-4907-B96A-9C8C7FE2A9DD}"
EndProject
Project("{8BC9CEB8-8B4A-11D0-8D11-00A0C91BC942}") = "dfa2vm", "dfa2vm\dfa2vm.vcxproj", "{2D5DE854-C77B-41FA-802C-83C7F8E18A2E}"
EndProject
Project("{8BC9CEB8-8B4A-11D0-8D11-00A0C91BC942}") = "ddfa_stat", "ddfa_stat\ddfa_stat.vcxproj", "{08DCE0AB-A379-47F9-9709-56CD58ACF745}"
EndProject
Project("{8BC9CEB8-8B4A-11D0-8D11-00A0C91BC942}") = "regex_build", "regex_build\regex_build.vcxproj", "{BCD323EB-13E6-4E72-9BD7-6E90AE240213}"
EndProject
Project("{8BC9CEB8-8B4A-11D0-8D11-00A0C91BC942}") = "aho_corasick", "aho_corasick\aho_corasick.vcxproj", "{871FC256-E095-4D53-B0F0-9836B8993E02}"
EndProject
Project("{8BC9CEB8-8B4A-11D0-8D11-00A0C91BC942}") = "radix_sort_test", "radix_sort_test\radix_sort_test.vcxproj", "{47A266CC-29D2-48D2-A2CD-2B8EFC243E2E}"
EndProject
Project("{8BC9CEB8-8B4A-11D0-8D11-00A0C91BC942}") = "nest_louds_trie_test", "nest_louds_trie_test\nest_louds_trie_test.vcxproj", "{45405EE9-642C-413C-B9D4-D55196440CFB}"
EndProject
Project("{8BC9CEB8-8B4A-11D0-8D11-00A0C91BC942}") = "adfa_stat", "adfa_stat\adfa_stat.vcxproj", "{272760A4-54C4-4839-83FE-C5503E897C6F}"
EndProject
Project("{8BC9CEB8-8B4A-11D0-8D11-00A0C91BC942}") = "ftrie_build", "ftrie_build\ftrie_build.vcxproj", "{904A2042-DEA1-4838-95CB-81255F6FA44D}"
EndProject
Project("{8BC9CEB8-8B4A-11D0-8D11-00A0C91BC942}") = "nlt_build", "nlt_build\nlt_build.vcxproj", "{F45446E1-D16F-429C-84EC-E1F63A63A054}"
EndProject
Project("{8BC9CEB8-8B4A-11D0-8D11-00A0C91BC942}") = "rank_select_test", "rank_select_test\rank_select_test.vcxproj", "{EB372FD8-7D0D-43DF-B1E4-FD7A5F12E7E1}"
EndProject
Project("{8BC9CEB8-8B4A-11D0-8D11-00A0C91BC942}") = "louds_dawg_test", "louds_dawg_test\louds_dawg_test.vcxproj", "{22A06F9D-EA5C-4ADE-B9F0-A664407CBA82}"
EndProject
Project("{8BC9CEB8-8B4A-11D0-8D11-00A0C91BC942}") = "nlt_archive", "nlt_archive\nlt_archive.vcxproj", "{52C50700-AAB8-4444-B381-E844269B9697}"
EndProject
Project("{8BC9CEB8-8B4A-11D0-8D11-00A0C91BC942}") = "nlt_extract", "nlt_extract\nlt_extract.vcxproj", "{24F2FB32-0822-4783-BAAE-8FA9A38C996D}"
EndProject
Project("{8BC9CEB8-8B4A-11D0-8D11-00A0C91BC942}") = "log_search", "log_search\log_search.vcxproj", "{8DCC8778-1D9E-4801-B3D5-A4F844A6701E}"
EndProject
Project("{8BC9CEB8-8B4A-11D0-8D11-00A0C91BC942}") = "simple_unzip", "simple_unzip\simple_unzip.vcxproj", "{853E76F2-D5A9-4A64-BD82-CC10D37A0CD6}"
EndProject
Global
	GlobalSection(SolutionConfigurationPlatforms) = preSolution
		Debug|Win32 = Debug|Win32
		Debug|x64 = Debug|x64
		Release|Win32 = Release|Win32
		Release|x64 = Release|x64
	EndGlobalSection
	GlobalSection(ProjectConfigurationPlatforms) = postSolution
		{C5ECD2A1-C18E-4C04-B2FA-C5C6F206F5AE}.Debug|Win32.ActiveCfg = Debug|Win32
		{C5ECD2A1-C18E-4C04-B2FA-C5C6F206F5AE}.Debug|Win32.Build.0 = Debug|Win32
		{C5ECD2A1-C18E-4C04-B2FA-C5C6F206F5AE}.Debug|x64.ActiveCfg = Debug|x64
		{C5ECD2A1-C18E-4C04-B2FA-C5C6F206F5AE}.Debug|x64.Build.0 = Debug|x64
		{C5ECD2A1-C18E-4C04-B2FA-C5C6F206F5AE}.Release|Win32.ActiveCfg = Release|Win32
		{C5ECD2A1-C18E-4C04-B2FA-C5C6F206F5AE}.Release|Win32.Build.0 = Release|Win32
		{C5ECD2A1-C18E-4C04-B2FA-C5C6F206F5AE}.Release|x64.ActiveCfg = Release|x64
		{C5ECD2A1-C18E-4C04-B2FA-C5C6F206F5AE}.Release|x64.Build.0 = Release|x64
		{169FBCB8-27B6-425C-AF1B-AA5CE8901136}.Debug|Win32.ActiveCfg = Debug|Win32
		{169FBCB8-27B6-425C-AF1B-AA5CE8901136}.Debug|Win32.Build.0 = Debug|Win32
		{169FBCB8-27B6-425C-AF1B-AA5CE8901136}.Debug|x64.ActiveCfg = Debug|x64
		{169FBCB8-27B6-425C-AF1B-AA5CE8901136}.Debug|x64.Build.0 = Debug|x64
		{169FBCB8-27B6-425C-AF1B-AA5CE8901136}.Release|Win32.ActiveCfg = Release|Win32
		{169FBCB8-27B6-425C-AF1B-AA5CE8901136}.Release|Win32.Build.0 = Release|Win32
		{169FBCB8-27B6-425C-AF1B-AA5CE8901136}.Release|x64.ActiveCfg = Release|x64
		{169FBCB8-27B6-425C-AF1B-AA5CE8901136}.Release|x64.Build.0 = Release|x64
		{5B86F1E0-6277-4D1B-898B-B9FDEE8D478B}.Debug|Win32.ActiveCfg = Debug|Win32
		{5B86F1E0-6277-4D1B-898B-B9FDEE8D478B}.Debug|Win32.Build.0 = Debug|Win32
		{5B86F1E0-6277-4D1B-898B-B9FDEE8D478B}.Debug|x64.ActiveCfg = Debug|x64
		{5B86F1E0-6277-4D1B-898B-B9FDEE8D478B}.Debug|x64.Build.0 = Debug|x64
		{5B86F1E0-6277-4D1B-898B-B9FDEE8D478B}.Release|Win32.ActiveCfg = Release|Win32
		{5B86F1E0-6277-4D1B-898B-B9FDEE8D478B}.Release|Win32.Build.0 = Release|Win32
		{5B86F1E0-6277-4D1B-898B-B9FDEE8D478B}.Release|x64.ActiveCfg = Release|x64
		{5B86F1E0-6277-4D1B-898B-B9FDEE8D478B}.Release|x64.Build.0 = Release|x64
		{C3632536-AA34-4BD6-BEA7-D2B434FC3384}.Debug|Win32.ActiveCfg = Debug|Win32
		{C3632536-AA34-4BD6-BEA7-D2B434FC3384}.Debug|Win32.Build.0 = Debug|Win32
		{C3632536-AA34-4BD6-BEA7-D2B434FC3384}.Debug|x64.ActiveCfg = Debug|x64
		{C3632536-AA34-4BD6-BEA7-D2B434FC3384}.Debug|x64.Build.0 = Debug|x64
		{C3632536-AA34-4BD6-BEA7-D2B434FC3384}.Release|Win32.ActiveCfg = Release|Win32
		{C3632536-AA34-4BD6-BEA7-D2B434FC3384}.Release|Win32.Build.0 = Release|Win32
		{C3632536-AA34-4BD6-BEA7-D2B434FC3384}.Release|x64.ActiveCfg = Release|x64
		{C3632536-AA34-4BD6-BEA7-D2B434FC3384}.Release|x64.Build.0 = Release|x64
		{494B5754-B25C-45CD-BD86-4BF151D3E2A8}.Debug|Win32.ActiveCfg = Debug|Win32
		{494B5754-B25C-45CD-BD86-4BF151D3E2A8}.Debug|Win32.Build.0 = Debug|Win32
		{494B5754-B25C-45CD-BD86-4BF151D3E2A8}.Debug|x64.ActiveCfg = Debug|x64
		{494B5754-B25C-45CD-BD86-4BF151D3E2A8}.Debug|x64.Build.0 = Debug|x64
		{494B5754-B25C-45CD-BD86-4BF151D3E2A8}.Release|Win32.ActiveCfg = Release|Win32
		{494B5754-B25C-45CD-BD86-4BF151D3E2A8}.Release|Win32.Build.0 = Release|Win32
		{494B5754-B25C-45CD-BD86-4BF151D3E2A8}.Release|x64.ActiveCfg = Release|x64
		{494B5754-B25C-45CD-BD86-4BF151D3E2A8}.Release|x64.Build.0 = Release|x64
		{A4F28023-FEBE-4EE7-81A6-434A26E4F6B7}.Debug|Win32.ActiveCfg = Debug|Win32
		{A4F28023-FEBE-4EE7-81A6-434A26E4F6B7}.Debug|Win32.Build.0 = Debug|Win32
		{A4F28023-FEBE-4EE7-81A6-434A26E4F6B7}.Debug|x64.ActiveCfg = Debug|x64
		{A4F28023-FEBE-4EE7-81A6-434A26E4F6B7}.Debug|x64.Build.0 = Debug|x64
		{A4F28023-FEBE-4EE7-81A6-434A26E4F6B7}.Release|Win32.ActiveCfg = Release|Win32
		{A4F28023-FEBE-4EE7-81A6-434A26E4F6B7}.Release|Win32.Build.0 = Release|Win32
		{A4F28023-FEBE-4EE7-81A6-434A26E4F6B7}.Release|x64.ActiveCfg = Release|x64
		{A4F28023-FEBE-4EE7-81A6-434A26E4F6B7}.Release|x64.Build.0 = Release|x64
		{AEE9F24A-0ED8-4158-B756-96F7284961E7}.Debug|Win32.ActiveCfg = Debug|Win32
		{AEE9F24A-0ED8-4158-B756-96F7284961E7}.Debug|Win32.Build.0 = Debug|Win32
		{AEE9F24A-0ED8-4158-B756-96F7284961E7}.Debug|x64.ActiveCfg = Debug|x64
		{AEE9F24A-0ED8-4158-B756-96F7284961E7}.Debug|x64.Build.0 = Debug|x64
		{AEE9F24A-0ED8-4158-B756-96F7284961E7}.Release|Win32.ActiveCfg = Release|Win32
		{AEE9F24A-0ED8-4158-B756-96F7284961E7}.Release|Win32.Build.0 = Release|Win32
		{AEE9F24A-0ED8-4158-B756-96F7284961E7}.Release|x64.ActiveCfg = Release|x64
		{AEE9F24A-0ED8-4158-B756-96F7284961E7}.Release|x64.Build.0 = Release|x64
		{771A21BA-41F6-4074-9FAF-F98EEE2BE430}.Debug|Win32.ActiveCfg = Debug|Win32
		{771A21BA-41F6-4074-9FAF-F98EEE2BE430}.Debug|Win32.Build.0 = Debug|Win32
		{771A21BA-41F6-4074-9FAF-F98EEE2BE430}.Debug|x64.ActiveCfg = Debug|x64
		{771A21BA-41F6-4074-9FAF-F98EEE2BE430}.Debug|x64.Build.0 = Debug|x64
		{771A21BA-41F6-4074-9FAF-F98EEE2BE430}.Release|Win32.ActiveCfg = Release|Win32
		{771A21BA-41F6-4074-9FAF-F98EEE2BE430}.Release|Win32.Build.0 = Release|Win32
		{771A21BA-41F6-4074-9FAF-F98EEE2BE430}.Release|x64.ActiveCfg = Release|x64
		{771A21BA-41F6-4074-9FAF-F98EEE2BE430}.Release|x64.Build.0 = Release|x64
		{61DB49B9-8FBA-4593-91DB-11893EF2C52E}.Debug|Win32.ActiveCfg = Debug|Win32
		{61DB49B9-8FBA-4593-91DB-11893EF2C52E}.Debug|Win32.Build.0 = Debug|Win32
		{61DB49B9-8FBA-4593-91DB-11893EF2C52E}.Debug|x64.ActiveCfg = Debug|x64
		{61DB49B9-8FBA-4593-91DB-11893EF2C52E}.Debug|x64.Build.0 = Debug|x64
		{61DB49B9-8FBA-4593-91DB-11893EF2C52E}.Release|Win32.ActiveCfg = Release|Win32
		{61DB49B9-8FBA-4593-91DB-11893EF2C52E}.Release|Win32.Build.0 = Release|Win32
		{61DB49B9-8FBA-4593-91DB-11893EF2C52E}.Release|x64.ActiveCfg = Release|x64
		{61DB49B9-8FBA-4593-91DB-11893EF2C52E}.Release|x64.Build.0 = Release|x64
		{FA8459FD-7D5F-4BCB-A2F7-710153B85F6F}.Debug|Win32.ActiveCfg = Debug|Win32
		{FA8459FD-7D5F-4BCB-A2F7-710153B85F6F}.Debug|Win32.Build.0 = Debug|Win32
		{FA8459FD-7D5F-4BCB-A2F7-710153B85F6F}.Debug|x64.ActiveCfg = Debug|x64
		{FA8459FD-7D5F-4BCB-A2F7-710153B85F6F}.Debug|x64.Build.0 = Debug|x64
		{FA8459FD-7D5F-4BCB-A2F7-710153B85F6F}.Release|Win32.ActiveCfg = Release|Win32
		{FA8459FD-7D5F-4BCB-A2F7-710153B85F6F}.Release|Win32.Build.0 = Release|Win32
		{FA8459FD-7D5F-4BCB-A2F7-710153B85F6F}.Release|x64.ActiveCfg = Release|x64
		{FA8459FD-7D5F-4BCB-A2F7-710153B85F6F}.Release|x64.Build.0 = Release|x64
		{120FB60F-815D-4AFD-88CC-BF34D8D9EAA3}.Debug|Win32.ActiveCfg = Debug|Win32
		{120FB60F-815D-4AFD-88CC-BF34D8D9EAA3}.Debug|Win32.Build.0 = Debug|Win32
		{120FB60F-815D-4AFD-88CC-BF34D8D9EAA3}.Debug|x64.ActiveCfg = Debug|x64
		{120FB60F-815D-4AFD-88CC-BF34D8D9EAA3}.Debug|x64.Build.0 = Debug|x64
		{120FB60F-815D-4AFD-88CC-BF34D8D9EAA3}.Release|Win32.ActiveCfg = Release|Win32
		{120FB60F-815D-4AFD-88CC-BF34D8D9EAA3}.Release|Win32.Build.0 = Release|Win32
		{120FB60F-815D-4AFD-88CC-BF34D8D9EAA3}.Release|x64.ActiveCfg = Release|x64
		{120FB60F-815D-4AFD-88CC-BF34D8D9EAA3}.Release|x64.Build.0 = Release|x64
		{14064D57-3C34-4F4F-805C-C5ED839F6B49}.Debug|Win32.ActiveCfg = Debug|Win32
		{14064D57-3C34-4F4F-805C-C5ED839F6B49}.Debug|Win32.Build.0 = Debug|Win32
		{14064D57-3C34-4F4F-805C-C5ED839F6B49}.Debug|x64.ActiveCfg = Debug|x64
		{14064D57-3C34-4F4F-805C-C5ED839F6B49}.Debug|x64.Build.0 = Debug|x64
		{14064D57-3C34-4F4F-805C-C5ED839F6B49}.Release|Win32.ActiveCfg = Release|Win32
		{14064D57-3C34-4F4F-805C-C5ED839F6B49}.Release|Win32.Build.0 = Release|Win32
		{14064D57-3C34-4F4F-805C-C5ED839F6B49}.Release|x64.ActiveCfg = Release|x64
		{14064D57-3C34-4F4F-805C-C5ED839F6B49}.Release|x64.Build.0 = Release|x64
		{6587344E-A800-452B-B07F-C27E940FA19D}.Debug|Win32.ActiveCfg = Debug|Win32
		{6587344E-A800-452B-B07F-C27E940FA19D}.Debug|Win32.Build.0 = Debug|Win32
		{6587344E-A800-452B-B07F-C27E940FA19D}.Debug|x64.ActiveCfg = Debug|x64
		{6587344E-A800-452B-B07F-C27E940FA19D}.Debug|x64.Build.0 = Debug|x64
		{6587344E-A800-452B-B07F-C27E940FA19D}.Release|Win32.ActiveCfg = Release|Win32
		{6587344E-A800-452B-B07F-C27E940FA19D}.Release|Win32.Build.0 = Release|Win32
		{6587344E-A800-452B-B07F-C27E940FA19D}.Release|x64.ActiveCfg = Release|x64
		{6587344E-A800-452B-B07F-C27E940FA19D}.Release|x64.Build.0 = Release|x64
		{FD4E4E2B-AE5B-4917-BE2F-CF065BF2A48F}.Debug|Win32.ActiveCfg = Debug|Win32
		{FD4E4E2B-AE5B-4917-BE2F-CF065BF2A48F}.Debug|Win32.Build.0 = Debug|Win32
		{FD4E4E2B-AE5B-4917-BE2F-CF065BF2A48F}.Debug|x64.ActiveCfg = Debug|x64
		{FD4E4E2B-AE5B-4917-BE2F-CF065BF2A48F}.Debug|x64.Build.0 = Debug|x64
		{FD4E4E2B-AE5B-4917-BE2F-CF065BF2A48F}.Release|Win32.ActiveCfg = Release|Win32
		{FD4E4E2B-AE5B-4917-BE2F-CF065BF2A48F}.Release|Win32.Build.0 = Release|Win32
		{FD4E4E2B-AE5B-4917-BE2F-CF065BF2A48F}.Release|x64.ActiveCfg = Release|x64
		{FD4E4E2B-AE5B-4917-BE2F-CF065BF2A48F}.Release|x64.Build.0 = Release|x64
		{AD399BA4-3EB9-4AEA-A4C6-6513BACA0830}.Debug|Win32.ActiveCfg = Debug|Win32
		{AD399BA4-3EB9-4AEA-A4C6-6513BACA0830}.Debug|Win32.Build.0 = Debug|Win32
		{AD399BA4-3EB9-4AEA-A4C6-6513BACA0830}.Debug|x64.ActiveCfg = Debug|x64
		{AD399BA4-3EB9-4AEA-A4C6-6513BACA0830}.Debug|x64.Build.0 = Debug|x64
		{AD399BA4-3EB9-4AEA-A4C6-6513BACA0830}.Release|Win32.ActiveCfg = Release|Win32
		{AD399BA4-3EB9-4AEA-A4C6-6513BACA0830}.Release|Win32.Build.0 = Release|Win32
		{AD399BA4-3EB9-4AEA-A4C6-6513BACA0830}.Release|x64.ActiveCfg = Release|x64
		{AD399BA4-3EB9-4AEA-A4C6-6513BACA0830}.Release|x64.Build.0 = Release|x64
		{D285C2C2-10DA-4585-B237-8FBD791669E4}.Debug|Win32.ActiveCfg = Debug|Win32
		{D285C2C2-10DA-4585-B237-8FBD791669E4}.Debug|Win32.Build.0 = Debug|Win32
		{D285C2C2-10DA-4585-B237-8FBD791669E4}.Debug|x64.ActiveCfg = Debug|x64
		{D285C2C2-10DA-4585-B237-8FBD791669E4}.Debug|x64.Build.0 = Debug|x64
		{D285C2C2-10DA-4585-B237-8FBD791669E4}.Release|Win32.ActiveCfg = Release|Win32
		{D285C2C2-10DA-4585-B237-8FBD791669E4}.Release|Win32.Build.0 = Release|Win32
		{D285C2C2-10DA-4585-B237-8FBD791669E4}.Release|x64.ActiveCfg = Release|x64
		{D285C2C2-10DA-4585-B237-8FBD791669E4}.Release|x64.Build.0 = Release|x64
		{F9B4C016-EF42-4DE0-B6D0-D68BB16F081F}.Debug|Win32.ActiveCfg = Debug|Win32
		{F9B4C016-EF42-4DE0-B6D0-D68BB16F081F}.Debug|Win32.Build.0 = Debug|Win32
		{F9B4C016-EF42-4DE0-B6D0-D68BB16F081F}.Debug|x64.ActiveCfg = Debug|x64
		{F9B4C016-EF42-4DE0-B6D0-D68BB16F081F}.Debug|x64.Build.0 = Debug|x64
		{F9B4C016-EF42-4DE0-B6D0-D68BB16F081F}.Release|Win32.ActiveCfg = Release|Win32
		{F9B4C016-EF42-4DE0-B6D0-D68BB16F081F}.Release|Win32.Build.0 = Release|Win32
		{F9B4C016-EF42-4DE0-B6D0-D68BB16F081F}.Release|x64.ActiveCfg = Release|x64
		{F9B4C016-EF42-4DE0-B6D0-D68BB16F081F}.Release|x64.Build.0 = Release|x64
		{78202887-77D3-4D7C-8510-2F233D77DC42}.Debug|Win32.ActiveCfg = Debug|Win32
		{78202887-77D3-4D7C-8510-2F233D77DC42}.Debug|Win32.Build.0 = Debug|Win32
		{78202887-77D3-4D7C-8510-2F233D77DC42}.Debug|x64.ActiveCfg = Debug|x64
		{78202887-77D3-4D7C-8510-2F233D77DC42}.Debug|x64.Build.0 = Debug|x64
		{78202887-77D3-4D7C-8510-2F233D77DC42}.Release|Win32.ActiveCfg = Release|Win32
		{78202887-77D3-4D7C-8510-2F233D77DC42}.Release|Win32.Build.0 = Release|Win32
		{78202887-77D3-4D7C-8510-2F233D77DC42}.Release|x64.ActiveCfg = Release|x64
		{78202887-77D3-4D7C-8510-2F233D77DC42}.Release|x64.Build.0 = Release|x64
		{4A6BF89A-1467-44B5-836A-5F5C55AA5959}.Debug|Win32.ActiveCfg = Debug|Win32
		{4A6BF89A-1467-44B5-836A-5F5C55AA5959}.Debug|Win32.Build.0 = Debug|Win32
		{4A6BF89A-1467-44B5-836A-5F5C55AA5959}.Debug|x64.ActiveCfg = Debug|x64
		{4A6BF89A-1467-44B5-836A-5F5C55AA5959}.Debug|x64.Build.0 = Debug|x64
		{4A6BF89A-1467-44B5-836A-5F5C55AA5959}.Release|Win32.ActiveCfg = Release|Win32
		{4A6BF89A-1467-44B5-836A-5F5C55AA5959}.Release|Win32.Build.0 = Release|Win32
		{4A6BF89A-1467-44B5-836A-5F5C55AA5959}.Release|x64.ActiveCfg = Release|x64
		{4A6BF89A-1467-44B5-836A-5F5C55AA5959}.Release|x64.Build.0 = Release|x64
		{127557AC-80B4-49E0-9CA8-2A143E00CFCD}.Debug|Win32.ActiveCfg = Debug|Win32
		{127557AC-80B4-49E0-9CA8-2A143E00CFCD}.Debug|Win32.Build.0 = Debug|Win32
		{127557AC-80B4-49E0-9CA8-2A143E00CFCD}.Debug|x64.ActiveCfg = Debug|x64
		{127557AC-80B4-49E0-9CA8-2A143E00CFCD}.Debug|x64.Build.0 = Debug|x64
		{127557AC-80B4-49E0-9CA8-2A143E00CFCD}.Release|Win32.ActiveCfg = Release|Win32
		{127557AC-80B4-49E0-9CA8-2A143E00CFCD}.Release|Win32.Build.0 = Release|Win32
		{127557AC-80B4-49E0-9CA8-2A143E00CFCD}.Release|x64.ActiveCfg = Release|x64
		{127557AC-80B4-49E0-9CA8-2A143E00CFCD}.Release|x64.Build.0 = Release|x64
		{7F98259D-B238-48E1-A502-BBCFAC653EB5}.Debug|Win32.ActiveCfg = Debug|Win32
		{7F98259D-B238-48E1-A502-BBCFAC653EB5}.Debug|Win32.Build.0 = Debug|Win32
		{7F98259D-B238-48E1-A502-BBCFAC653EB5}.Debug|x64.ActiveCfg = Debug|x64
		{7F98259D-B238-48E1-A502-BBCFAC653EB5}.Debug|x64.Build.0 = Debug|x64
		{7F98259D-B238-48E1-A502-BBCFAC653EB5}.Release|Win32.ActiveCfg = Release|Win32
		{7F98259D-B238-48E1-A502-BBCFAC653EB5}.Release|Win32.Build.0 = Release|Win32
		{7F98259D-B238-48E1-A502-BBCFAC653EB5}.Release|x64.ActiveCfg = Release|x64
		{7F98259D-B238-48E1-A502-BBCFAC653EB5}.Release|x64.Build.0 = Release|x64
		{E1D84142-EB3F-44EE-8CAE-5D4BB5EB7CD2}.Debug|Win32.ActiveCfg = Debug|Win32
		{E1D84142-EB3F-44EE-8CAE-5D4BB5EB7CD2}.Debug|Win32.Build.0 = Debug|Win32
		{E1D84142-EB3F-44EE-8CAE-5D4BB5EB7CD2}.Debug|x64.ActiveCfg = Debug|x64
		{E1D84142-EB3F-44EE-8CAE-5D4BB5EB7CD2}.Debug|x64.Build.0 = Debug|x64
		{E1D84142-EB3F-44EE-8CAE-5D4BB5EB7CD2}.Release|Win32.ActiveCfg = Release|Win32
		{E1D84142-EB3F-44EE-8CAE-5D4BB5EB7CD2}.Release|Win32.Build.0 = Release|Win32
		{E1D84142-EB3F-44EE-8CAE-5D4BB5EB7CD2}.Release|x64.ActiveCfg = Release|x64
		{E1D84142-EB3F-44EE-8CAE-5D4BB5EB7CD2}.Release|x64.Build.0 = Release|x64
		{F3B3135F-490F-47BC-80AC-FF18DE855192}.Debug|Win32.ActiveCfg = Debug|Win32
		{F3B3135F-490F-47BC-80AC-FF18DE855192}.Debug|Win32.Build.0 = Debug|Win32
		{F3B3135F-490F-47BC-80AC-FF18DE855192}.Debug|x64.ActiveCfg = Debug|x64
		{F3B3135F-490F-47BC-80AC-FF18DE855192}.Debug|x64.Build.0 = Debug|x64
		{F3B3135F-490F-47BC-80AC-FF18DE855192}.Release|Win32.ActiveCfg = Release|Win32
		{F3B3135F-490F-47BC-80AC-FF18DE855192}.Release|Win32.Build.0 = Release|Win32
		{F3B3135F-490F-47BC-80AC-FF18DE855192}.Release|x64.ActiveCfg = Release|x64
		{F3B3135F-490F-47BC-80AC-FF18DE855192}.Release|x64.Build.0 = Release|x64
		{D835836E-5936-496C-9057-ABB73E6E739E}.Debug|Win32.ActiveCfg = Debug|Win32
		{D835836E-5936-496C-9057-ABB73E6E739E}.Debug|Win32.Build.0 = Debug|Win32
		{D835836E-5936-496C-9057-ABB73E6E739E}.Debug|x64.ActiveCfg = Debug|x64
		{D835836E-5936-496C-9057-ABB73E6E739E}.Debug|x64.Build.0 = Debug|x64
		{D835836E-5936-496C-9057-ABB73E6E739E}.Release|Win32.ActiveCfg = Release|Win32
		{D835836E-5936-496C-9057-ABB73E6E739E}.Release|Win32.Build.0 = Release|Win32
		{D835836E-5936-496C-9057-ABB73E6E739E}.Release|x64.ActiveCfg = Release|x64
		{D835836E-5936-496C-9057-ABB73E6E739E}.Release|x64.Build.0 = Release|x64
		{E443A104-1642-4333-A78E-4A763BE2A1D1}.Debug|Win32.ActiveCfg = Debug|Win32
		{E443A104-1642-4333-A78E-4A763BE2A1D1}.Debug|Win32.Build.0 = Debug|Win32
		{E443A104-1642-4333-A78E-4A763BE2A1D1}.Debug|x64.ActiveCfg = Debug|x64
		{E443A104-1642-4333-A78E-4A763BE2A1D1}.Debug|x64.Build.0 = Debug|x64
		{E443A104-1642-4333-A78E-4A763BE2A1D1}.Release|Win32.ActiveCfg = Release|Win32
		{E443A104-1642-4333-A78E-4A763BE2A1D1}.Release|Win32.Build.0 = Release|Win32
		{E443A104-1642-4333-A78E-4A763BE2A1D1}.Release|x64.ActiveCfg = Release|x64
		{E443A104-1642-4333-A78E-4A763BE2A1D1}.Release|x64.Build.0 = Release|x64
		{FF96F087-9F5D-4907-B96A-9C8C7FE2A9DD}.Debug|Win32.ActiveCfg = Debug|Win32
		{FF96F087-9F5D-4907-B96A-9C8C7FE2A9DD}.Debug|Win32.Build.0 = Debug|Win32
		{FF96F087-9F5D-4907-B96A-9C8C7FE2A9DD}.Debug|x64.ActiveCfg = Debug|x64
		{FF96F087-9F5D-4907-B96A-9C8C7FE2A9DD}.Debug|x64.Build.0 = Debug|x64
		{FF96F087-9F5D-4907-B96A-9C8C7FE2A9DD}.Release|Win32.ActiveCfg = Release|Win32
		{FF96F087-9F5D-4907-B96A-9C8C7FE2A9DD}.Release|Win32.Build.0 = Release|Win32
		{FF96F087-9F5D-4907-B96A-9C8C7FE2A9DD}.Release|x64.ActiveCfg = Release|x64
		{FF96F087-9F5D-4907-B96A-9C8C7FE2A9DD}.Release|x64.Build.0 = Release|x64
		{2D5DE854-C77B-41FA-802C-83C7F8E18A2E}.Debug|Win32.ActiveCfg = Debug|Win32
		{2D5DE854-C77B-41FA-802C-83C7F8E18A2E}.Debug|Win32.Build.0 = Debug|Win32
		{2D5DE854-C77B-41FA-802C-83C7F8E18A2E}.Debug|x64.ActiveCfg = Debug|x64
		{2D5DE854-C77B-41FA-802C-83C7F8E18A2E}.Debug|x64.Build.0 = Debug|x64
		{2D5DE854-C77B-41FA-802C-83C7F8E18A2E}.Release|Win32.ActiveCfg = Release|Win32
		{2D5DE854-C77B-41FA-802C-83C7F8E18A2E}.Release|Win32.Build.0 = Release|Win32
		{2D5DE854-C77B-41FA-802C-83C7F8E18A2E}.Release|x64.ActiveCfg = Release|x64
		{2D5DE854-C77B-41FA-802C-83C7F8E18A2E}.Release|x64.Build.0 = Release|x64
		{08DCE0AB-A379-47F9-9709-56CD58ACF745}.Debug|Win32.ActiveCfg = Debug|Win32
		{08DCE0AB-A379-47F9-9709-56CD58ACF745}.Debug|Win32.Build.0 = Debug|Win32
		{08DCE0AB-A379-47F9-9709-56CD58ACF745}.Debug|x64.ActiveCfg = Debug|x64
		{08DCE0AB-A379-47F9-9709-56CD58ACF745}.Debug|x64.Build.0 = Debug|x64
		{08DCE0AB-A379-47F9-9709-56CD58ACF745}.Release|Win32.ActiveCfg = Release|Win32
		{08DCE0AB-A379-47F9-9709-56CD58ACF745}.Release|Win32.Build.0 = Release|Win32
		{08DCE0AB-A379-47F9-9709-56CD58ACF745}.Release|x64.ActiveCfg = Release|x64
		{08DCE0AB-A379-47F9-9709-56CD58ACF745}.Release|x64.Build.0 = Release|x64
		{BCD323EB-13E6-4E72-9BD7-6E90AE240213}.Debug|Win32.ActiveCfg = Debug|Win32
		{BCD323EB-13E6-4E72-9BD7-6E90AE240213}.Debug|Win32.Build.0 = Debug|Win32
		{BCD323EB-13E6-4E72-9BD7-6E90AE240213}.Debug|x64.ActiveCfg = Debug|x64
		{BCD323EB-13E6-4E72-9BD7-6E90AE240213}.Debug|x64.Build.0 = Debug|x64
		{BCD323EB-13E6-4E72-9BD7-6E90AE240213}.Release|Win32.ActiveCfg = Release|Win32
		{BCD323EB-13E6-4E72-9BD7-6E90AE240213}.Release|Win32.Build.0 = Release|Win32
		{BCD323EB-13E6-4E72-9BD7-6E90AE240213}.Release|x64.ActiveCfg = Release|x64
		{BCD323EB-13E6-4E72-9BD7-6E90AE240213}.Release|x64.Build.0 = Release|x64
		{871FC256-E095-4D53-B0F0-9836B8993E02}.Debug|Win32.ActiveCfg = Debug|Win32
		{871FC256-E095-4D53-B0F0-9836B8993E02}.Debug|Win32.Build.0 = Debug|Win32
		{871FC256-E095-4D53-B0F0-9836B8993E02}.Debug|x64.ActiveCfg = Debug|x64
		{871FC256-E095-4D53-B0F0-9836B8993E02}.Debug|x64.Build.0 = Debug|x64
		{871FC256-E095-4D53-B0F0-9836B8993E02}.Release|Win32.ActiveCfg = Release|Win32
		{871FC256-E095-4D53-B0F0-9836B8993E02}.Release|Win32.Build.0 = Release|Win32
		{871FC256-E095-4D53-B0F0-9836B8993E02}.Release|x64.ActiveCfg = Release|x64
		{871FC256-E095-4D53-B0F0-9836B8993E02}.Release|x64.Build.0 = Release|x64
		{47A266CC-29D2-48D2-A2CD-2B8EFC243E2E}.Debug|Win32.ActiveCfg = Debug|Win32
		{47A266CC-29D2-48D2-A2CD-2B8EFC243E2E}.Debug|Win32.Build.0 = Debug|Win32
		{47A266CC-29D2-48D2-A2CD-2B8EFC243E2E}.Debug|x64.ActiveCfg = Debug|x64
		{47A266CC-29D2-48D2-A2CD-2B8EFC243E2E}.Debug|x64.Build.0 = Debug|x64
		{47A266CC-29D2-48D2-A2CD-2B8EFC243E2E}.Release|Win32.ActiveCfg = Release|Win32
		{47A266CC-29D2-48D2-A2CD-2B8EFC243E2E}.Release|Win32.Build.0 = Release|Win32
		{47A266CC-29D2-48D2-A2CD-2B8EFC243E2E}.Release|x64.ActiveCfg = Release|x64
		{47A266CC-29D2-48D2-A2CD-2B8EFC243E2E}.Release|x64.Build.0 = Release|x64
		{45405EE9-642C-413C-B9D4-D55196440CFB}.Debug|Win32.ActiveCfg = Debug|Win32
		{45405EE9-642C-413C-B9D4-D55196440CFB}.Debug|Win32.Build.0 = Debug|Win32
		{45405EE9-642C-413C-B9D4-D55196440CFB}.Debug|x64.ActiveCfg = Debug|x64
		{45405EE9-642C-413C-B9D4-D55196440CFB}.Debug|x64.Build.0 = Debug|x64
		{45405EE9-642C-413C-B9D4-D55196440CFB}.Release|Win32.ActiveCfg = Release|Win32
		{45405EE9-642C-413C-B9D4-D55196440CFB}.Release|Win32.Build.0 = Release|Win32
		{45405EE9-642C-413C-B9D4-D55196440CFB}.Release|x64.ActiveCfg = Release|x64
		{45405EE9-642C-413C-B9D4-D55196440CFB}.Release|x64.Build.0 = Release|x64
		{272760A4-54C4-4839-83FE-C5503E897C6F}.Debug|Win32.ActiveCfg = Debug|Win32
		{272760A4-54C4-4839-83FE-C5503E897C6F}.Debug|Win32.Build.0 = Debug|Win32
		{272760A4-54C4-4839-83FE-C5503E897C6F}.Debug|x64.ActiveCfg = Debug|x64
		{272760A4-54C4-4839-83FE-C5503E897C6F}.Debug|x64.Build.0 = Debug|x64
		{272760A4-54C4-4839-83FE-C5503E897C6F}.Release|Win32.ActiveCfg = Release|Win32
		{272760A4-54C4-4839-83FE-C5503E897C6F}.Release|Win32.Build.0 = Release|Win32
		{272760A4-54C4-4839-83FE-C5503E897C6F}.Release|x64.ActiveCfg = Release|x64
		{272760A4-54C4-4839-83FE-C5503E897C6F}.Release|x64.Build.0 = Release|x64
		{904A2042-DEA1-4838-95CB-81255F6FA44D}.Debug|Win32.ActiveCfg = Debug|Win32
		{904A2042-DEA1-4838-95CB-81255F6FA44D}.Debug|Win32.Build.0 = Debug|Win32
		{904A2042-DEA1-4838-95CB-81255F6FA44D}.Debug|x64.ActiveCfg = Debug|x64
		{904A2042-DEA1-4838-95CB-81255F6FA44D}.Debug|x64.Build.0 = Debug|x64
		{904A2042-DEA1-4838-95CB-81255F6FA44D}.Release|Win32.ActiveCfg = Release|Win32
		{904A2042-DEA1-4838-95CB-81255F6FA44D}.Release|Win32.Build.0 = Release|Win32
		{904A2042-DEA1-4838-95CB-81255F6FA44D}.Release|x64.ActiveCfg = Release|x64
		{904A2042-DEA1-4838-95CB-81255F6FA44D}.Release|x64.Build.0 = Release|x64
		{F45446E1-D16F-429C-84EC-E1F63A63A054}.Debug|Win32.ActiveCfg = Debug|Win32
		{F45446E1-D16F-429C-84EC-E1F63A63A054}.Debug|Win32.Build.0 = Debug|Win32
		{F45446E1-D16F-429C-84EC-E1F63A63A054}.Debug|x64.ActiveCfg = Debug|x64
		{F45446E1-D16F-429C-84EC-E1F63A63A054}.Debug|x64.Build.0 = Debug|x64
		{F45446E1-D16F-429C-84EC-E1F63A63A054}.Release|Win32.ActiveCfg = Release|Win32
		{F45446E1-D16F-429C-84EC-E1F63A63A054}.Release|Win32.Build.0 = Release|Win32
		{F45446E1-D16F-429C-84EC-E1F63A63A054}.Release|x64.ActiveCfg = Release|x64
		{F45446E1-D16F-429C-84EC-E1F63A63A054}.Release|x64.Build.0 = Release|x64
		{EB372FD8-7D0D-43DF-B1E4-FD7A5F12E7E1}.Debug|Win32.ActiveCfg = Debug|Win32
		{EB372FD8-7D0D-43DF-B1E4-FD7A5F12E7E1}.Debug|Win32.Build.0 = Debug|Win32
		{EB372FD8-7D0D-43DF-B1E4-FD7A5F12E7E1}.Debug|x64.ActiveCfg = Debug|x64
		{EB372FD8-7D0D-43DF-B1E4-FD7A5F12E7E1}.Debug|x64.Build.0 = Debug|x64
		{EB372FD8-7D0D-43DF-B1E4-FD7A5F12E7E1}.Release|Win32.ActiveCfg = Release|Win32
		{EB372FD8-7D0D-43DF-B1E4-FD7A5F12E7E1}.Release|Win32.Build.0 = Release|Win32
		{EB372FD8-7D0D-43DF-B1E4-FD7A5F12E7E1}.Release|x64.ActiveCfg = Release|x64
		{EB372FD8-7D0D-43DF-B1E4-FD7A5F12E7E1}.Release|x64.Build.0 = Release|x64
		{22A06F9D-EA5C-4ADE-B9F0-A664407CBA82}.Debug|Win32.ActiveCfg = Debug|Win32
		{22A06F9D-EA5C-4ADE-B9F0-A664407CBA82}.Debug|Win32.Build.0 = Debug|Win32
		{22A06F9D-EA5C-4ADE-B9F0-A664407CBA82}.Debug|x64.ActiveCfg = Debug|x64
		{22A06F9D-EA5C-4ADE-B9F0-A664407CBA82}.Debug|x64.Build.0 = Debug|x64
		{22A06F9D-EA5C-4ADE-B9F0-A664407CBA82}.Release|Win32.ActiveCfg = Release|Win32
		{22A06F9D-EA5C-4ADE-B9F0-A664407CBA82}.Release|Win32.Build.0 = Release|Win32
		{22A06F9D-EA5C-4ADE-B9F0-A664407CBA82}.Release|x64.ActiveCfg = Release|x64
		{22A06F9D-EA5C-4ADE-B9F0-A664407CBA82}.Release|x64.Build.0 = Release|x64
		{52C50700-AAB8-4444-B381-E844269B9697}.Debug|Win32.ActiveCfg = Debug|Win32
		{52C50700-AAB8-4444-B381-E844269B9697}.Debug|Win32.Build.0 = Debug|Win32
		{52C50700-AAB8-4444-B381-E844269B9697}.Debug|x64.ActiveCfg = Debug|x64
		{52C50700-AAB8-4444-B381-E844269B9697}.Debug|x64.Build.0 = Debug|x64
		{52C50700-AAB8-4444-B381-E844269B9697}.Release|Win32.ActiveCfg = Release|Win32
		{52C50700-AAB8-4444-B381-E844269B9697}.Release|Win32.Build.0 = Release|Win32
		{52C50700-AAB8-4444-B381-E844269B9697}.Release|x64.ActiveCfg = Release|x64
		{52C50700-AAB8-4444-B381-E844269B9697}.Release|x64.Build.0 = Release|x64
		{24F2FB32-0822-4783-BAAE-8FA9A38C996D}.Debug|Win32.ActiveCfg = Debug|Win32
		{24F2FB32-0822-4783-BAAE-8FA9A38C996D}.Debug|Win32.Build.0 = Debug|Win32
		{24F2FB32-0822-4783-BAAE-8FA9A38C996D}.Debug|x64.ActiveCfg = Debug|x64
		{24F2FB32-0822-4783-BAAE-8FA9A38C996D}.Debug|x64.Build.0 = Debug|x64
		{24F2FB32-0822-4783-BAAE-8FA9A38C996D}.Release|Win32.ActiveCfg = Release|Win32
		{24F2FB32-0822-4783-BAAE-8FA9A38C996D}.Release|Win32.Build.0 = Release|Win32
		{24F2FB32-0822-4783-BAAE-8FA9A38C996D}.Release|x64.ActiveCfg = Release|x64
		{24F2FB32-0822-4783-BAAE-8FA9A38C996D}.Release|x64.Build.0 = Release|x64
		{8DCC8778-1D9E-4801-B3D5-A4F844A6701E}.Debug|Win32.ActiveCfg = Debug|Win32
		{8DCC8778-1D9E-4801-B3D5-A4F844A6701E}.Debug|Win32.Build.0 = Debug|Win32
		{8DCC8778-1D9E-4801-B3D5-A4F844A6701E}.Debug|x64.ActiveCfg = Debug|x64
		{8DCC8778-1D9E-4801-B3D5-A4F844A6701E}.Debug|x64.Build.0 = Debug|x64
		{8DCC8778-1D9E-4801-B3D5-A4F844A6701E}.Release|Win32.ActiveCfg = Release|Win32
		{8DCC8778-1D9E-4801-B3D5-A4F844A6701E}.Release|Win32.Build.0 = Release|Win32
		{8DCC8778-1D9E-4801-B3D5-A4F844A6701E}.Release|x64.ActiveCfg = Release|x64
		{8DCC8778-1D9E-4801-B3D5-A4F844A6701E}.Release|x64.Build.0 = Release|x64
		{853E76F2-D5A9-4A64-BD82-CC10D37A0CD6}.Debug|Win32.ActiveCfg = Debug|Win32
		{853E76F2-D5A9-4A64-BD82-CC10D37A0CD6}.Debug|Win32.Build.0 = Debug|Win32
		{853E76F2-D5A9-4A64-BD82-CC10D37A0CD6}.Debug|x64.ActiveCfg = Debug|x64
		{853E76F2-D5A9-4A64-BD82-CC10D37A0CD6}.Debug|x64.Build.0 = Debug|x64
		{853E76F2-D5A9-4A64-BD82-CC10D37A0CD6}.Release|Win32.ActiveCfg = Release|Win32
		{853E76F2-D5A9-4A64-BD82-CC10D37A0CD6}.Release|Win32.Build.0 = Release|Win32
		{853E76F2-D5A9-4A64-BD82-CC10D37A0CD6}.Release|x64.ActiveCfg = Release|x64
		{853E76F2-D5A9-4A64-BD82-CC10D37A0CD6}.Release|x64.Build.0 = Release|x64
	EndGlobalSection
	GlobalSection(SolutionProperties) = preSolution
		HideSolutionNode = FALSE
	EndGlobalSection
EndGlobal
