
Microsoft Visual Studio Solution File, Format Version 12.00
# Visual Studio 15
VisualStudioVersion = 15.0.27428.2002
MinimumVisualStudioVersion = 10.0.40219.1
Project("{8BC9CEB8-8B4A-11D0-8D11-00A0C91BC942}") = "terark-fsa", "terark-fsa\terark-fsa.vcxproj", "{C5ECD2A1-C18E-4C04-B2FA-C5C6F206F5AE}"
EndProject
Project("{8BC9CEB8-8B4A-11D0-8D11-00A0C91BC942}") = "adfa_build", "adfa_build\adfa_build.vcxproj", "{C3632536-AA34-4BD6-BEA7-D2B434FC3384}"
EndProject
Project("{8BC9CEB8-8B4A-11D0-8D11-00A0C91BC942}") = "adfa_unzip", "adfa_unzip\adfa_unzip.vcxproj", "{494B5754-B25C-45CD-BD86-4BF151D3E2A8}"
EndProject
Project("{8BC9CEB8-8B4A-11D0-8D11-00A0C91BC942}") = "dawg_build", "dawg_build\dawg_build.vcxproj", "{A4F28023-FEBE-4EE7-81A6-434A26E4F6B7}"
EndProject
Project("{8BC9CEB8-8B4A-11D0-8D11-00A0C91BC942}") = "dfa_union", "dfa_union\dfa_union.vcxproj", "{AEE9F24A-0ED8-4158-B756-96F7284961E7}"
EndProject
Project("{8BC9CEB8-8B4A-11D0-8D11-00A0C91BC942}") = "kvbin_build", "kvbin_build\kvbin_build.vcxproj", "{771A21BA-41F6-4074-9FAF-F98EEE2BE430}"
EndProject
Project("{8BC9CEB8-8B4A-11D0-8D11-00A0C91BC942}") = "multi_col_db_build", "multi_col_db_build\multi_col_db_build.vcxproj", "{61DB49B9-8FBA-4593-91DB-11893EF2C52E}"
EndProject
Project("{8BC9CEB8-8B4A-11D0-8D11-00A0C91BC942}") = "pinyin_build", "pinyin_build\pinyin_build.vcxproj", "{FA8459FD-7D5F-4BCB-A2F7-710153B85F6F}"
EndProject
Project("{8BC9CEB8-8B4A-11D0-8D11-00A0C91BC942}") = "text_key_val_to_kvbin", "text_key_val_to_kvbin\text_key_val_to_kvbin.vcxproj", "{120FB60F-815D-4AFD-88CC-BF34D8D9EAA3}"
EndProject
Project("{8BC9CEB8-8B4A-11D0-8D11-00A0C91BC942}") = "lazy_union_dfa", "lazy_union_dfa\lazy_union_dfa.vcxproj", "{14064D57-3C34-4F4F-805C-C5ED839F6B49}"
EndProject
Project("{8BC9CEB8-8B4A-11D0-8D11-00A0C91BC942}") = "dfa2vm", "dfa2vm\dfa2vm.vcxproj", "{2D5DE854-C77B-41FA-802C-83C7F8E18A2E}"
EndProject
Project("{8BC9CEB8-8B4A-11D0-8D11-00A0C91BC942}") = "ddfa_stat", "ddfa_stat\ddfa_stat.vcxproj", "{08DCE0AB-A379-47F9-9709-56CD58ACF745}"
EndProject
Project("{8BC9CEB8-8B4A-11D0-8D11-00A0C91BC942}") = "regex_build", "regex_build\regex_build.vcxproj", "{BCD323EB-13E6-4E72-9BD7-6E90AE240213}"
EndProject
Project("{8BC9CEB8-8B4A-11D0-8D11-00A0C91BC942}") = "adfa_stat", "adfa_stat\adfa_stat.vcxproj", "{272760A4-54C4-4839-83FE-C5503E897C6F}"
EndProject
Project("{8BC9CEB8-8B4A-11D0-8D11-00A0C91BC942}") = "ftrie_build", "ftrie_build\ftrie_build.vcxproj", "{904A2042-DEA1-4838-95CB-81255F6FA44D}"
EndProject
Project("{8BC9CEB8-8B4A-11D0-8D11-00A0C91BC942}") = "nlt_build", "nlt_build\nlt_build.vcxproj", "{F45446E1-D16F-429C-84EC-E1F63A63A054}"
EndProject
Project("{8BC9CEB8-8B4A-11D0-8D11-00A0C91BC942}") = "zbs_build", "zbs_build\zbs_build.vcxproj", "{FD175BD6-AB96-4FAC-8FBD-3FCD82543170}"
EndProject
Project("{8BC9CEB8-8B4A-11D0-8D11-00A0C91BC942}") = "zbs_unzip", "zbs_unzip\zbs_unzip.vcxproj", "{FD3F0971-C95C-46D5-A04E-8A62396BC2EF}"
EndProject
Project("{8BC9CEB8-8B4A-11D0-8D11-00A0C91BC942}") = "fplcat", "fplcat\fplcat.vcxproj", "{2D5DE854-C77B-41FA-802C-83C7F8018A2E}"
EndProject
Project("{8BC9CEB8-8B4A-11D0-8D11-00A0C91BC942}") = "terark-core", "terark-core\terark-core.vcxproj", "{C5ECD2A9-C18E-4C04-B2F1-C5D6F236F5AE}"
EndProject
Project("{8BC9CEB8-8B4A-11D0-8D11-00A0C91BC942}") = "terark-zbs", "terark-zbs\terark-zbs.vcxproj", "{C5ECD2A1-C35E-4CE4-BEFA-C5C6F206F5AE}"
EndProject
Project("{8BC9CEB8-8B4A-11D0-8D11-00A0C91BC942}") = "ac_build", "ac_build\ac_build.vcxproj", "{5B86F1E0-6277-4D1B-898B-B9FDEE8D478B}"
EndProject
Project("{8BC9CEB8-8B4A-11D0-8D11-00A0C91BC942}") = "nlt_benchmark", "nlt_benchmark\nlt_benchmark.vcxproj", "{2D5DE854-C621-41FA-892C-83A7F8E18A2E}"
EndProject
Project("{8BC9CEB8-8B4A-11D0-8D11-00A0C91BC942}") = "zbs_stat", "zbs_stat\zbs_stat.vcxproj", "{2D5DE854-C77B-41DA-802C-83C7F9419A2E}"
EndProject
Global
	GlobalSection(SolutionConfigurationPlatforms) = preSolution
		Debug|Win32 = Debug|Win32
		Debug|x64 = Debug|x64
		MinSizeRel|Win32 = MinSizeRel|Win32
		MinSizeRel|x64 = MinSizeRel|x64
		Release|Win32 = Release|Win32
		Release|x64 = Release|x64
		RelWithDebInfo|Win32 = RelWithDebInfo|Win32
		RelWithDebInfo|x64 = RelWithDebInfo|x64
	EndGlobalSection
	GlobalSection(ProjectConfigurationPlatforms) = postSolution
		{C5ECD2A1-C18E-4C04-B2FA-C5C6F206F5AE}.Debug|Win32.ActiveCfg = Debug|Win32
		{C5ECD2A1-C18E-4C04-B2FA-C5C6F206F5AE}.Debug|Win32.Build.0 = Debug|Win32
		{C5ECD2A1-C18E-4C04-B2FA-C5C6F206F5AE}.Debug|x64.ActiveCfg = Debug|x64
		{C5ECD2A1-C18E-4C04-B2FA-C5C6F206F5AE}.Debug|x64.Build.0 = Debug|x64
		{C5ECD2A1-C18E-4C04-B2FA-C5C6F206F5AE}.MinSizeRel|Win32.ActiveCfg = Release|Win32
		{C5ECD2A1-C18E-4C04-B2FA-C5C6F206F5AE}.MinSizeRel|Win32.Build.0 = Release|Win32
		{C5ECD2A1-C18E-4C04-B2FA-C5C6F206F5AE}.MinSizeRel|x64.ActiveCfg = Release|x64
		{C5ECD2A1-C18E-4C04-B2FA-C5C6F206F5AE}.MinSizeRel|x64.Build.0 = Release|x64
		{C5ECD2A1-C18E-4C04-B2FA-C5C6F206F5AE}.Release|Win32.ActiveCfg = Release|Win32
		{C5ECD2A1-C18E-4C04-B2FA-C5C6F206F5AE}.Release|Win32.Build.0 = Release|Win32
		{C5ECD2A1-C18E-4C04-B2FA-C5C6F206F5AE}.Release|x64.ActiveCfg = Release|x64
		{C5ECD2A1-C18E-4C04-B2FA-C5C6F206F5AE}.Release|x64.Build.0 = Release|x64
		{C5ECD2A1-C18E-4C04-B2FA-C5C6F206F5AE}.RelWithDebInfo|Win32.ActiveCfg = Release|Win32
		{C5ECD2A1-C18E-4C04-B2FA-C5C6F206F5AE}.RelWithDebInfo|Win32.Build.0 = Release|Win32
		{C5ECD2A1-C18E-4C04-B2FA-C5C6F206F5AE}.RelWithDebInfo|x64.ActiveCfg = Release|x64
		{C5ECD2A1-C18E-4C04-B2FA-C5C6F206F5AE}.RelWithDebInfo|x64.Build.0 = Release|x64
		{C3632536-AA34-4BD6-BEA7-D2B434FC3384}.Debug|Win32.ActiveCfg = Debug|Win32
		{C3632536-AA34-4BD6-BEA7-D2B434FC3384}.Debug|Win32.Build.0 = Debug|Win32
		{C3632536-AA34-4BD6-BEA7-D2B434FC3384}.Debug|x64.ActiveCfg = Debug|x64
		{C3632536-AA34-4BD6-BEA7-D2B434FC3384}.Debug|x64.Build.0 = Debug|x64
		{C3632536-AA34-4BD6-BEA7-D2B434FC3384}.MinSizeRel|Win32.ActiveCfg = Release|Win32
		{C3632536-AA34-4BD6-BEA7-D2B434FC3384}.MinSizeRel|Win32.Build.0 = Release|Win32
		{C3632536-AA34-4BD6-BEA7-D2B434FC3384}.MinSizeRel|x64.ActiveCfg = Release|x64
		{C3632536-AA34-4BD6-BEA7-D2B434FC3384}.MinSizeRel|x64.Build.0 = Release|x64
		{C3632536-AA34-4BD6-BEA7-D2B434FC3384}.Release|Win32.ActiveCfg = Release|Win32
		{C3632536-AA34-4BD6-BEA7-D2B434FC3384}.Release|Win32.Build.0 = Release|Win32
		{C3632536-AA34-4BD6-BEA7-D2B434FC3384}.Release|x64.ActiveCfg = Release|x64
		{C3632536-AA34-4BD6-BEA7-D2B434FC3384}.Release|x64.Build.0 = Release|x64
		{C3632536-AA34-4BD6-BEA7-D2B434FC3384}.RelWithDebInfo|Win32.ActiveCfg = Release|Win32
		{C3632536-AA34-4BD6-BEA7-D2B434FC3384}.RelWithDebInfo|Win32.Build.0 = Release|Win32
		{C3632536-AA34-4BD6-BEA7-D2B434FC3384}.RelWithDebInfo|x64.ActiveCfg = Release|x64
		{C3632536-AA34-4BD6-BEA7-D2B434FC3384}.RelWithDebInfo|x64.Build.0 = Release|x64
		{494B5754-B25C-45CD-BD86-4BF151D3E2A8}.Debug|Win32.ActiveCfg = Debug|Win32
		{494B5754-B25C-45CD-BD86-4BF151D3E2A8}.Debug|Win32.Build.0 = Debug|Win32
		{494B5754-B25C-45CD-BD86-4BF151D3E2A8}.Debug|x64.ActiveCfg = Debug|x64
		{494B5754-B25C-45CD-BD86-4BF151D3E2A8}.Debug|x64.Build.0 = Debug|x64
		{494B5754-B25C-45CD-BD86-4BF151D3E2A8}.MinSizeRel|Win32.ActiveCfg = Release|Win32
		{494B5754-B25C-45CD-BD86-4BF151D3E2A8}.MinSizeRel|Win32.Build.0 = Release|Win32
		{494B5754-B25C-45CD-BD86-4BF151D3E2A8}.MinSizeRel|x64.ActiveCfg = Release|x64
		{494B5754-B25C-45CD-BD86-4BF151D3E2A8}.MinSizeRel|x64.Build.0 = Release|x64
		{494B5754-B25C-45CD-BD86-4BF151D3E2A8}.Release|Win32.ActiveCfg = Release|Win32
		{494B5754-B25C-45CD-BD86-4BF151D3E2A8}.Release|Win32.Build.0 = Release|Win32
		{494B5754-B25C-45CD-BD86-4BF151D3E2A8}.Release|x64.ActiveCfg = Release|x64
		{494B5754-B25C-45CD-BD86-4BF151D3E2A8}.Release|x64.Build.0 = Release|x64
		{494B5754-B25C-45CD-BD86-4BF151D3E2A8}.RelWithDebInfo|Win32.ActiveCfg = Release|Win32
		{494B5754-B25C-45CD-BD86-4BF151D3E2A8}.RelWithDebInfo|Win32.Build.0 = Release|Win32
		{494B5754-B25C-45CD-BD86-4BF151D3E2A8}.RelWithDebInfo|x64.ActiveCfg = Release|x64
		{494B5754-B25C-45CD-BD86-4BF151D3E2A8}.RelWithDebInfo|x64.Build.0 = Release|x64
		{A4F28023-FEBE-4EE7-81A6-434A26E4F6B7}.Debug|Win32.ActiveCfg = Debug|Win32
		{A4F28023-FEBE-4EE7-81A6-434A26E4F6B7}.Debug|Win32.Build.0 = Debug|Win32
		{A4F28023-FEBE-4EE7-81A6-434A26E4F6B7}.Debug|x64.ActiveCfg = Debug|x64
		{A4F28023-FEBE-4EE7-81A6-434A26E4F6B7}.Debug|x64.Build.0 = Debug|x64
		{A4F28023-FEBE-4EE7-81A6-434A26E4F6B7}.MinSizeRel|Win32.ActiveCfg = Release|Win32
		{A4F28023-FEBE-4EE7-81A6-434A26E4F6B7}.MinSizeRel|Win32.Build.0 = Release|Win32
		{A4F28023-FEBE-4EE7-81A6-434A26E4F6B7}.MinSizeRel|x64.ActiveCfg = Release|x64
		{A4F28023-FEBE-4EE7-81A6-434A26E4F6B7}.MinSizeRel|x64.Build.0 = Release|x64
		{A4F28023-FEBE-4EE7-81A6-434A26E4F6B7}.Release|Win32.ActiveCfg = Release|Win32
		{A4F28023-FEBE-4EE7-81A6-434A26E4F6B7}.Release|Win32.Build.0 = Release|Win32
		{A4F28023-FEBE-4EE7-81A6-434A26E4F6B7}.Release|x64.ActiveCfg = Release|x64
		{A4F28023-FEBE-4EE7-81A6-434A26E4F6B7}.Release|x64.Build.0 = Release|x64
		{A4F28023-FEBE-4EE7-81A6-434A26E4F6B7}.RelWithDebInfo|Win32.ActiveCfg = Release|Win32
		{A4F28023-FEBE-4EE7-81A6-434A26E4F6B7}.RelWithDebInfo|Win32.Build.0 = Release|Win32
		{A4F28023-FEBE-4EE7-81A6-434A26E4F6B7}.RelWithDebInfo|x64.ActiveCfg = Release|x64
		{A4F28023-FEBE-4EE7-81A6-434A26E4F6B7}.RelWithDebInfo|x64.Build.0 = Release|x64
		{AEE9F24A-0ED8-4158-B756-96F7284961E7}.Debug|Win32.ActiveCfg = Debug|Win32
		{AEE9F24A-0ED8-4158-B756-96F7284961E7}.Debug|Win32.Build.0 = Debug|Win32
		{AEE9F24A-0ED8-4158-B756-96F7284961E7}.Debug|x64.ActiveCfg = Debug|x64
		{AEE9F24A-0ED8-4158-B756-96F7284961E7}.Debug|x64.Build.0 = Debug|x64
		{AEE9F24A-0ED8-4158-B756-96F7284961E7}.MinSizeRel|Win32.ActiveCfg = Release|Win32
		{AEE9F24A-0ED8-4158-B756-96F7284961E7}.MinSizeRel|Win32.Build.0 = Release|Win32
		{AEE9F24A-0ED8-4158-B756-96F7284961E7}.MinSizeRel|x64.ActiveCfg = Release|x64
		{AEE9F24A-0ED8-4158-B756-96F7284961E7}.MinSizeRel|x64.Build.0 = Release|x64
		{AEE9F24A-0ED8-4158-B756-96F7284961E7}.Release|Win32.ActiveCfg = Release|Win32
		{AEE9F24A-0ED8-4158-B756-96F7284961E7}.Release|Win32.Build.0 = Release|Win32
		{AEE9F24A-0ED8-4158-B756-96F7284961E7}.Release|x64.ActiveCfg = Release|x64
		{AEE9F24A-0ED8-4158-B756-96F7284961E7}.Release|x64.Build.0 = Release|x64
		{AEE9F24A-0ED8-4158-B756-96F7284961E7}.RelWithDebInfo|Win32.ActiveCfg = Release|Win32
		{AEE9F24A-0ED8-4158-B756-96F7284961E7}.RelWithDebInfo|Win32.Build.0 = Release|Win32
		{AEE9F24A-0ED8-4158-B756-96F7284961E7}.RelWithDebInfo|x64.ActiveCfg = Release|x64
		{AEE9F24A-0ED8-4158-B756-96F7284961E7}.RelWithDebInfo|x64.Build.0 = Release|x64
		{771A21BA-41F6-4074-9FAF-F98EEE2BE430}.Debug|Win32.ActiveCfg = Debug|Win32
		{771A21BA-41F6-4074-9FAF-F98EEE2BE430}.Debug|Win32.Build.0 = Debug|Win32
		{771A21BA-41F6-4074-9FAF-F98EEE2BE430}.Debug|x64.ActiveCfg = Debug|x64
		{771A21BA-41F6-4074-9FAF-F98EEE2BE430}.Debug|x64.Build.0 = Debug|x64
		{771A21BA-41F6-4074-9FAF-F98EEE2BE430}.MinSizeRel|Win32.ActiveCfg = Release|Win32
		{771A21BA-41F6-4074-9FAF-F98EEE2BE430}.MinSizeRel|Win32.Build.0 = Release|Win32
		{771A21BA-41F6-4074-9FAF-F98EEE2BE430}.MinSizeRel|x64.ActiveCfg = Release|x64
		{771A21BA-41F6-4074-9FAF-F98EEE2BE430}.MinSizeRel|x64.Build.0 = Release|x64
		{771A21BA-41F6-4074-9FAF-F98EEE2BE430}.Release|Win32.ActiveCfg = Release|Win32
		{771A21BA-41F6-4074-9FAF-F98EEE2BE430}.Release|Win32.Build.0 = Release|Win32
		{771A21BA-41F6-4074-9FAF-F98EEE2BE430}.Release|x64.ActiveCfg = Release|x64
		{771A21BA-41F6-4074-9FAF-F98EEE2BE430}.Release|x64.Build.0 = Release|x64
		{771A21BA-41F6-4074-9FAF-F98EEE2BE430}.RelWithDebInfo|Win32.ActiveCfg = Release|Win32
		{771A21BA-41F6-4074-9FAF-F98EEE2BE430}.RelWithDebInfo|Win32.Build.0 = Release|Win32
		{771A21BA-41F6-4074-9FAF-F98EEE2BE430}.RelWithDebInfo|x64.ActiveCfg = Release|x64
		{771A21BA-41F6-4074-9FAF-F98EEE2BE430}.RelWithDebInfo|x64.Build.0 = Release|x64
		{61DB49B9-8FBA-4593-91DB-11893EF2C52E}.Debug|Win32.ActiveCfg = Debug|Win32
		{61DB49B9-8FBA-4593-91DB-11893EF2C52E}.Debug|Win32.Build.0 = Debug|Win32
		{61DB49B9-8FBA-4593-91DB-11893EF2C52E}.Debug|x64.ActiveCfg = Debug|x64
		{61DB49B9-8FBA-4593-91DB-11893EF2C52E}.Debug|x64.Build.0 = Debug|x64
		{61DB49B9-8FBA-4593-91DB-11893EF2C52E}.MinSizeRel|Win32.ActiveCfg = Release|Win32
		{61DB49B9-8FBA-4593-91DB-11893EF2C52E}.MinSizeRel|Win32.Build.0 = Release|Win32
		{61DB49B9-8FBA-4593-91DB-11893EF2C52E}.MinSizeRel|x64.ActiveCfg = Release|x64
		{61DB49B9-8FBA-4593-91DB-11893EF2C52E}.MinSizeRel|x64.Build.0 = Release|x64
		{61DB49B9-8FBA-4593-91DB-11893EF2C52E}.Release|Win32.ActiveCfg = Release|Win32
		{61DB49B9-8FBA-4593-91DB-11893EF2C52E}.Release|Win32.Build.0 = Release|Win32
		{61DB49B9-8FBA-4593-91DB-11893EF2C52E}.Release|x64.ActiveCfg = Release|x64
		{61DB49B9-8FBA-4593-91DB-11893EF2C52E}.Release|x64.Build.0 = Release|x64
		{61DB49B9-8FBA-4593-91DB-11893EF2C52E}.RelWithDebInfo|Win32.ActiveCfg = Release|Win32
		{61DB49B9-8FBA-4593-91DB-11893EF2C52E}.RelWithDebInfo|Win32.Build.0 = Release|Win32
		{61DB49B9-8FBA-4593-91DB-11893EF2C52E}.RelWithDebInfo|x64.ActiveCfg = Release|x64
		{61DB49B9-8FBA-4593-91DB-11893EF2C52E}.RelWithDebInfo|x64.Build.0 = Release|x64
		{FA8459FD-7D5F-4BCB-A2F7-710153B85F6F}.Debug|Win32.ActiveCfg = Debug|Win32
		{FA8459FD-7D5F-4BCB-A2F7-710153B85F6F}.Debug|Win32.Build.0 = Debug|Win32
		{FA8459FD-7D5F-4BCB-A2F7-710153B85F6F}.Debug|x64.ActiveCfg = Debug|x64
		{FA8459FD-7D5F-4BCB-A2F7-710153B85F6F}.Debug|x64.Build.0 = Debug|x64
		{FA8459FD-7D5F-4BCB-A2F7-710153B85F6F}.MinSizeRel|Win32.ActiveCfg = Release|Win32
		{FA8459FD-7D5F-4BCB-A2F7-710153B85F6F}.MinSizeRel|Win32.Build.0 = Release|Win32
		{FA8459FD-7D5F-4BCB-A2F7-710153B85F6F}.MinSizeRel|x64.ActiveCfg = Release|x64
		{FA8459FD-7D5F-4BCB-A2F7-710153B85F6F}.MinSizeRel|x64.Build.0 = Release|x64
		{FA8459FD-7D5F-4BCB-A2F7-710153B85F6F}.Release|Win32.ActiveCfg = Release|Win32
		{FA8459FD-7D5F-4BCB-A2F7-710153B85F6F}.Release|Win32.Build.0 = Release|Win32
		{FA8459FD-7D5F-4BCB-A2F7-710153B85F6F}.Release|x64.ActiveCfg = Release|x64
		{FA8459FD-7D5F-4BCB-A2F7-710153B85F6F}.Release|x64.Build.0 = Release|x64
		{FA8459FD-7D5F-4BCB-A2F7-710153B85F6F}.RelWithDebInfo|Win32.ActiveCfg = Release|Win32
		{FA8459FD-7D5F-4BCB-A2F7-710153B85F6F}.RelWithDebInfo|Win32.Build.0 = Release|Win32
		{FA8459FD-7D5F-4BCB-A2F7-710153B85F6F}.RelWithDebInfo|x64.ActiveCfg = Release|x64
		{FA8459FD-7D5F-4BCB-A2F7-710153B85F6F}.RelWithDebInfo|x64.Build.0 = Release|x64
		{120FB60F-815D-4AFD-88CC-BF34D8D9EAA3}.Debug|Win32.ActiveCfg = Debug|Win32
		{120FB60F-815D-4AFD-88CC-BF34D8D9EAA3}.Debug|Win32.Build.0 = Debug|Win32
		{120FB60F-815D-4AFD-88CC-BF34D8D9EAA3}.Debug|x64.ActiveCfg = Debug|x64
		{120FB60F-815D-4AFD-88CC-BF34D8D9EAA3}.Debug|x64.Build.0 = Debug|x64
		{120FB60F-815D-4AFD-88CC-BF34D8D9EAA3}.MinSizeRel|Win32.ActiveCfg = Release|Win32
		{120FB60F-815D-4AFD-88CC-BF34D8D9EAA3}.MinSizeRel|Win32.Build.0 = Release|Win32
		{120FB60F-815D-4AFD-88CC-BF34D8D9EAA3}.MinSizeRel|x64.ActiveCfg = Release|x64
		{120FB60F-815D-4AFD-88CC-BF34D8D9EAA3}.MinSizeRel|x64.Build.0 = Release|x64
		{120FB60F-815D-4AFD-88CC-BF34D8D9EAA3}.Release|Win32.ActiveCfg = Release|Win32
		{120FB60F-815D-4AFD-88CC-BF34D8D9EAA3}.Release|Win32.Build.0 = Release|Win32
		{120FB60F-815D-4AFD-88CC-BF34D8D9EAA3}.Release|x64.ActiveCfg = Release|x64
		{120FB60F-815D-4AFD-88CC-BF34D8D9EAA3}.Release|x64.Build.0 = Release|x64
		{120FB60F-815D-4AFD-88CC-BF34D8D9EAA3}.RelWithDebInfo|Win32.ActiveCfg = Release|Win32
		{120FB60F-815D-4AFD-88CC-BF34D8D9EAA3}.RelWithDebInfo|Win32.Build.0 = Release|Win32
		{120FB60F-815D-4AFD-88CC-BF34D8D9EAA3}.RelWithDebInfo|x64.ActiveCfg = Release|x64
		{120FB60F-815D-4AFD-88CC-BF34D8D9EAA3}.RelWithDebInfo|x64.Build.0 = Release|x64
		{14064D57-3C34-4F4F-805C-C5ED839F6B49}.Debug|Win32.ActiveCfg = Debug|Win32
		{14064D57-3C34-4F4F-805C-C5ED839F6B49}.Debug|Win32.Build.0 = Debug|Win32
		{14064D57-3C34-4F4F-805C-C5ED839F6B49}.Debug|x64.ActiveCfg = Debug|x64
		{14064D57-3C34-4F4F-805C-C5ED839F6B49}.Debug|x64.Build.0 = Debug|x64
		{14064D57-3C34-4F4F-805C-C5ED839F6B49}.MinSizeRel|Win32.ActiveCfg = Release|Win32
		{14064D57-3C34-4F4F-805C-C5ED839F6B49}.MinSizeRel|Win32.Build.0 = Release|Win32
		{14064D57-3C34-4F4F-805C-C5ED839F6B49}.MinSizeRel|x64.ActiveCfg = Release|x64
		{14064D57-3C34-4F4F-805C-C5ED839F6B49}.MinSizeRel|x64.Build.0 = Release|x64
		{14064D57-3C34-4F4F-805C-C5ED839F6B49}.Release|Win32.ActiveCfg = Release|Win32
		{14064D57-3C34-4F4F-805C-C5ED839F6B49}.Release|Win32.Build.0 = Release|Win32
		{14064D57-3C34-4F4F-805C-C5ED839F6B49}.Release|x64.ActiveCfg = Release|x64
		{14064D57-3C34-4F4F-805C-C5ED839F6B49}.Release|x64.Build.0 = Release|x64
		{14064D57-3C34-4F4F-805C-C5ED839F6B49}.RelWithDebInfo|Win32.ActiveCfg = Release|Win32
		{14064D57-3C34-4F4F-805C-C5ED839F6B49}.RelWithDebInfo|Win32.Build.0 = Release|Win32
		{14064D57-3C34-4F4F-805C-C5ED839F6B49}.RelWithDebInfo|x64.ActiveCfg = Release|x64
		{14064D57-3C34-4F4F-805C-C5ED839F6B49}.RelWithDebInfo|x64.Build.0 = Release|x64
		{2D5DE854-C77B-41FA-802C-83C7F8E18A2E}.Debug|Win32.ActiveCfg = Debug|Win32
		{2D5DE854-C77B-41FA-802C-83C7F8E18A2E}.Debug|Win32.Build.0 = Debug|Win32
		{2D5DE854-C77B-41FA-802C-83C7F8E18A2E}.Debug|x64.ActiveCfg = Debug|x64
		{2D5DE854-C77B-41FA-802C-83C7F8E18A2E}.Debug|x64.Build.0 = Debug|x64
		{2D5DE854-C77B-41FA-802C-83C7F8E18A2E}.MinSizeRel|Win32.ActiveCfg = Release|Win32
		{2D5DE854-C77B-41FA-802C-83C7F8E18A2E}.MinSizeRel|Win32.Build.0 = Release|Win32
		{2D5DE854-C77B-41FA-802C-83C7F8E18A2E}.MinSizeRel|x64.ActiveCfg = Release|x64
		{2D5DE854-C77B-41FA-802C-83C7F8E18A2E}.MinSizeRel|x64.Build.0 = Release|x64
		{2D5DE854-C77B-41FA-802C-83C7F8E18A2E}.Release|Win32.ActiveCfg = Release|Win32
		{2D5DE854-C77B-41FA-802C-83C7F8E18A2E}.Release|Win32.Build.0 = Release|Win32
		{2D5DE854-C77B-41FA-802C-83C7F8E18A2E}.Release|x64.ActiveCfg = Release|x64
		{2D5DE854-C77B-41FA-802C-83C7F8E18A2E}.Release|x64.Build.0 = Release|x64
		{2D5DE854-C77B-41FA-802C-83C7F8E18A2E}.RelWithDebInfo|Win32.ActiveCfg = Release|Win32
		{2D5DE854-C77B-41FA-802C-83C7F8E18A2E}.RelWithDebInfo|Win32.Build.0 = Release|Win32
		{2D5DE854-C77B-41FA-802C-83C7F8E18A2E}.RelWithDebInfo|x64.ActiveCfg = Release|x64
		{2D5DE854-C77B-41FA-802C-83C7F8E18A2E}.RelWithDebInfo|x64.Build.0 = Release|x64
		{08DCE0AB-A379-47F9-9709-56CD58ACF745}.Debug|Win32.ActiveCfg = Debug|Win32
		{08DCE0AB-A379-47F9-9709-56CD58ACF745}.Debug|Win32.Build.0 = Debug|Win32
		{08DCE0AB-A379-47F9-9709-56CD58ACF745}.Debug|x64.ActiveCfg = Debug|x64
		{08DCE0AB-A379-47F9-9709-56CD58ACF745}.Debug|x64.Build.0 = Debug|x64
		{08DCE0AB-A379-47F9-9709-56CD58ACF745}.MinSizeRel|Win32.ActiveCfg = Release|Win32
		{08DCE0AB-A379-47F9-9709-56CD58ACF745}.MinSizeRel|Win32.Build.0 = Release|Win32
		{08DCE0AB-A379-47F9-9709-56CD58ACF745}.MinSizeRel|x64.ActiveCfg = Release|x64
		{08DCE0AB-A379-47F9-9709-56CD58ACF745}.MinSizeRel|x64.Build.0 = Release|x64
		{08DCE0AB-A379-47F9-9709-56CD58ACF745}.Release|Win32.ActiveCfg = Release|Win32
		{08DCE0AB-A379-47F9-9709-56CD58ACF745}.Release|Win32.Build.0 = Release|Win32
		{08DCE0AB-A379-47F9-9709-56CD58ACF745}.Release|x64.ActiveCfg = Release|x64
		{08DCE0AB-A379-47F9-9709-56CD58ACF745}.Release|x64.Build.0 = Release|x64
		{08DCE0AB-A379-47F9-9709-56CD58ACF745}.RelWithDebInfo|Win32.ActiveCfg = Release|Win32
		{08DCE0AB-A379-47F9-9709-56CD58ACF745}.RelWithDebInfo|Win32.Build.0 = Release|Win32
		{08DCE0AB-A379-47F9-9709-56CD58ACF745}.RelWithDebInfo|x64.ActiveCfg = Release|x64
		{08DCE0AB-A379-47F9-9709-56CD58ACF745}.RelWithDebInfo|x64.Build.0 = Release|x64
		{BCD323EB-13E6-4E72-9BD7-6E90AE240213}.Debug|Win32.ActiveCfg = Debug|Win32
		{BCD323EB-13E6-4E72-9BD7-6E90AE240213}.Debug|Win32.Build.0 = Debug|Win32
		{BCD323EB-13E6-4E72-9BD7-6E90AE240213}.Debug|x64.ActiveCfg = Debug|x64
		{BCD323EB-13E6-4E72-9BD7-6E90AE240213}.Debug|x64.Build.0 = Debug|x64
		{BCD323EB-13E6-4E72-9BD7-6E90AE240213}.MinSizeRel|Win32.ActiveCfg = Release|Win32
		{BCD323EB-13E6-4E72-9BD7-6E90AE240213}.MinSizeRel|Win32.Build.0 = Release|Win32
		{BCD323EB-13E6-4E72-9BD7-6E90AE240213}.MinSizeRel|x64.ActiveCfg = Release|x64
		{BCD323EB-13E6-4E72-9BD7-6E90AE240213}.MinSizeRel|x64.Build.0 = Release|x64
		{BCD323EB-13E6-4E72-9BD7-6E90AE240213}.Release|Win32.ActiveCfg = Release|Win32
		{BCD323EB-13E6-4E72-9BD7-6E90AE240213}.Release|Win32.Build.0 = Release|Win32
		{BCD323EB-13E6-4E72-9BD7-6E90AE240213}.Release|x64.ActiveCfg = Release|x64
		{BCD323EB-13E6-4E72-9BD7-6E90AE240213}.Release|x64.Build.0 = Release|x64
		{BCD323EB-13E6-4E72-9BD7-6E90AE240213}.RelWithDebInfo|Win32.ActiveCfg = Release|Win32
		{BCD323EB-13E6-4E72-9BD7-6E90AE240213}.RelWithDebInfo|Win32.Build.0 = Release|Win32
		{BCD323EB-13E6-4E72-9BD7-6E90AE240213}.RelWithDebInfo|x64.ActiveCfg = Release|x64
		{BCD323EB-13E6-4E72-9BD7-6E90AE240213}.RelWithDebInfo|x64.Build.0 = Release|x64
		{272760A4-54C4-4839-83FE-C5503E897C6F}.Debug|Win32.ActiveCfg = Debug|Win32
		{272760A4-54C4-4839-83FE-C5503E897C6F}.Debug|Win32.Build.0 = Debug|Win32
		{272760A4-54C4-4839-83FE-C5503E897C6F}.Debug|x64.ActiveCfg = Debug|x64
		{272760A4-54C4-4839-83FE-C5503E897C6F}.Debug|x64.Build.0 = Debug|x64
		{272760A4-54C4-4839-83FE-C5503E897C6F}.MinSizeRel|Win32.ActiveCfg = Release|Win32
		{272760A4-54C4-4839-83FE-C5503E897C6F}.MinSizeRel|Win32.Build.0 = Release|Win32
		{272760A4-54C4-4839-83FE-C5503E897C6F}.MinSizeRel|x64.ActiveCfg = Release|x64
		{272760A4-54C4-4839-83FE-C5503E897C6F}.MinSizeRel|x64.Build.0 = Release|x64
		{272760A4-54C4-4839-83FE-C5503E897C6F}.Release|Win32.ActiveCfg = Release|Win32
		{272760A4-54C4-4839-83FE-C5503E897C6F}.Release|Win32.Build.0 = Release|Win32
		{272760A4-54C4-4839-83FE-C5503E897C6F}.Release|x64.ActiveCfg = Release|x64
		{272760A4-54C4-4839-83FE-C5503E897C6F}.Release|x64.Build.0 = Release|x64
		{272760A4-54C4-4839-83FE-C5503E897C6F}.RelWithDebInfo|Win32.ActiveCfg = Release|Win32
		{272760A4-54C4-4839-83FE-C5503E897C6F}.RelWithDebInfo|Win32.Build.0 = Release|Win32
		{272760A4-54C4-4839-83FE-C5503E897C6F}.RelWithDebInfo|x64.ActiveCfg = Release|x64
		{272760A4-54C4-4839-83FE-C5503E897C6F}.RelWithDebInfo|x64.Build.0 = Release|x64
		{904A2042-DEA1-4838-95CB-81255F6FA44D}.Debug|Win32.ActiveCfg = Debug|Win32
		{904A2042-DEA1-4838-95CB-81255F6FA44D}.Debug|Win32.Build.0 = Debug|Win32
		{904A2042-DEA1-4838-95CB-81255F6FA44D}.Debug|x64.ActiveCfg = Debug|x64
		{904A2042-DEA1-4838-95CB-81255F6FA44D}.Debug|x64.Build.0 = Debug|x64
		{904A2042-DEA1-4838-95CB-81255F6FA44D}.MinSizeRel|Win32.ActiveCfg = Release|Win32
		{904A2042-DEA1-4838-95CB-81255F6FA44D}.MinSizeRel|Win32.Build.0 = Release|Win32
		{904A2042-DEA1-4838-95CB-81255F6FA44D}.MinSizeRel|x64.ActiveCfg = Release|x64
		{904A2042-DEA1-4838-95CB-81255F6FA44D}.MinSizeRel|x64.Build.0 = Release|x64
		{904A2042-DEA1-4838-95CB-81255F6FA44D}.Release|Win32.ActiveCfg = Release|Win32
		{904A2042-DEA1-4838-95CB-81255F6FA44D}.Release|Win32.Build.0 = Release|Win32
		{904A2042-DEA1-4838-95CB-81255F6FA44D}.Release|x64.ActiveCfg = Release|x64
		{904A2042-DEA1-4838-95CB-81255F6FA44D}.Release|x64.Build.0 = Release|x64
		{904A2042-DEA1-4838-95CB-81255F6FA44D}.RelWithDebInfo|Win32.ActiveCfg = Release|Win32
		{904A2042-DEA1-4838-95CB-81255F6FA44D}.RelWithDebInfo|Win32.Build.0 = Release|Win32
		{904A2042-DEA1-4838-95CB-81255F6FA44D}.RelWithDebInfo|x64.ActiveCfg = Release|x64
		{904A2042-DEA1-4838-95CB-81255F6FA44D}.RelWithDebInfo|x64.Build.0 = Release|x64
		{F45446E1-D16F-429C-84EC-E1F63A63A054}.Debug|Win32.ActiveCfg = Debug|Win32
		{F45446E1-D16F-429C-84EC-E1F63A63A054}.Debug|Win32.Build.0 = Debug|Win32
		{F45446E1-D16F-429C-84EC-E1F63A63A054}.Debug|x64.ActiveCfg = Debug|x64
		{F45446E1-D16F-429C-84EC-E1F63A63A054}.Debug|x64.Build.0 = Debug|x64
		{F45446E1-D16F-429C-84EC-E1F63A63A054}.MinSizeRel|Win32.ActiveCfg = Release|Win32
		{F45446E1-D16F-429C-84EC-E1F63A63A054}.MinSizeRel|Win32.Build.0 = Release|Win32
		{F45446E1-D16F-429C-84EC-E1F63A63A054}.MinSizeRel|x64.ActiveCfg = Release|x64
		{F45446E1-D16F-429C-84EC-E1F63A63A054}.MinSizeRel|x64.Build.0 = Release|x64
		{F45446E1-D16F-429C-84EC-E1F63A63A054}.Release|Win32.ActiveCfg = Release|Win32
		{F45446E1-D16F-429C-84EC-E1F63A63A054}.Release|Win32.Build.0 = Release|Win32
		{F45446E1-D16F-429C-84EC-E1F63A63A054}.Release|x64.ActiveCfg = Release|x64
		{F45446E1-D16F-429C-84EC-E1F63A63A054}.Release|x64.Build.0 = Release|x64
		{F45446E1-D16F-429C-84EC-E1F63A63A054}.RelWithDebInfo|Win32.ActiveCfg = Release|Win32
		{F45446E1-D16F-429C-84EC-E1F63A63A054}.RelWithDebInfo|Win32.Build.0 = Release|Win32
		{F45446E1-D16F-429C-84EC-E1F63A63A054}.RelWithDebInfo|x64.ActiveCfg = Release|x64
		{F45446E1-D16F-429C-84EC-E1F63A63A054}.RelWithDebInfo|x64.Build.0 = Release|x64
		{FD175BD6-AB96-4FAC-8FBD-3FCD82543170}.Debug|Win32.ActiveCfg = Debug|Win32
		{FD175BD6-AB96-4FAC-8FBD-3FCD82543170}.Debug|Win32.Build.0 = Debug|Win32
		{FD175BD6-AB96-4FAC-8FBD-3FCD82543170}.Debug|x64.ActiveCfg = Debug|x64
		{FD175BD6-AB96-4FAC-8FBD-3FCD82543170}.Debug|x64.Build.0 = Debug|x64
		{FD175BD6-AB96-4FAC-8FBD-3FCD82543170}.MinSizeRel|Win32.ActiveCfg = Release|Win32
		{FD175BD6-AB96-4FAC-8FBD-3FCD82543170}.MinSizeRel|Win32.Build.0 = Release|Win32
		{FD175BD6-AB96-4FAC-8FBD-3FCD82543170}.MinSizeRel|x64.ActiveCfg = Release|x64
		{FD175BD6-AB96-4FAC-8FBD-3FCD82543170}.MinSizeRel|x64.Build.0 = Release|x64
		{FD175BD6-AB96-4FAC-8FBD-3FCD82543170}.Release|Win32.ActiveCfg = Release|Win32
		{FD175BD6-AB96-4FAC-8FBD-3FCD82543170}.Release|Win32.Build.0 = Release|Win32
		{FD175BD6-AB96-4FAC-8FBD-3FCD82543170}.Release|x64.ActiveCfg = Release|x64
		{FD175BD6-AB96-4FAC-8FBD-3FCD82543170}.Release|x64.Build.0 = Release|x64
		{FD175BD6-AB96-4FAC-8FBD-3FCD82543170}.RelWithDebInfo|Win32.ActiveCfg = Release|Win32
		{FD175BD6-AB96-4FAC-8FBD-3FCD82543170}.RelWithDebInfo|Win32.Build.0 = Release|Win32
		{FD175BD6-AB96-4FAC-8FBD-3FCD82543170}.RelWithDebInfo|x64.ActiveCfg = Release|x64
		{FD175BD6-AB96-4FAC-8FBD-3FCD82543170}.RelWithDebInfo|x64.Build.0 = Release|x64
		{FD3F0971-C95C-46D5-A04E-8A62396BC2EF}.Debug|Win32.ActiveCfg = Debug|Win32
		{FD3F0971-C95C-46D5-A04E-8A62396BC2EF}.Debug|Win32.Build.0 = Debug|Win32
		{FD3F0971-C95C-46D5-A04E-8A62396BC2EF}.Debug|x64.ActiveCfg = Debug|x64
		{FD3F0971-C95C-46D5-A04E-8A62396BC2EF}.Debug|x64.Build.0 = Debug|x64
		{FD3F0971-C95C-46D5-A04E-8A62396BC2EF}.MinSizeRel|Win32.ActiveCfg = Release|Win32
		{FD3F0971-C95C-46D5-A04E-8A62396BC2EF}.MinSizeRel|Win32.Build.0 = Release|Win32
		{FD3F0971-C95C-46D5-A04E-8A62396BC2EF}.MinSizeRel|x64.ActiveCfg = Release|x64
		{FD3F0971-C95C-46D5-A04E-8A62396BC2EF}.MinSizeRel|x64.Build.0 = Release|x64
		{FD3F0971-C95C-46D5-A04E-8A62396BC2EF}.Release|Win32.ActiveCfg = Release|Win32
		{FD3F0971-C95C-46D5-A04E-8A62396BC2EF}.Release|Win32.Build.0 = Release|Win32
		{FD3F0971-C95C-46D5-A04E-8A62396BC2EF}.Release|x64.ActiveCfg = Release|x64
		{FD3F0971-C95C-46D5-A04E-8A62396BC2EF}.Release|x64.Build.0 = Release|x64
		{FD3F0971-C95C-46D5-A04E-8A62396BC2EF}.RelWithDebInfo|Win32.ActiveCfg = Release|Win32
		{FD3F0971-C95C-46D5-A04E-8A62396BC2EF}.RelWithDebInfo|Win32.Build.0 = Release|Win32
		{FD3F0971-C95C-46D5-A04E-8A62396BC2EF}.RelWithDebInfo|x64.ActiveCfg = Release|x64
		{FD3F0971-C95C-46D5-A04E-8A62396BC2EF}.RelWithDebInfo|x64.Build.0 = Release|x64
		{2D5DE854-C77B-41FA-802C-83C7F8018A2E}.Debug|Win32.ActiveCfg = Debug|Win32
		{2D5DE854-C77B-41FA-802C-83C7F8018A2E}.Debug|Win32.Build.0 = Debug|Win32
		{2D5DE854-C77B-41FA-802C-83C7F8018A2E}.Debug|x64.ActiveCfg = Debug|x64
		{2D5DE854-C77B-41FA-802C-83C7F8018A2E}.Debug|x64.Build.0 = Debug|x64
		{2D5DE854-C77B-41FA-802C-83C7F8018A2E}.MinSizeRel|Win32.ActiveCfg = Release|Win32
		{2D5DE854-C77B-41FA-802C-83C7F8018A2E}.MinSizeRel|Win32.Build.0 = Release|Win32
		{2D5DE854-C77B-41FA-802C-83C7F8018A2E}.MinSizeRel|x64.ActiveCfg = Release|x64
		{2D5DE854-C77B-41FA-802C-83C7F8018A2E}.MinSizeRel|x64.Build.0 = Release|x64
		{2D5DE854-C77B-41FA-802C-83C7F8018A2E}.Release|Win32.ActiveCfg = Release|Win32
		{2D5DE854-C77B-41FA-802C-83C7F8018A2E}.Release|Win32.Build.0 = Release|Win32
		{2D5DE854-C77B-41FA-802C-83C7F8018A2E}.Release|x64.ActiveCfg = Release|x64
		{2D5DE854-C77B-41FA-802C-83C7F8018A2E}.Release|x64.Build.0 = Release|x64
		{2D5DE854-C77B-41FA-802C-83C7F8018A2E}.RelWithDebInfo|Win32.ActiveCfg = Release|Win32
		{2D5DE854-C77B-41FA-802C-83C7F8018A2E}.RelWithDebInfo|Win32.Build.0 = Release|Win32
		{2D5DE854-C77B-41FA-802C-83C7F8018A2E}.RelWithDebInfo|x64.ActiveCfg = Release|x64
		{2D5DE854-C77B-41FA-802C-83C7F8018A2E}.RelWithDebInfo|x64.Build.0 = Release|x64
		{C5ECD2A9-C18E-4C04-B2F1-C5D6F236F5AE}.Debug|Win32.ActiveCfg = Debug|Win32
		{C5ECD2A9-C18E-4C04-B2F1-C5D6F236F5AE}.Debug|Win32.Build.0 = Debug|Win32
		{C5ECD2A9-C18E-4C04-B2F1-C5D6F236F5AE}.Debug|x64.ActiveCfg = Debug|x64
		{C5ECD2A9-C18E-4C04-B2F1-C5D6F236F5AE}.Debug|x64.Build.0 = Debug|x64
		{C5ECD2A9-C18E-4C04-B2F1-C5D6F236F5AE}.MinSizeRel|Win32.ActiveCfg = Release|Win32
		{C5ECD2A9-C18E-4C04-B2F1-C5D6F236F5AE}.MinSizeRel|Win32.Build.0 = Release|Win32
		{C5ECD2A9-C18E-4C04-B2F1-C5D6F236F5AE}.MinSizeRel|x64.ActiveCfg = Release|x64
		{C5ECD2A9-C18E-4C04-B2F1-C5D6F236F5AE}.MinSizeRel|x64.Build.0 = Release|x64
		{C5ECD2A9-C18E-4C04-B2F1-C5D6F236F5AE}.Release|Win32.ActiveCfg = Release|Win32
		{C5ECD2A9-C18E-4C04-B2F1-C5D6F236F5AE}.Release|Win32.Build.0 = Release|Win32
		{C5ECD2A9-C18E-4C04-B2F1-C5D6F236F5AE}.Release|x64.ActiveCfg = Release|x64
		{C5ECD2A9-C18E-4C04-B2F1-C5D6F236F5AE}.Release|x64.Build.0 = Release|x64
		{C5ECD2A9-C18E-4C04-B2F1-C5D6F236F5AE}.RelWithDebInfo|Win32.ActiveCfg = Release|Win32
		{C5ECD2A9-C18E-4C04-B2F1-C5D6F236F5AE}.RelWithDebInfo|Win32.Build.0 = Release|Win32
		{C5ECD2A9-C18E-4C04-B2F1-C5D6F236F5AE}.RelWithDebInfo|x64.ActiveCfg = Release|x64
		{C5ECD2A9-C18E-4C04-B2F1-C5D6F236F5AE}.RelWithDebInfo|x64.Build.0 = Release|x64
		{C5ECD2A1-C35E-4CE4-BEFA-C5C6F206F5AE}.Debug|Win32.ActiveCfg = Debug|Win32
		{C5ECD2A1-C35E-4CE4-BEFA-C5C6F206F5AE}.Debug|Win32.Build.0 = Debug|Win32
		{C5ECD2A1-C35E-4CE4-BEFA-C5C6F206F5AE}.Debug|x64.ActiveCfg = Debug|x64
		{C5ECD2A1-C35E-4CE4-BEFA-C5C6F206F5AE}.Debug|x64.Build.0 = Debug|x64
		{C5ECD2A1-C35E-4CE4-BEFA-C5C6F206F5AE}.MinSizeRel|Win32.ActiveCfg = Release|Win32
		{C5ECD2A1-C35E-4CE4-BEFA-C5C6F206F5AE}.MinSizeRel|Win32.Build.0 = Release|Win32
		{C5ECD2A1-C35E-4CE4-BEFA-C5C6F206F5AE}.MinSizeRel|x64.ActiveCfg = Release|x64
		{C5ECD2A1-C35E-4CE4-BEFA-C5C6F206F5AE}.MinSizeRel|x64.Build.0 = Release|x64
		{C5ECD2A1-C35E-4CE4-BEFA-C5C6F206F5AE}.Release|Win32.ActiveCfg = Release|Win32
		{C5ECD2A1-C35E-4CE4-BEFA-C5C6F206F5AE}.Release|Win32.Build.0 = Release|Win32
		{C5ECD2A1-C35E-4CE4-BEFA-C5C6F206F5AE}.Release|x64.ActiveCfg = Release|x64
		{C5ECD2A1-C35E-4CE4-BEFA-C5C6F206F5AE}.Release|x64.Build.0 = Release|x64
		{C5ECD2A1-C35E-4CE4-BEFA-C5C6F206F5AE}.RelWithDebInfo|Win32.ActiveCfg = Release|Win32
		{C5ECD2A1-C35E-4CE4-BEFA-C5C6F206F5AE}.RelWithDebInfo|Win32.Build.0 = Release|Win32
		{C5ECD2A1-C35E-4CE4-BEFA-C5C6F206F5AE}.RelWithDebInfo|x64.ActiveCfg = Release|x64
		{C5ECD2A1-C35E-4CE4-BEFA-C5C6F206F5AE}.RelWithDebInfo|x64.Build.0 = Release|x64
		{5B86F1E0-6277-4D1B-898B-B9FDEE8D478B}.Debug|Win32.ActiveCfg = Debug|Win32
		{5B86F1E0-6277-4D1B-898B-B9FDEE8D478B}.Debug|Win32.Build.0 = Debug|Win32
		{5B86F1E0-6277-4D1B-898B-B9FDEE8D478B}.Debug|x64.ActiveCfg = Debug|x64
		{5B86F1E0-6277-4D1B-898B-B9FDEE8D478B}.Debug|x64.Build.0 = Debug|x64
		{5B86F1E0-6277-4D1B-898B-B9FDEE8D478B}.MinSizeRel|Win32.ActiveCfg = Release|Win32
		{5B86F1E0-6277-4D1B-898B-B9FDEE8D478B}.MinSizeRel|Win32.Build.0 = Release|Win32
		{5B86F1E0-6277-4D1B-898B-B9FDEE8D478B}.MinSizeRel|x64.ActiveCfg = Release|x64
		{5B86F1E0-6277-4D1B-898B-B9FDEE8D478B}.MinSizeRel|x64.Build.0 = Release|x64
		{5B86F1E0-6277-4D1B-898B-B9FDEE8D478B}.Release|Win32.ActiveCfg = Release|Win32
		{5B86F1E0-6277-4D1B-898B-B9FDEE8D478B}.Release|Win32.Build.0 = Release|Win32
		{5B86F1E0-6277-4D1B-898B-B9FDEE8D478B}.Release|x64.ActiveCfg = Release|x64
		{5B86F1E0-6277-4D1B-898B-B9FDEE8D478B}.Release|x64.Build.0 = Release|x64
		{5B86F1E0-6277-4D1B-898B-B9FDEE8D478B}.RelWithDebInfo|Win32.ActiveCfg = Release|Win32
		{5B86F1E0-6277-4D1B-898B-B9FDEE8D478B}.RelWithDebInfo|Win32.Build.0 = Release|Win32
		{5B86F1E0-6277-4D1B-898B-B9FDEE8D478B}.RelWithDebInfo|x64.ActiveCfg = Release|x64
		{5B86F1E0-6277-4D1B-898B-B9FDEE8D478B}.RelWithDebInfo|x64.Build.0 = Release|x64
		{2D5DE854-C621-41FA-892C-83A7F8E18A2E}.Debug|Win32.ActiveCfg = Debug|Win32
		{2D5DE854-C621-41FA-892C-83A7F8E18A2E}.Debug|Win32.Build.0 = Debug|Win32
		{2D5DE854-C621-41FA-892C-83A7F8E18A2E}.Debug|x64.ActiveCfg = Debug|x64
		{2D5DE854-C621-41FA-892C-83A7F8E18A2E}.Debug|x64.Build.0 = Debug|x64
		{2D5DE854-C621-41FA-892C-83A7F8E18A2E}.MinSizeRel|Win32.ActiveCfg = Release|Win32
		{2D5DE854-C621-41FA-892C-83A7F8E18A2E}.MinSizeRel|Win32.Build.0 = Release|Win32
		{2D5DE854-C621-41FA-892C-83A7F8E18A2E}.MinSizeRel|x64.ActiveCfg = Release|x64
		{2D5DE854-C621-41FA-892C-83A7F8E18A2E}.MinSizeRel|x64.Build.0 = Release|x64
		{2D5DE854-C621-41FA-892C-83A7F8E18A2E}.Release|Win32.ActiveCfg = Release|Win32
		{2D5DE854-C621-41FA-892C-83A7F8E18A2E}.Release|Win32.Build.0 = Release|Win32
		{2D5DE854-C621-41FA-892C-83A7F8E18A2E}.Release|x64.ActiveCfg = Release|x64
		{2D5DE854-C621-41FA-892C-83A7F8E18A2E}.Release|x64.Build.0 = Release|x64
		{2D5DE854-C621-41FA-892C-83A7F8E18A2E}.RelWithDebInfo|Win32.ActiveCfg = Release|Win32
		{2D5DE854-C621-41FA-892C-83A7F8E18A2E}.RelWithDebInfo|Win32.Build.0 = Release|Win32
		{2D5DE854-C621-41FA-892C-83A7F8E18A2E}.RelWithDebInfo|x64.ActiveCfg = Release|x64
		{2D5DE854-C621-41FA-892C-83A7F8E18A2E}.RelWithDebInfo|x64.Build.0 = Release|x64
		{2D5DE854-C77B-41DA-802C-83C7F9419A2E}.Debug|Win32.ActiveCfg = Debug|Win32
		{2D5DE854-C77B-41DA-802C-83C7F9419A2E}.Debug|Win32.Build.0 = Debug|Win32
		{2D5DE854-C77B-41DA-802C-83C7F9419A2E}.Debug|x64.ActiveCfg = Debug|x64
		{2D5DE854-C77B-41DA-802C-83C7F9419A2E}.Debug|x64.Build.0 = Debug|x64
		{2D5DE854-C77B-41DA-802C-83C7F9419A2E}.MinSizeRel|Win32.ActiveCfg = Release|Win32
		{2D5DE854-C77B-41DA-802C-83C7F9419A2E}.MinSizeRel|Win32.Build.0 = Release|Win32
		{2D5DE854-C77B-41DA-802C-83C7F9419A2E}.MinSizeRel|x64.ActiveCfg = Release|x64
		{2D5DE854-C77B-41DA-802C-83C7F9419A2E}.MinSizeRel|x64.Build.0 = Release|x64
		{2D5DE854-C77B-41DA-802C-83C7F9419A2E}.Release|Win32.ActiveCfg = Release|Win32
		{2D5DE854-C77B-41DA-802C-83C7F9419A2E}.Release|Win32.Build.0 = Release|Win32
		{2D5DE854-C77B-41DA-802C-83C7F9419A2E}.Release|x64.ActiveCfg = Release|x64
		{2D5DE854-C77B-41DA-802C-83C7F9419A2E}.Release|x64.Build.0 = Release|x64
		{2D5DE854-C77B-41DA-802C-83C7F9419A2E}.RelWithDebInfo|Win32.ActiveCfg = Release|Win32
		{2D5DE854-C77B-41DA-802C-83C7F9419A2E}.RelWithDebInfo|Win32.Build.0 = Release|Win32
		{2D5DE854-C77B-41DA-802C-83C7F9419A2E}.RelWithDebInfo|x64.ActiveCfg = Release|x64
		{2D5DE854-C77B-41DA-802C-83C7F9419A2E}.RelWithDebInfo|x64.Build.0 = Release|x64
	EndGlobalSection
	GlobalSection(SolutionProperties) = preSolution
		HideSolutionNode = FALSE
	EndGlobalSection
	GlobalSection(ExtensibilityGlobals) = postSolution
		SolutionGuid = {B9808CF6-16EA-4F0A-A925-68CE8E8F973C}
	EndGlobalSection
EndGlobal
