
Microsoft Visual Studio Solution File, Format Version 12.00
# Visual Studio 15
VisualStudioVersion = 15.0.27428.1
MinimumVisualStudioVersion = 10.0.40219.1
Project("{8BC9CEB8-8B4A-11D0-8D11-00A0C91BC942}") = "terark-fsa", "terark-fsa\terark-fsa.vcxproj", "{C5ECD2A1-C18E-4C04-B2FA-C5C6F206F5AE}"
EndProject
Project("{8BC9CEB8-8B4A-11D0-8D11-00A0C91BC942}") = "adfa_unzip", "adfa_unzip\adfa_unzip.vcxproj", "{494B5754-B25C-45CD-BD86-4BF151D3E2A8}"
EndProject
Project("{8BC9CEB8-8B4A-11D0-8D11-00A0C91BC942}") = "regex_build", "regex_build\regex_build.vcxproj", "{BCD323EB-13E6-4E72-9BD7-6E90AE240213}"
EndProject
Project("{8BC9CEB8-8B4A-11D0-8D11-00A0C91BC942}") = "adfa_stat", "adfa_stat\adfa_stat.vcxproj", "{272760A4-54C4-4839-83FE-C5503E897C6F}"
EndProject
Project("{8BC9CEB8-8B4A-11D0-8D11-00A0C91BC942}") = "nlt_build", "nlt_build\nlt_build.vcxproj", "{F45446E1-D16F-429C-84EC-E1F63A63A054}"
EndProject
Project("{8BC9CEB8-8B4A-11D0-8D11-00A0C91BC942}") = "zbs_build", "zbs_build\zbs_build.vcxproj", "{FD175BD6-AB96-4FAC-8FBD-3FCD82543170}"
EndProject
Project("{8BC9CEB8-8B4A-11D0-8D11-00A0C91BC942}") = "zbs_unzip", "zbs_unzip\zbs_unzip.vcxproj", "{FD3F0971-C95C-46D5-A04E-8A62396BC2EF}"
EndProject
Project("{8BC9CEB8-8B4A-11D0-8D11-00A0C91BC942}") = "terark-core", "terark-core\terark-core.vcxproj", "{C5ECD2A9-C18E-4C04-B2F1-C5D6F236F5AE}"
EndProject
Project("{8BC9CEB8-8B4A-11D0-8D11-00A0C91BC942}") = "terark-zbs", "terark-zbs\terark-zbs.vcxproj", "{C5ECD2A1-C35E-4CE4-BEFA-C5C6F206F5AE}"
EndProject
Project("{8BC9CEB8-8B4A-11D0-8D11-00A0C91BC942}") = "nlt_benchmark", "nlt_benchmark\nlt_benchmark.vcxproj", "{2D5DE854-C621-41FA-892C-83A7F8E18A2E}"
EndProject
Project("{8BC9CEB8-8B4A-11D0-8D11-00A0C91BC942}") = "zbs_stat", "zbs_stat\zbs_stat.vcxproj", "{2D5DE854-C77B-41DA-802C-83C7F9419A2E}"
EndProject
Project("{8BC9CEB8-8B4A-11D0-8D11-00A0C91BC942}") = "patricia_build", "patricia_build\patricia_build.vcxproj", "{295DC854-C87B-410A-802C-83A738E18A2E}"
EndProject
Project("{8BC9CEB8-8B4A-11D0-8D11-00A0C91BC942}") = "patricia_mw", "patricia_mw\patricia_mw.vcxproj", "{F45446E1-D16F-429C-84EC-E2F63C63A054}"
EndProject
Global
	GlobalSection(SolutionConfigurationPlatforms) = preSolution
		Debug|Win32 = Debug|Win32
		Debug|x64 = Debug|x64
		MinSizeRel|Win32 = MinSizeRel|Win32
		MinSizeRel|x64 = MinSizeRel|x64
		Release|Win32 = Release|Win32
		Release|x64 = Release|x64
		RelWithDebInfo|Win32 = RelWithDebInfo|Win32
		RelWithDebInfo|x64 = RelWithDebInfo|x64
	EndGlobalSection
	GlobalSection(ProjectConfigurationPlatforms) = postSolution
		{C5ECD2A1-C18E-4C04-B2FA-C5C6F206F5AE}.Debug|Win32.ActiveCfg = Debug|Win32
		{C5ECD2A1-C18E-4C04-B2FA-C5C6F206F5AE}.Debug|Win32.Build.0 = Debug|Win32
		{C5ECD2A1-C18E-4C04-B2FA-C5C6F206F5AE}.Debug|x64.ActiveCfg = Debug|x64
		{C5ECD2A1-C18E-4C04-B2FA-C5C6F206F5AE}.Debug|x64.Build.0 = Debug|x64
		{C5ECD2A1-C18E-4C04-B2FA-C5C6F206F5AE}.MinSizeRel|Win32.ActiveCfg = Release|Win32
		{C5ECD2A1-C18E-4C04-B2FA-C5C6F206F5AE}.MinSizeRel|Win32.Build.0 = Release|Win32
		{C5ECD2A1-C18E-4C04-B2FA-C5C6F206F5AE}.MinSizeRel|x64.ActiveCfg = Release|x64
		{C5ECD2A1-C18E-4C04-B2FA-C5C6F206F5AE}.MinSizeRel|x64.Build.0 = Release|x64
		{C5ECD2A1-C18E-4C04-B2FA-C5C6F206F5AE}.Release|Win32.ActiveCfg = Release|Win32
		{C5ECD2A1-C18E-4C04-B2FA-C5C6F206F5AE}.Release|Win32.Build.0 = Release|Win32
		{C5ECD2A1-C18E-4C04-B2FA-C5C6F206F5AE}.Release|x64.ActiveCfg = Release|x64
		{C5ECD2A1-C18E-4C04-B2FA-C5C6F206F5AE}.Release|x64.Build.0 = Release|x64
		{C5ECD2A1-C18E-4C04-B2FA-C5C6F206F5AE}.RelWithDebInfo|Win32.ActiveCfg = Release|Win32
		{C5ECD2A1-C18E-4C04-B2FA-C5C6F206F5AE}.RelWithDebInfo|Win32.Build.0 = Release|Win32
		{C5ECD2A1-C18E-4C04-B2FA-C5C6F206F5AE}.RelWithDebInfo|x64.ActiveCfg = Release|x64
		{C5ECD2A1-C18E-4C04-B2FA-C5C6F206F5AE}.RelWithDebInfo|x64.Build.0 = Release|x64
		{494B5754-B25C-45CD-BD86-4BF151D3E2A8}.Debug|Win32.ActiveCfg = Debug|Win32
		{494B5754-B25C-45CD-BD86-4BF151D3E2A8}.Debug|Win32.Build.0 = Debug|Win32
		{494B5754-B25C-45CD-BD86-4BF151D3E2A8}.Debug|x64.ActiveCfg = Debug|x64
		{494B5754-B25C-45CD-BD86-4BF151D3E2A8}.Debug|x64.Build.0 = Debug|x64
		{494B5754-B25C-45CD-BD86-4BF151D3E2A8}.MinSizeRel|Win32.ActiveCfg = Release|Win32
		{494B5754-B25C-45CD-BD86-4BF151D3E2A8}.MinSizeRel|Win32.Build.0 = Release|Win32
		{494B5754-B25C-45CD-BD86-4BF151D3E2A8}.MinSizeRel|x64.ActiveCfg = Release|x64
		{494B5754-B25C-45CD-BD86-4BF151D3E2A8}.MinSizeRel|x64.Build.0 = Release|x64
		{494B5754-B25C-45CD-BD86-4BF151D3E2A8}.Release|Win32.ActiveCfg = Release|Win32
		{494B5754-B25C-45CD-BD86-4BF151D3E2A8}.Release|Win32.Build.0 = Release|Win32
		{494B5754-B25C-45CD-BD86-4BF151D3E2A8}.Release|x64.ActiveCfg = Release|x64
		{494B5754-B25C-45CD-BD86-4BF151D3E2A8}.Release|x64.Build.0 = Release|x64
		{494B5754-B25C-45CD-BD86-4BF151D3E2A8}.RelWithDebInfo|Win32.ActiveCfg = Release|Win32
		{494B5754-B25C-45CD-BD86-4BF151D3E2A8}.RelWithDebInfo|Win32.Build.0 = Release|Win32
		{494B5754-B25C-45CD-BD86-4BF151D3E2A8}.RelWithDebInfo|x64.ActiveCfg = Release|x64
		{494B5754-B25C-45CD-BD86-4BF151D3E2A8}.RelWithDebInfo|x64.Build.0 = Release|x64
		{BCD323EB-13E6-4E72-9BD7-6E90AE240213}.Debug|Win32.ActiveCfg = Debug|Win32
		{BCD323EB-13E6-4E72-9BD7-6E90AE240213}.Debug|Win32.Build.0 = Debug|Win32
		{BCD323EB-13E6-4E72-9BD7-6E90AE240213}.Debug|x64.ActiveCfg = Debug|x64
		{BCD323EB-13E6-4E72-9BD7-6E90AE240213}.Debug|x64.Build.0 = Debug|x64
		{BCD323EB-13E6-4E72-9BD7-6E90AE240213}.MinSizeRel|Win32.ActiveCfg = Release|Win32
		{BCD323EB-13E6-4E72-9BD7-6E90AE240213}.MinSizeRel|Win32.Build.0 = Release|Win32
		{BCD323EB-13E6-4E72-9BD7-6E90AE240213}.MinSizeRel|x64.ActiveCfg = Release|x64
		{BCD323EB-13E6-4E72-9BD7-6E90AE240213}.MinSizeRel|x64.Build.0 = Release|x64
		{BCD323EB-13E6-4E72-9BD7-6E90AE240213}.Release|Win32.ActiveCfg = Release|Win32
		{BCD323EB-13E6-4E72-9BD7-6E90AE240213}.Release|Win32.Build.0 = Release|Win32
		{BCD323EB-13E6-4E72-9BD7-6E90AE240213}.Release|x64.ActiveCfg = Release|x64
		{BCD323EB-13E6-4E72-9BD7-6E90AE240213}.Release|x64.Build.0 = Release|x64
		{BCD323EB-13E6-4E72-9BD7-6E90AE240213}.RelWithDebInfo|Win32.ActiveCfg = Release|Win32
		{BCD323EB-13E6-4E72-9BD7-6E90AE240213}.RelWithDebInfo|Win32.Build.0 = Release|Win32
		{BCD323EB-13E6-4E72-9BD7-6E90AE240213}.RelWithDebInfo|x64.ActiveCfg = Release|x64
		{BCD323EB-13E6-4E72-9BD7-6E90AE240213}.RelWithDebInfo|x64.Build.0 = Release|x64
		{272760A4-54C4-4839-83FE-C5503E897C6F}.Debug|Win32.ActiveCfg = Debug|Win32
		{272760A4-54C4-4839-83FE-C5503E897C6F}.Debug|Win32.Build.0 = Debug|Win32
		{272760A4-54C4-4839-83FE-C5503E897C6F}.Debug|x64.ActiveCfg = Debug|x64
		{272760A4-54C4-4839-83FE-C5503E897C6F}.Debug|x64.Build.0 = Debug|x64
		{272760A4-54C4-4839-83FE-C5503E897C6F}.MinSizeRel|Win32.ActiveCfg = Release|Win32
		{272760A4-54C4-4839-83FE-C5503E897C6F}.MinSizeRel|Win32.Build.0 = Release|Win32
		{272760A4-54C4-4839-83FE-C5503E897C6F}.MinSizeRel|x64.ActiveCfg = Release|x64
		{272760A4-54C4-4839-83FE-C5503E897C6F}.MinSizeRel|x64.Build.0 = Release|x64
		{272760A4-54C4-4839-83FE-C5503E897C6F}.Release|Win32.ActiveCfg = Release|Win32
		{272760A4-54C4-4839-83FE-C5503E897C6F}.Release|Win32.Build.0 = Release|Win32
		{272760A4-54C4-4839-83FE-C5503E897C6F}.Release|x64.ActiveCfg = Release|x64
		{272760A4-54C4-4839-83FE-C5503E897C6F}.Release|x64.Build.0 = Release|x64
		{272760A4-54C4-4839-83FE-C5503E897C6F}.RelWithDebInfo|Win32.ActiveCfg = Release|Win32
		{272760A4-54C4-4839-83FE-C5503E897C6F}.RelWithDebInfo|Win32.Build.0 = Release|Win32
		{272760A4-54C4-4839-83FE-C5503E897C6F}.RelWithDebInfo|x64.ActiveCfg = Release|x64
		{272760A4-54C4-4839-83FE-C5503E897C6F}.RelWithDebInfo|x64.Build.0 = Release|x64
		{F45446E1-D16F-429C-84EC-E1F63A63A054}.Debug|Win32.ActiveCfg = Debug|Win32
		{F45446E1-D16F-429C-84EC-E1F63A63A054}.Debug|Win32.Build.0 = Debug|Win32
		{F45446E1-D16F-429C-84EC-E1F63A63A054}.Debug|x64.ActiveCfg = Debug|x64
		{F45446E1-D16F-429C-84EC-E1F63A63A054}.Debug|x64.Build.0 = Debug|x64
		{F45446E1-D16F-429C-84EC-E1F63A63A054}.MinSizeRel|Win32.ActiveCfg = Release|Win32
		{F45446E1-D16F-429C-84EC-E1F63A63A054}.MinSizeRel|Win32.Build.0 = Release|Win32
		{F45446E1-D16F-429C-84EC-E1F63A63A054}.MinSizeRel|x64.ActiveCfg = Release|x64
		{F45446E1-D16F-429C-84EC-E1F63A63A054}.MinSizeRel|x64.Build.0 = Release|x64
		{F45446E1-D16F-429C-84EC-E1F63A63A054}.Release|Win32.ActiveCfg = Release|Win32
		{F45446E1-D16F-429C-84EC-E1F63A63A054}.Release|Win32.Build.0 = Release|Win32
		{F45446E1-D16F-429C-84EC-E1F63A63A054}.Release|x64.ActiveCfg = Release|x64
		{F45446E1-D16F-429C-84EC-E1F63A63A054}.Release|x64.Build.0 = Release|x64
		{F45446E1-D16F-429C-84EC-E1F63A63A054}.RelWithDebInfo|Win32.ActiveCfg = Release|Win32
		{F45446E1-D16F-429C-84EC-E1F63A63A054}.RelWithDebInfo|Win32.Build.0 = Release|Win32
		{F45446E1-D16F-429C-84EC-E1F63A63A054}.RelWithDebInfo|x64.ActiveCfg = Release|x64
		{F45446E1-D16F-429C-84EC-E1F63A63A054}.RelWithDebInfo|x64.Build.0 = Release|x64
		{FD175BD6-AB96-4FAC-8FBD-3FCD82543170}.Debug|Win32.ActiveCfg = Debug|Win32
		{FD175BD6-AB96-4FAC-8FBD-3FCD82543170}.Debug|Win32.Build.0 = Debug|Win32
		{FD175BD6-AB96-4FAC-8FBD-3FCD82543170}.Debug|x64.ActiveCfg = Debug|x64
		{FD175BD6-AB96-4FAC-8FBD-3FCD82543170}.Debug|x64.Build.0 = Debug|x64
		{FD175BD6-AB96-4FAC-8FBD-3FCD82543170}.MinSizeRel|Win32.ActiveCfg = Release|Win32
		{FD175BD6-AB96-4FAC-8FBD-3FCD82543170}.MinSizeRel|Win32.Build.0 = Release|Win32
		{FD175BD6-AB96-4FAC-8FBD-3FCD82543170}.MinSizeRel|x64.ActiveCfg = Release|x64
		{FD175BD6-AB96-4FAC-8FBD-3FCD82543170}.MinSizeRel|x64.Build.0 = Release|x64
		{FD175BD6-AB96-4FAC-8FBD-3FCD82543170}.Release|Win32.ActiveCfg = Release|Win32
		{FD175BD6-AB96-4FAC-8FBD-3FCD82543170}.Release|Win32.Build.0 = Release|Win32
		{FD175BD6-AB96-4FAC-8FBD-3FCD82543170}.Release|x64.ActiveCfg = Release|x64
		{FD175BD6-AB96-4FAC-8FBD-3FCD82543170}.Release|x64.Build.0 = Release|x64
		{FD175BD6-AB96-4FAC-8FBD-3FCD82543170}.RelWithDebInfo|Win32.ActiveCfg = Release|Win32
		{FD175BD6-AB96-4FAC-8FBD-3FCD82543170}.RelWithDebInfo|Win32.Build.0 = Release|Win32
		{FD175BD6-AB96-4FAC-8FBD-3FCD82543170}.RelWithDebInfo|x64.ActiveCfg = Release|x64
		{FD175BD6-AB96-4FAC-8FBD-3FCD82543170}.RelWithDebInfo|x64.Build.0 = Release|x64
		{FD3F0971-C95C-46D5-A04E-8A62396BC2EF}.Debug|Win32.ActiveCfg = Debug|Win32
		{FD3F0971-C95C-46D5-A04E-8A62396BC2EF}.Debug|Win32.Build.0 = Debug|Win32
		{FD3F0971-C95C-46D5-A04E-8A62396BC2EF}.Debug|x64.ActiveCfg = Debug|x64
		{FD3F0971-C95C-46D5-A04E-8A62396BC2EF}.Debug|x64.Build.0 = Debug|x64
		{FD3F0971-C95C-46D5-A04E-8A62396BC2EF}.MinSizeRel|Win32.ActiveCfg = Release|Win32
		{FD3F0971-C95C-46D5-A04E-8A62396BC2EF}.MinSizeRel|Win32.Build.0 = Release|Win32
		{FD3F0971-C95C-46D5-A04E-8A62396BC2EF}.MinSizeRel|x64.ActiveCfg = Release|x64
		{FD3F0971-C95C-46D5-A04E-8A62396BC2EF}.MinSizeRel|x64.Build.0 = Release|x64
		{FD3F0971-C95C-46D5-A04E-8A62396BC2EF}.Release|Win32.ActiveCfg = Release|Win32
		{FD3F0971-C95C-46D5-A04E-8A62396BC2EF}.Release|Win32.Build.0 = Release|Win32
		{FD3F0971-C95C-46D5-A04E-8A62396BC2EF}.Release|x64.ActiveCfg = Release|x64
		{FD3F0971-C95C-46D5-A04E-8A62396BC2EF}.Release|x64.Build.0 = Release|x64
		{FD3F0971-C95C-46D5-A04E-8A62396BC2EF}.RelWithDebInfo|Win32.ActiveCfg = Release|Win32
		{FD3F0971-C95C-46D5-A04E-8A62396BC2EF}.RelWithDebInfo|Win32.Build.0 = Release|Win32
		{FD3F0971-C95C-46D5-A04E-8A62396BC2EF}.RelWithDebInfo|x64.ActiveCfg = Release|x64
		{FD3F0971-C95C-46D5-A04E-8A62396BC2EF}.RelWithDebInfo|x64.Build.0 = Release|x64
		{C5ECD2A9-C18E-4C04-B2F1-C5D6F236F5AE}.Debug|Win32.ActiveCfg = Debug|Win32
		{C5ECD2A9-C18E-4C04-B2F1-C5D6F236F5AE}.Debug|Win32.Build.0 = Debug|Win32
		{C5ECD2A9-C18E-4C04-B2F1-C5D6F236F5AE}.Debug|x64.ActiveCfg = Debug|x64
		{C5ECD2A9-C18E-4C04-B2F1-C5D6F236F5AE}.Debug|x64.Build.0 = Debug|x64
		{C5ECD2A9-C18E-4C04-B2F1-C5D6F236F5AE}.MinSizeRel|Win32.ActiveCfg = Release|Win32
		{C5ECD2A9-C18E-4C04-B2F1-C5D6F236F5AE}.MinSizeRel|Win32.Build.0 = Release|Win32
		{C5ECD2A9-C18E-4C04-B2F1-C5D6F236F5AE}.MinSizeRel|x64.ActiveCfg = Release|x64
		{C5ECD2A9-C18E-4C04-B2F1-C5D6F236F5AE}.MinSizeRel|x64.Build.0 = Release|x64
		{C5ECD2A9-C18E-4C04-B2F1-C5D6F236F5AE}.Release|Win32.ActiveCfg = Release|Win32
		{C5ECD2A9-C18E-4C04-B2F1-C5D6F236F5AE}.Release|Win32.Build.0 = Release|Win32
		{C5ECD2A9-C18E-4C04-B2F1-C5D6F236F5AE}.Release|x64.ActiveCfg = Release|x64
		{C5ECD2A9-C18E-4C04-B2F1-C5D6F236F5AE}.Release|x64.Build.0 = Release|x64
		{C5ECD2A9-C18E-4C04-B2F1-C5D6F236F5AE}.RelWithDebInfo|Win32.ActiveCfg = Release|Win32
		{C5ECD2A9-C18E-4C04-B2F1-C5D6F236F5AE}.RelWithDebInfo|Win32.Build.0 = Release|Win32
		{C5ECD2A9-C18E-4C04-B2F1-C5D6F236F5AE}.RelWithDebInfo|x64.ActiveCfg = Release|x64
		{C5ECD2A9-C18E-4C04-B2F1-C5D6F236F5AE}.RelWithDebInfo|x64.Build.0 = Release|x64
		{C5ECD2A1-C35E-4CE4-BEFA-C5C6F206F5AE}.Debug|Win32.ActiveCfg = Debug|Win32
		{C5ECD2A1-C35E-4CE4-BEFA-C5C6F206F5AE}.Debug|Win32.Build.0 = Debug|Win32
		{C5ECD2A1-C35E-4CE4-BEFA-C5C6F206F5AE}.Debug|x64.ActiveCfg = Debug|x64
		{C5ECD2A1-C35E-4CE4-BEFA-C5C6F206F5AE}.Debug|x64.Build.0 = Debug|x64
		{C5ECD2A1-C35E-4CE4-BEFA-C5C6F206F5AE}.MinSizeRel|Win32.ActiveCfg = Release|Win32
		{C5ECD2A1-C35E-4CE4-BEFA-C5C6F206F5AE}.MinSizeRel|Win32.Build.0 = Release|Win32
		{C5ECD2A1-C35E-4CE4-BEFA-C5C6F206F5AE}.MinSizeRel|x64.ActiveCfg = Release|x64
		{C5ECD2A1-C35E-4CE4-BEFA-C5C6F206F5AE}.MinSizeRel|x64.Build.0 = Release|x64
		{C5ECD2A1-C35E-4CE4-BEFA-C5C6F206F5AE}.Release|Win32.ActiveCfg = Release|Win32
		{C5ECD2A1-C35E-4CE4-BEFA-C5C6F206F5AE}.Release|Win32.Build.0 = Release|Win32
		{C5ECD2A1-C35E-4CE4-BEFA-C5C6F206F5AE}.Release|x64.ActiveCfg = Release|x64
		{C5ECD2A1-C35E-4CE4-BEFA-C5C6F206F5AE}.Release|x64.Build.0 = Release|x64
		{C5ECD2A1-C35E-4CE4-BEFA-C5C6F206F5AE}.RelWithDebInfo|Win32.ActiveCfg = Release|Win32
		{C5ECD2A1-C35E-4CE4-BEFA-C5C6F206F5AE}.RelWithDebInfo|Win32.Build.0 = Release|Win32
		{C5ECD2A1-C35E-4CE4-BEFA-C5C6F206F5AE}.RelWithDebInfo|x64.ActiveCfg = Release|x64
		{C5ECD2A1-C35E-4CE4-BEFA-C5C6F206F5AE}.RelWithDebInfo|x64.Build.0 = Release|x64
		{2D5DE854-C621-41FA-892C-83A7F8E18A2E}.Debug|Win32.ActiveCfg = Debug|Win32
		{2D5DE854-C621-41FA-892C-83A7F8E18A2E}.Debug|Win32.Build.0 = Debug|Win32
		{2D5DE854-C621-41FA-892C-83A7F8E18A2E}.Debug|x64.ActiveCfg = Debug|x64
		{2D5DE854-C621-41FA-892C-83A7F8E18A2E}.Debug|x64.Build.0 = Debug|x64
		{2D5DE854-C621-41FA-892C-83A7F8E18A2E}.MinSizeRel|Win32.ActiveCfg = Release|Win32
		{2D5DE854-C621-41FA-892C-83A7F8E18A2E}.MinSizeRel|Win32.Build.0 = Release|Win32
		{2D5DE854-C621-41FA-892C-83A7F8E18A2E}.MinSizeRel|x64.ActiveCfg = Release|x64
		{2D5DE854-C621-41FA-892C-83A7F8E18A2E}.MinSizeRel|x64.Build.0 = Release|x64
		{2D5DE854-C621-41FA-892C-83A7F8E18A2E}.Release|Win32.ActiveCfg = Release|Win32
		{2D5DE854-C621-41FA-892C-83A7F8E18A2E}.Release|Win32.Build.0 = Release|Win32
		{2D5DE854-C621-41FA-892C-83A7F8E18A2E}.Release|x64.ActiveCfg = Release|x64
		{2D5DE854-C621-41FA-892C-83A7F8E18A2E}.Release|x64.Build.0 = Release|x64
		{2D5DE854-C621-41FA-892C-83A7F8E18A2E}.RelWithDebInfo|Win32.ActiveCfg = Release|Win32
		{2D5DE854-C621-41FA-892C-83A7F8E18A2E}.RelWithDebInfo|Win32.Build.0 = Release|Win32
		{2D5DE854-C621-41FA-892C-83A7F8E18A2E}.RelWithDebInfo|x64.ActiveCfg = Release|x64
		{2D5DE854-C621-41FA-892C-83A7F8E18A2E}.RelWithDebInfo|x64.Build.0 = Release|x64
		{2D5DE854-C77B-41DA-802C-83C7F9419A2E}.Debug|Win32.ActiveCfg = Debug|Win32
		{2D5DE854-C77B-41DA-802C-83C7F9419A2E}.Debug|Win32.Build.0 = Debug|Win32
		{2D5DE854-C77B-41DA-802C-83C7F9419A2E}.Debug|x64.ActiveCfg = Debug|x64
		{2D5DE854-C77B-41DA-802C-83C7F9419A2E}.Debug|x64.Build.0 = Debug|x64
		{2D5DE854-C77B-41DA-802C-83C7F9419A2E}.MinSizeRel|Win32.ActiveCfg = Release|Win32
		{2D5DE854-C77B-41DA-802C-83C7F9419A2E}.MinSizeRel|Win32.Build.0 = Release|Win32
		{2D5DE854-C77B-41DA-802C-83C7F9419A2E}.MinSizeRel|x64.ActiveCfg = Release|x64
		{2D5DE854-C77B-41DA-802C-83C7F9419A2E}.MinSizeRel|x64.Build.0 = Release|x64
		{2D5DE854-C77B-41DA-802C-83C7F9419A2E}.Release|Win32.ActiveCfg = Release|Win32
		{2D5DE854-C77B-41DA-802C-83C7F9419A2E}.Release|Win32.Build.0 = Release|Win32
		{2D5DE854-C77B-41DA-802C-83C7F9419A2E}.Release|x64.ActiveCfg = Release|x64
		{2D5DE854-C77B-41DA-802C-83C7F9419A2E}.Release|x64.Build.0 = Release|x64
		{2D5DE854-C77B-41DA-802C-83C7F9419A2E}.RelWithDebInfo|Win32.ActiveCfg = Release|Win32
		{2D5DE854-C77B-41DA-802C-83C7F9419A2E}.RelWithDebInfo|Win32.Build.0 = Release|Win32
		{2D5DE854-C77B-41DA-802C-83C7F9419A2E}.RelWithDebInfo|x64.ActiveCfg = Release|x64
		{2D5DE854-C77B-41DA-802C-83C7F9419A2E}.RelWithDebInfo|x64.Build.0 = Release|x64
		{295DC854-C87B-410A-802C-83A738E18A2E}.Debug|Win32.ActiveCfg = Debug|Win32
		{295DC854-C87B-410A-802C-83A738E18A2E}.Debug|Win32.Build.0 = Debug|Win32
		{295DC854-C87B-410A-802C-83A738E18A2E}.Debug|x64.ActiveCfg = Debug|x64
		{295DC854-C87B-410A-802C-83A738E18A2E}.Debug|x64.Build.0 = Debug|x64
		{295DC854-C87B-410A-802C-83A738E18A2E}.MinSizeRel|Win32.ActiveCfg = Release|Win32
		{295DC854-C87B-410A-802C-83A738E18A2E}.MinSizeRel|Win32.Build.0 = Release|Win32
		{295DC854-C87B-410A-802C-83A738E18A2E}.MinSizeRel|x64.ActiveCfg = Release|x64
		{295DC854-C87B-410A-802C-83A738E18A2E}.MinSizeRel|x64.Build.0 = Release|x64
		{295DC854-C87B-410A-802C-83A738E18A2E}.Release|Win32.ActiveCfg = Release|Win32
		{295DC854-C87B-410A-802C-83A738E18A2E}.Release|Win32.Build.0 = Release|Win32
		{295DC854-C87B-410A-802C-83A738E18A2E}.Release|x64.ActiveCfg = Release|x64
		{295DC854-C87B-410A-802C-83A738E18A2E}.Release|x64.Build.0 = Release|x64
		{295DC854-C87B-410A-802C-83A738E18A2E}.RelWithDebInfo|Win32.ActiveCfg = Release|Win32
		{295DC854-C87B-410A-802C-83A738E18A2E}.RelWithDebInfo|Win32.Build.0 = Release|Win32
		{295DC854-C87B-410A-802C-83A738E18A2E}.RelWithDebInfo|x64.ActiveCfg = Release|x64
		{295DC854-C87B-410A-802C-83A738E18A2E}.RelWithDebInfo|x64.Build.0 = Release|x64
		{F45446E1-D16F-429C-84EC-E2F63C63A054}.Debug|Win32.ActiveCfg = Debug|Win32
		{F45446E1-D16F-429C-84EC-E2F63C63A054}.Debug|Win32.Build.0 = Debug|Win32
		{F45446E1-D16F-429C-84EC-E2F63C63A054}.Debug|x64.ActiveCfg = Debug|x64
		{F45446E1-D16F-429C-84EC-E2F63C63A054}.Debug|x64.Build.0 = Debug|x64
		{F45446E1-D16F-429C-84EC-E2F63C63A054}.MinSizeRel|Win32.ActiveCfg = Release|Win32
		{F45446E1-D16F-429C-84EC-E2F63C63A054}.MinSizeRel|Win32.Build.0 = Release|Win32
		{F45446E1-D16F-429C-84EC-E2F63C63A054}.MinSizeRel|x64.ActiveCfg = Release|x64
		{F45446E1-D16F-429C-84EC-E2F63C63A054}.MinSizeRel|x64.Build.0 = Release|x64
		{F45446E1-D16F-429C-84EC-E2F63C63A054}.Release|Win32.ActiveCfg = Release|Win32
		{F45446E1-D16F-429C-84EC-E2F63C63A054}.Release|Win32.Build.0 = Release|Win32
		{F45446E1-D16F-429C-84EC-E2F63C63A054}.Release|x64.ActiveCfg = Release|x64
		{F45446E1-D16F-429C-84EC-E2F63C63A054}.Release|x64.Build.0 = Release|x64
		{F45446E1-D16F-429C-84EC-E2F63C63A054}.RelWithDebInfo|Win32.ActiveCfg = Release|Win32
		{F45446E1-D16F-429C-84EC-E2F63C63A054}.RelWithDebInfo|Win32.Build.0 = Release|Win32
		{F45446E1-D16F-429C-84EC-E2F63C63A054}.RelWithDebInfo|x64.ActiveCfg = Release|x64
		{F45446E1-D16F-429C-84EC-E2F63C63A054}.RelWithDebInfo|x64.Build.0 = Release|x64
	EndGlobalSection
	GlobalSection(SolutionProperties) = preSolution
		HideSolutionNode = FALSE
	EndGlobalSection
	GlobalSection(ExtensibilityGlobals) = postSolution
		SolutionGuid = {6BBFA7D5-0DAF-4B2C-928E-4389E6ACE305}
	EndGlobalSection
EndGlobal
